Microsoft Visual Studio Solution File, Format Version 8.00
Project("{FAE04EC0-301F-11D3-BF4B-00C04F79EFBC}") = "AAFReport", "AAFReport.csproj", "{F5236134-5980-4320-85C9-DFBCF0E4A46D}"
	ProjectSection(ProjectDependencies) = postProject
	EndProjectSection
EndProject
Global
	GlobalSection(SolutionConfiguration) = preSolution
		Debug = Debug
		Release = Release
	EndGlobalSection
	GlobalSection(ProjectConfiguration) = postSolution
		{F5236134-5980-4320-85C9-DFBCF0E4A46D}.Debug.ActiveCfg = Debug|.NET
		{F5236134-5980-4320-85C9-DFBCF0E4A46D}.Debug.Build.0 = Debug|.NET
		{F5236134-5980-4320-85C9-DFBCF0E4A46D}.Release.ActiveCfg = Release|.NET
		{F5236134-5980-4320-85C9-DFBCF0E4A46D}.Release.Build.0 = Release|.NET
	EndGlobalSection
	GlobalSection(ExtensibilityGlobals) = postSolution
	EndGlobalSection
	GlobalSection(ExtensibilityAddIns) = postSolution
	EndGlobalSection
EndGlobal
