Microsoft Visual Studio Solution File, Format Version 10.00
# Visual Studio 2008
Project("{8BC9CEB8-8B4A-11D0-8D11-00A0C91BC942}") = "AAFBasicInterpolators", "ref-impl\AAFBasicInterpolators\AAFBasicInterpolators.vcproj", "{E85C65AC-7FC0-454E-AD56-2240F880F617}"
	ProjectSection(ProjectDependencies) = postProject
		{CE95CE1C-6843-4A5B-A7E8-B5ABA7905380} = {CE95CE1C-6843-4A5B-A7E8-B5ABA7905380}
		{C2B04351-DE27-4DC9-8FD6-C879575AB2BC} = {C2B04351-DE27-4DC9-8FD6-C879575AB2BC}
	EndProjectSection
EndProject
Project("{8BC9CEB8-8B4A-11D0-8D11-00A0C91BC942}") = "AAFIID", "ref-impl\aafiid\AAFIID.vcproj", "{C2B04351-DE27-4DC9-8FD6-C879575AB2BC}"
EndProject
Project("{8BC9CEB8-8B4A-11D0-8D11-00A0C91BC942}") = "AAFLIB", "ref-impl\aaflib\AAFLIB.vcproj", "{CE95CE1C-6843-4A5B-A7E8-B5ABA7905380}"
EndProject
Project("{8BC9CEB8-8B4A-11D0-8D11-00A0C91BC942}") = "AAFStandardCodecs", "ref-impl\AAFStandardCodecs\AAFStandardCodecs.vcproj", "{027CC7B6-EF01-46E3-8830-932DBCFEA9E3}"
	ProjectSection(ProjectDependencies) = postProject
		{CE95CE1C-6843-4A5B-A7E8-B5ABA7905380} = {CE95CE1C-6843-4A5B-A7E8-B5ABA7905380}
		{C2B04351-DE27-4DC9-8FD6-C879575AB2BC} = {C2B04351-DE27-4DC9-8FD6-C879575AB2BC}
		{77631A5C-537A-4176-8A2F-DC58C1808214} = {77631A5C-537A-4176-8A2F-DC58C1808214}
	EndProjectSection
EndProject
Project("{8BC9CEB8-8B4A-11D0-8D11-00A0C91BC942}") = "ComAAFInfo", "examples\com-api\ComAAFInfo\ComAAFInfo.vcproj", "{3D9893A5-C6F4-468D-8766-779CD5DE3B4C}"
	ProjectSection(ProjectDependencies) = postProject
		{08296C77-388B-42C6-BF97-B06B9796985A} = {08296C77-388B-42C6-BF97-B06B9796985A}
	EndProjectSection
EndProject
Project("{8BC9CEB8-8B4A-11D0-8D11-00A0C91BC942}") = "ComClientTestAAF", "examples\com-api\ComClientTestAAF\ComClientTestAAF.vcproj", "{ACA89223-D224-41AD-B952-50EB8963A73B}"
	ProjectSection(ProjectDependencies) = postProject
		{08296C77-388B-42C6-BF97-B06B9796985A} = {08296C77-388B-42C6-BF97-B06B9796985A}
	EndProjectSection
EndProject
Project("{8BC9CEB8-8B4A-11D0-8D11-00A0C91BC942}") = "ComCutsTestAAF", "examples\com-api\ComCutsTestAAF\ComCutsTestAAF.vcproj", "{3DEAE0D4-226F-4980-B035-7F821D329590}"
	ProjectSection(ProjectDependencies) = postProject
		{08296C77-388B-42C6-BF97-B06B9796985A} = {08296C77-388B-42C6-BF97-B06B9796985A}
	EndProjectSection
EndProject
Project("{8BC9CEB8-8B4A-11D0-8D11-00A0C91BC942}") = "ComEssenceDataTest", "examples\com-api\ComEssenceDataTest\ComEssenceDataTest.vcproj", "{4FC5990F-065C-4628-BB12-5826DC3DA3CF}"
	ProjectSection(ProjectDependencies) = postProject
		{08296C77-388B-42C6-BF97-B06B9796985A} = {08296C77-388B-42C6-BF97-B06B9796985A}
	EndProjectSection
EndProject
Project("{8BC9CEB8-8B4A-11D0-8D11-00A0C91BC942}") = "ComExtensionRead", "examples\com-api\ComExtension\ComExtensionRead.vcproj", "{C156A0C3-6CC3-4573-9F76-DA9589566CC7}"
	ProjectSection(ProjectDependencies) = postProject
		{08296C77-388B-42C6-BF97-B06B9796985A} = {08296C77-388B-42C6-BF97-B06B9796985A}
	EndProjectSection
EndProject
Project("{8BC9CEB8-8B4A-11D0-8D11-00A0C91BC942}") = "ComExtensionWrite", "examples\com-api\ComExtension\ComExtensionWrite.vcproj", "{31AEB5AE-F4D6-448C-9D2D-8F252613BF38}"
	ProjectSection(ProjectDependencies) = postProject
		{08296C77-388B-42C6-BF97-B06B9796985A} = {08296C77-388B-42C6-BF97-B06B9796985A}
	EndProjectSection
EndProject
Project("{8BC9CEB8-8B4A-11D0-8D11-00A0C91BC942}") = "ComFileKindTest", "Test\com\ComFileKindTest\ComFileKindTest.vcproj", "{D060526E-51C4-45FF-8DD5-DC71508EF274}"
	ProjectSection(ProjectDependencies) = postProject
		{08296C77-388B-42C6-BF97-B06B9796985A} = {08296C77-388B-42C6-BF97-B06B9796985A}
	EndProjectSection
EndProject
Project("{8BC9CEB8-8B4A-11D0-8D11-00A0C91BC942}") = "UTF8FileNameTest", "Test\com\UTF8FileNameTest\UTF8FileNameTest.vcproj", "{1B728387-BE7E-4536-959B-107C9C7C8BE0}"
	ProjectSection(ProjectDependencies) = postProject
		{08296C77-388B-42C6-BF97-B06B9796985A} = {08296C77-388B-42C6-BF97-B06B9796985A}
	EndProjectSection
EndProject
Project("{8BC9CEB8-8B4A-11D0-8D11-00A0C91BC942}") = "OpenExistingModify", "Test\com\OpenExistingModify\OpenExistingModify.vcproj", "{7A45AF9E-E20E-4F22-B45B-EB5E10E93612}"
	ProjectSection(ProjectDependencies) = postProject
		{08296C77-388B-42C6-BF97-B06B9796985A} = {08296C77-388B-42C6-BF97-B06B9796985A}
	EndProjectSection
EndProject
Project("{8BC9CEB8-8B4A-11D0-8D11-00A0C91BC942}") = "ScaleTest", "Test\com\ScaleTest\ScaleTest.vcproj", "{FE214977-76F6-4CF8-9365-8DDF4185CAC1}"
	ProjectSection(ProjectDependencies) = postProject
		{08296C77-388B-42C6-BF97-B06B9796985A} = {08296C77-388B-42C6-BF97-B06B9796985A}
	EndProjectSection
EndProject
Project("{8BC9CEB8-8B4A-11D0-8D11-00A0C91BC942}") = "ComModTestAAF", "Test\com\ComModTestAAF\ComModTestAAF.vcproj", "{28EABD72-1CE1-49EE-8591-29D42CF8321D}"
	ProjectSection(ProjectDependencies) = postProject
		{08296C77-388B-42C6-BF97-B06B9796985A} = {08296C77-388B-42C6-BF97-B06B9796985A}
	EndProjectSection
EndProject
Project("{8BC9CEB8-8B4A-11D0-8D11-00A0C91BC942}") = "ComPersonnelExtension", "examples\com-api\ComPersonnelExtension\ComPersonnelExtension.vcproj", "{F86C18C8-10A8-487B-BEE4-722669DFDA91}"
	ProjectSection(ProjectDependencies) = postProject
		{08296C77-388B-42C6-BF97-B06B9796985A} = {08296C77-388B-42C6-BF97-B06B9796985A}
	EndProjectSection
EndProject
Project("{8BC9CEB8-8B4A-11D0-8D11-00A0C91BC942}") = "ComPersonnelPluginWrite", "examples\com-api\ComPersonnelExtension\ComPersonnelPluginWrite.vcproj", "{D96CA683-9E8A-44D1-8E80-D0B89B02508A}"
	ProjectSection(ProjectDependencies) = postProject
		{F86C18C8-10A8-487B-BEE4-722669DFDA91} = {F86C18C8-10A8-487B-BEE4-722669DFDA91}
	EndProjectSection
EndProject
Project("{8BC9CEB8-8B4A-11D0-8D11-00A0C91BC942}") = "ComPropDirectAccess", "examples\com-api\ComPropDirectAccess\ComPropDirectAccess.vcproj", "{5D3C6921-3B34-4DA0-B32E-70BC99DF29EA}"
	ProjectSection(ProjectDependencies) = postProject
		{08296C77-388B-42C6-BF97-B06B9796985A} = {08296C77-388B-42C6-BF97-B06B9796985A}
	EndProjectSection
EndProject
Project("{8BC9CEB8-8B4A-11D0-8D11-00A0C91BC942}") = "ComPropDirectDump", "examples\com-api\ComPropDirectDump\ComPropDirectDump.vcproj", "{21FFBA4C-A88F-41C5-BD1A-6E57D920BFB3}"
	ProjectSection(ProjectDependencies) = postProject
		{08296C77-388B-42C6-BF97-B06B9796985A} = {08296C77-388B-42C6-BF97-B06B9796985A}
	EndProjectSection
EndProject
Project("{8BC9CEB8-8B4A-11D0-8D11-00A0C91BC942}") = "CreateSequence", "Test\com\CreateSequence\CreateSequence.vcproj", "{311E0D0B-5F0C-4F0C-9018-9F9CF2424EB3}"
	ProjectSection(ProjectDependencies) = postProject
		{08296C77-388B-42C6-BF97-B06B9796985A} = {08296C77-388B-42C6-BF97-B06B9796985A}
	EndProjectSection
EndProject
Project("{8BC9CEB8-8B4A-11D0-8D11-00A0C91BC942}") = "Dump", "DevUtils\Dump\dump.vcproj", "{F2589808-BFB8-4782-9139-9D37F3A12BF3}"
EndProject
Project("{8BC9CEB8-8B4A-11D0-8D11-00A0C91BC942}") = "EssenceAccess", "Test\com\EssenceAccess\EssenceAccess.vcproj", "{F129D652-882B-4BBE-AE6C-1547E36EE53B}"
	ProjectSection(ProjectDependencies) = postProject
		{08296C77-388B-42C6-BF97-B06B9796985A} = {08296C77-388B-42C6-BF97-B06B9796985A}
	EndProjectSection
EndProject
Project("{8BC9CEB8-8B4A-11D0-8D11-00A0C91BC942}") = "Everything", "Everything\Everything.vcproj", "{25FC018C-9497-49F1-AACD-45E7FEE64C50}"
	ProjectSection(ProjectDependencies) = postProject
		{F2589808-BFB8-4782-9139-9D37F3A12BF3} = {F2589808-BFB8-4782-9139-9D37F3A12BF3}
		{D7966045-2976-4F66-BB1A-727874396F84} = {D7966045-2976-4F66-BB1A-727874396F84}
		{08296C77-388B-42C6-BF97-B06B9796985A} = {08296C77-388B-42C6-BF97-B06B9796985A}
		{997DBA7B-B607-46FB-A379-222C07AB982D} = {997DBA7B-B607-46FB-A379-222C07AB982D}
		{DFBC70C9-6649-4E5E-BBC6-352D4C25D567} = {DFBC70C9-6649-4E5E-BBC6-352D4C25D567}
		{4E04FADE-804E-4DE4-AD31-370DE130092A} = {4E04FADE-804E-4DE4-AD31-370DE130092A}
	EndProjectSection
EndProject
Project("{8BC9CEB8-8B4A-11D0-8D11-00A0C91BC942}") = "ExportAudioExample", "examples\com-api\ExportAudioExample\ExportAudioExample.vcproj", "{77152584-6056-41F5-9E7E-F4B9BD54BAA6}"
	ProjectSection(ProjectDependencies) = postProject
		{08296C77-388B-42C6-BF97-B06B9796985A} = {08296C77-388B-42C6-BF97-B06B9796985A}
	EndProjectSection
EndProject
Project("{8BC9CEB8-8B4A-11D0-8D11-00A0C91BC942}") = "ExportDV", "examples\com-api\ExportDV\ExportDV.vcproj", "{8D1D943B-3AF0-489D-8795-3A274A9E5AF2}"
	ProjectSection(ProjectDependencies) = postProject
		{08296C77-388B-42C6-BF97-B06B9796985A} = {08296C77-388B-42C6-BF97-B06B9796985A}
	EndProjectSection
EndProject
Project("{8BC9CEB8-8B4A-11D0-8D11-00A0C91BC942}") = "ExportJPEG", "examples\com-api\ExportJPEG\ExportJPEG.vcproj", "{2D0D8C0F-C378-45D1-BE6F-7C58DB5B076A}"
	ProjectSection(ProjectDependencies) = postProject
		{08296C77-388B-42C6-BF97-B06B9796985A} = {08296C77-388B-42C6-BF97-B06B9796985A}
	EndProjectSection
EndProject
Project("{8BC9CEB8-8B4A-11D0-8D11-00A0C91BC942}") = "ExportPCM", "examples\com-api\ExportPCM\ExportPCM.vcproj", "{17337E7B-CED4-478E-90A7-8868EB1B4EF6}"
	ProjectSection(ProjectDependencies) = postProject
		{08296C77-388B-42C6-BF97-B06B9796985A} = {08296C77-388B-42C6-BF97-B06B9796985A}
	EndProjectSection
EndProject
Project("{8BC9CEB8-8B4A-11D0-8D11-00A0C91BC942}") = "ExportSimpleComposition", "examples\com-api\ExportSimpleComposition\ExportSimpleComposition.vcproj", "{DADE6468-05E9-4D5F-ABAA-E3585A70B7C5}"
	ProjectSection(ProjectDependencies) = postProject
		{08296C77-388B-42C6-BF97-B06B9796985A} = {08296C77-388B-42C6-BF97-B06B9796985A}
	EndProjectSection
EndProject
Project("{8BC9CEB8-8B4A-11D0-8D11-00A0C91BC942}") = "Impl", "ref-impl\Impl\Impl.vcproj", "{207BF6A4-EAA1-4F59-8C37-B47FA33982A9}"
	ProjectSection(ProjectDependencies) = postProject
		{91A8AD5A-7DA4-4E09-BEC1-2A9139831A1F} = {91A8AD5A-7DA4-4E09-BEC1-2A9139831A1F}
	EndProjectSection
EndProject
Project("{8BC9CEB8-8B4A-11D0-8D11-00A0C91BC942}") = "ImportAudioExample", "examples\com-api\ImportAudioExample\ImportAudioExample.vcproj", "{C04C6E3D-3E09-492D-8577-2BEF55810C5A}"
	ProjectSection(ProjectDependencies) = postProject
		{08296C77-388B-42C6-BF97-B06B9796985A} = {08296C77-388B-42C6-BF97-B06B9796985A}
	EndProjectSection
EndProject
Project("{8BC9CEB8-8B4A-11D0-8D11-00A0C91BC942}") = "ImportDV", "examples\com-api\ImportDV\ImportDV.vcproj", "{F2197337-ABA4-4613-9611-F9469E5EAFAE}"
	ProjectSection(ProjectDependencies) = postProject
		{08296C77-388B-42C6-BF97-B06B9796985A} = {08296C77-388B-42C6-BF97-B06B9796985A}
	EndProjectSection
EndProject
Project("{8BC9CEB8-8B4A-11D0-8D11-00A0C91BC942}") = "ImportJPEG", "examples\com-api\ImportJPEG\ImportJPEG.vcproj", "{52717538-1202-456B-87F9-46221B1422A8}"
	ProjectSection(ProjectDependencies) = postProject
		{08296C77-388B-42C6-BF97-B06B9796985A} = {08296C77-388B-42C6-BF97-B06B9796985A}
	EndProjectSection
EndProject
Project("{8BC9CEB8-8B4A-11D0-8D11-00A0C91BC942}") = "ImportPCM", "examples\com-api\ImportPCM\ImportPCM.vcproj", "{6C9E0B31-E16D-46A5-B590-55E314441A8F}"
	ProjectSection(ProjectDependencies) = postProject
		{08296C77-388B-42C6-BF97-B06B9796985A} = {08296C77-388B-42C6-BF97-B06B9796985A}
	EndProjectSection
EndProject
Project("{8BC9CEB8-8B4A-11D0-8D11-00A0C91BC942}") = "InfoDumper", "examples\com-api\InfoDumper\InfoDumper.vcproj", "{B58E49CE-6203-4C99-9C81-A0D8E942E3F7}"
	ProjectSection(ProjectDependencies) = postProject
		{08296C77-388B-42C6-BF97-B06B9796985A} = {08296C77-388B-42C6-BF97-B06B9796985A}
	EndProjectSection
EndProject
Project("{8BC9CEB8-8B4A-11D0-8D11-00A0C91BC942}") = "MakeSDK", "MakeSDK.vcproj", "{08296C77-388B-42C6-BF97-B06B9796985A}"
	ProjectSection(ProjectDependencies) = postProject
		{CE95CE1C-6843-4A5B-A7E8-B5ABA7905380} = {CE95CE1C-6843-4A5B-A7E8-B5ABA7905380}
		{C2B04351-DE27-4DC9-8FD6-C879575AB2BC} = {C2B04351-DE27-4DC9-8FD6-C879575AB2BC}
		{91A8AD5A-7DA4-4E09-BEC1-2A9139831A1F} = {91A8AD5A-7DA4-4E09-BEC1-2A9139831A1F}
		{207BF6A4-EAA1-4F59-8C37-B47FA33982A9} = {207BF6A4-EAA1-4F59-8C37-B47FA33982A9}
		{E85C65AC-7FC0-454E-AD56-2240F880F617} = {E85C65AC-7FC0-454E-AD56-2240F880F617}
		{16BC85B5-FE23-43DC-8B37-9846B8907BE7} = {16BC85B5-FE23-43DC-8B37-9846B8907BE7}
		{027CC7B6-EF01-46E3-8830-932DBCFEA9E3} = {027CC7B6-EF01-46E3-8830-932DBCFEA9E3}
	EndProjectSection
EndProject
Project("{8BC9CEB8-8B4A-11D0-8D11-00A0C91BC942}") = "MakeSDKExamples", "MakeSDKExamples.vcproj", "{4E04FADE-804E-4DE4-AD31-370DE130092A}"
	ProjectSection(ProjectDependencies) = postProject
		{311E0D0B-5F0C-4F0C-9018-9F9CF2424EB3} = {311E0D0B-5F0C-4F0C-9018-9F9CF2424EB3}
		{2D0D8C0F-C378-45D1-BE6F-7C58DB5B076A} = {2D0D8C0F-C378-45D1-BE6F-7C58DB5B076A}
		{4FC5990F-065C-4628-BB12-5826DC3DA3CF} = {4FC5990F-065C-4628-BB12-5826DC3DA3CF}
		{9D603D1F-09A9-433E-9655-CDA81BA77222} = {9D603D1F-09A9-433E-9655-CDA81BA77222}
		{5D3C6921-3B34-4DA0-B32E-70BC99DF29EA} = {5D3C6921-3B34-4DA0-B32E-70BC99DF29EA}
		{ACA89223-D224-41AD-B952-50EB8963A73B} = {ACA89223-D224-41AD-B952-50EB8963A73B}
		{6C9E0B31-E16D-46A5-B590-55E314441A8F} = {6C9E0B31-E16D-46A5-B590-55E314441A8F}
		{F2197337-ABA4-4613-9611-F9469E5EAFAE} = {F2197337-ABA4-4613-9611-F9469E5EAFAE}
		{52717538-1202-456B-87F9-46221B1422A8} = {52717538-1202-456B-87F9-46221B1422A8}
		{8D1D943B-3AF0-489D-8795-3A274A9E5AF2} = {8D1D943B-3AF0-489D-8795-3A274A9E5AF2}
		{00180A3D-76DA-4941-8F47-0CC47A757902} = {00180A3D-76DA-4941-8F47-0CC47A757902}
		{C04C6E3D-3E09-492D-8577-2BEF55810C5A} = {C04C6E3D-3E09-492D-8577-2BEF55810C5A}
		{21FFBA4C-A88F-41C5-BD1A-6E57D920BFB3} = {21FFBA4C-A88F-41C5-BD1A-6E57D920BFB3}
		{F129D652-882B-4BBE-AE6C-1547E36EE53B} = {F129D652-882B-4BBE-AE6C-1547E36EE53B}
		{DADE6468-05E9-4D5F-ABAA-E3585A70B7C5} = {DADE6468-05E9-4D5F-ABAA-E3585A70B7C5}
		{D060526E-51C4-45FF-8DD5-DC71508EF274} = {D060526E-51C4-45FF-8DD5-DC71508EF274}
		{28EABD72-1CE1-49EE-8591-29D42CF8321D} = {28EABD72-1CE1-49EE-8591-29D42CF8321D}
		{FE214977-76F6-4CF8-9365-8DDF4185CAC1} = {FE214977-76F6-4CF8-9365-8DDF4185CAC1}
		{08296C77-388B-42C6-BF97-B06B9796985A} = {08296C77-388B-42C6-BF97-B06B9796985A}
		{3367DC7A-7520-42D2-9734-38265B43E525} = {3367DC7A-7520-42D2-9734-38265B43E525}
		{17337E7B-CED4-478E-90A7-8868EB1B4EF6} = {17337E7B-CED4-478E-90A7-8868EB1B4EF6}
		{D96CA683-9E8A-44D1-8E80-D0B89B02508A} = {D96CA683-9E8A-44D1-8E80-D0B89B02508A}
		{77152584-6056-41F5-9E7E-F4B9BD54BAA6} = {77152584-6056-41F5-9E7E-F4B9BD54BAA6}
		{1B728387-BE7E-4536-959B-107C9C7C8BE0} = {1B728387-BE7E-4536-959B-107C9C7C8BE0}
		{7A45AF9E-E20E-4F22-B45B-EB5E10E93612} = {7A45AF9E-E20E-4F22-B45B-EB5E10E93612}
		{3D9893A5-C6F4-468D-8766-779CD5DE3B4C} = {3D9893A5-C6F4-468D-8766-779CD5DE3B4C}
		{E85C65AC-7FC0-454E-AD56-2240F880F617} = {E85C65AC-7FC0-454E-AD56-2240F880F617}
		{31AEB5AE-F4D6-448C-9D2D-8F252613BF38} = {31AEB5AE-F4D6-448C-9D2D-8F252613BF38}
		{027CC7B6-EF01-46E3-8830-932DBCFEA9E3} = {027CC7B6-EF01-46E3-8830-932DBCFEA9E3}
		{C156A0C3-6CC3-4573-9F76-DA9589566CC7} = {C156A0C3-6CC3-4573-9F76-DA9589566CC7}
		{F86C18C8-10A8-487B-BEE4-722669DFDA91} = {F86C18C8-10A8-487B-BEE4-722669DFDA91}
		{B58E49CE-6203-4C99-9C81-A0D8E942E3F7} = {B58E49CE-6203-4C99-9C81-A0D8E942E3F7}
		{3DEAE0D4-226F-4980-B035-7F821D329590} = {3DEAE0D4-226F-4980-B035-7F821D329590}
		{EE337AFA-135C-4F49-ABFF-FC2F8FB424A2} = {EE337AFA-135C-4F49-ABFF-FC2F8FB424A2}
	EndProjectSection
EndProject
Project("{8BC9CEB8-8B4A-11D0-8D11-00A0C91BC942}") = "MakeSDKExamples2", "MakeSDKExamples2.vcproj", "{D7966045-2976-4F66-BB1A-727874396F84}"
	ProjectSection(ProjectDependencies) = postProject
		{1F432607-DC4C-4991-88F4-FFB538859728} = {1F432607-DC4C-4991-88F4-FFB538859728}
		{E1CBE60F-85F0-4C39-85B7-EAB93499A145} = {E1CBE60F-85F0-4C39-85B7-EAB93499A145}
		{AEFFCA1F-1D3C-4A9B-B85B-EA567170D481} = {AEFFCA1F-1D3C-4A9B-B85B-EA567170D481}
		{3304C37D-E096-464E-AA11-2CB0BA192C9C} = {3304C37D-E096-464E-AA11-2CB0BA192C9C}
		{A939A0C1-13F8-461C-8AE2-8FA95B43145B} = {A939A0C1-13F8-461C-8AE2-8FA95B43145B}
		{41364CC6-7B6D-4818-A85B-1813D29C5D31} = {41364CC6-7B6D-4818-A85B-1813D29C5D31}
	EndProjectSection
EndProject
Project("{8BC9CEB8-8B4A-11D0-8D11-00A0C91BC942}") = "MakeSDKUtilities", "MakeSDKUtilities.vcproj", "{DFBC70C9-6649-4E5E-BBC6-352D4C25D567}"
	ProjectSection(ProjectDependencies) = postProject
		{F065E737-3746-46B3-BAE6-F2279CA650C4} = {F065E737-3746-46B3-BAE6-F2279CA650C4}
		{4B2EF437-5B81-4FB8-91A7-375F0DDDDE94} = {4B2EF437-5B81-4FB8-91A7-375F0DDDDE94}
		{AC4FE243-C5AD-4CBA-9A08-DFD2927E49B4} = {AC4FE243-C5AD-4CBA-9A08-DFD2927E49B4}
		{08296C77-388B-42C6-BF97-B06B9796985A} = {08296C77-388B-42C6-BF97-B06B9796985A}
		{BBB2599F-612A-40ED-A8A4-6149847A77C7} = {BBB2599F-612A-40ED-A8A4-6149847A77C7}
		{A1B1B6A3-8E12-4386-B27D-C7D939A9B7ED} = {A1B1B6A3-8E12-4386-B27D-C7D939A9B7ED}
		{161A7BE3-BFAB-4448-A9BD-46041B60B8E2} = {161A7BE3-BFAB-4448-A9BD-46041B60B8E2}
		{719D16ED-CAAD-46FE-B4D7-A78D75FF4B15} = {719D16ED-CAAD-46FE-B4D7-A78D75FF4B15}
	EndProjectSection
EndProject
Project("{8BC9CEB8-8B4A-11D0-8D11-00A0C91BC942}") = "MultiGenTest", "Test\com\MultiGenTest\MultiGenTest.vcproj", "{9D603D1F-09A9-433E-9655-CDA81BA77222}"
	ProjectSection(ProjectDependencies) = postProject
		{08296C77-388B-42C6-BF97-B06B9796985A} = {08296C77-388B-42C6-BF97-B06B9796985A}
	EndProjectSection
EndProject
Project("{8BC9CEB8-8B4A-11D0-8D11-00A0C91BC942}") = "OM", "ref-impl\Om\Om.vcproj", "{91A8AD5A-7DA4-4E09-BEC1-2A9139831A1F}"
EndProject
Project("{8BC9CEB8-8B4A-11D0-8D11-00A0C91BC942}") = "aaf2dot", "Utilities\aafviewer\aaf2dot\aaf2dot.vcproj", "{BBB2599F-612A-40ED-A8A4-6149847A77C7}"
	ProjectSection(ProjectDependencies) = postProject
		{08296C77-388B-42C6-BF97-B06B9796985A} = {08296C77-388B-42C6-BF97-B06B9796985A}
		{41364CC6-7B6D-4818-A85B-1813D29C5D31} = {41364CC6-7B6D-4818-A85B-1813D29C5D31}
	EndProjectSection
EndProject
Project("{8BC9CEB8-8B4A-11D0-8D11-00A0C91BC942}") = "aafdump", "Utilities\aafdump\aafdump.vcproj", "{AC4FE243-C5AD-4CBA-9A08-DFD2927E49B4}"
EndProject
Project("{8BC9CEB8-8B4A-11D0-8D11-00A0C91BC942}") = "aafextract", "Utilities\aafextract\aafextract.vcproj", "{4B2EF437-5B81-4FB8-91A7-375F0DDDDE94}"
	ProjectSection(ProjectDependencies) = postProject
		{08296C77-388B-42C6-BF97-B06B9796985A} = {08296C77-388B-42C6-BF97-B06B9796985A}
	EndProjectSection
EndProject
Project("{8BC9CEB8-8B4A-11D0-8D11-00A0C91BC942}") = "aafmeta2dot", "Utilities\aafviewer\aafmeta2dot\aafmeta2dot.vcproj", "{161A7BE3-BFAB-4448-A9BD-46041B60B8E2}"
	ProjectSection(ProjectDependencies) = postProject
		{08296C77-388B-42C6-BF97-B06B9796985A} = {08296C77-388B-42C6-BF97-B06B9796985A}
		{41364CC6-7B6D-4818-A85B-1813D29C5D31} = {41364CC6-7B6D-4818-A85B-1813D29C5D31}
	EndProjectSection
EndProject
Project("{8BC9CEB8-8B4A-11D0-8D11-00A0C91BC942}") = "axDump", "examples2\axDump\axDump.vcproj", "{1F432607-DC4C-4991-88F4-FFB538859728}"
	ProjectSection(ProjectDependencies) = postProject
		{08296C77-388B-42C6-BF97-B06B9796985A} = {08296C77-388B-42C6-BF97-B06B9796985A}
		{41364CC6-7B6D-4818-A85B-1813D29C5D31} = {41364CC6-7B6D-4818-A85B-1813D29C5D31}
	EndProjectSection
EndProject
Project("{8BC9CEB8-8B4A-11D0-8D11-00A0C91BC942}") = "axExample", "examples2\axExample\axExample.vcproj", "{A939A0C1-13F8-461C-8AE2-8FA95B43145B}"
	ProjectSection(ProjectDependencies) = postProject
		{08296C77-388B-42C6-BF97-B06B9796985A} = {08296C77-388B-42C6-BF97-B06B9796985A}
		{41364CC6-7B6D-4818-A85B-1813D29C5D31} = {41364CC6-7B6D-4818-A85B-1813D29C5D31}
	EndProjectSection
EndProject
Project("{8BC9CEB8-8B4A-11D0-8D11-00A0C91BC942}") = "axFileGen", "examples2\axFileGen\axFileGen.vcproj", "{AEFFCA1F-1D3C-4A9B-B85B-EA567170D481}"
	ProjectSection(ProjectDependencies) = postProject
		{08296C77-388B-42C6-BF97-B06B9796985A} = {08296C77-388B-42C6-BF97-B06B9796985A}
		{41364CC6-7B6D-4818-A85B-1813D29C5D31} = {41364CC6-7B6D-4818-A85B-1813D29C5D31}
	EndProjectSection
EndProject
Project("{8BC9CEB8-8B4A-11D0-8D11-00A0C91BC942}") = "axHrMap", "examples2\axHrMap\axHrMap.vcproj", "{17B5D8B4-BADF-4E0E-98B9-579CC8589B08}"
	ProjectSection(ProjectDependencies) = postProject
		{08296C77-388B-42C6-BF97-B06B9796985A} = {08296C77-388B-42C6-BF97-B06B9796985A}
		{41364CC6-7B6D-4818-A85B-1813D29C5D31} = {41364CC6-7B6D-4818-A85B-1813D29C5D31}
	EndProjectSection
EndProject
Project("{8BC9CEB8-8B4A-11D0-8D11-00A0C91BC942}") = "axLib", "examples2\axLib\axLib.vcproj", "{41364CC6-7B6D-4818-A85B-1813D29C5D31}"
	ProjectSection(ProjectDependencies) = postProject
		{08296C77-388B-42C6-BF97-B06B9796985A} = {08296C77-388B-42C6-BF97-B06B9796985A}
	EndProjectSection
EndProject
Project("{8BC9CEB8-8B4A-11D0-8D11-00A0C91BC942}") = "axMasterMobEx", "examples2\axMasterMobEx\axMasterMobEx.vcproj", "{3304C37D-E096-464E-AA11-2CB0BA192C9C}"
	ProjectSection(ProjectDependencies) = postProject
		{08296C77-388B-42C6-BF97-B06B9796985A} = {08296C77-388B-42C6-BF97-B06B9796985A}
		{41364CC6-7B6D-4818-A85B-1813D29C5D31} = {41364CC6-7B6D-4818-A85B-1813D29C5D31}
	EndProjectSection
EndProject
Project("{8BC9CEB8-8B4A-11D0-8D11-00A0C91BC942}") = "axPlugin", "examples2\axPlugin\axPlugin.vcproj", "{A1B4EF6F-1EF5-4958-8FF3-BBE24625ED0B}"
	ProjectSection(ProjectDependencies) = postProject
		{08296C77-388B-42C6-BF97-B06B9796985A} = {08296C77-388B-42C6-BF97-B06B9796985A}
		{41364CC6-7B6D-4818-A85B-1813D29C5D31} = {41364CC6-7B6D-4818-A85B-1813D29C5D31}
	EndProjectSection
EndProject
Project("{8BC9CEB8-8B4A-11D0-8D11-00A0C91BC942}") = "axPluginInfo", "examples2\axPluginInfo\axPluginInfo.vcproj", "{E1CBE60F-85F0-4C39-85B7-EAB93499A145}"
	ProjectSection(ProjectDependencies) = postProject
		{08296C77-388B-42C6-BF97-B06B9796985A} = {08296C77-388B-42C6-BF97-B06B9796985A}
		{41364CC6-7B6D-4818-A85B-1813D29C5D31} = {41364CC6-7B6D-4818-A85B-1813D29C5D31}
	EndProjectSection
EndProject
Project("{8BC9CEB8-8B4A-11D0-8D11-00A0C91BC942}") = "comapi", "ref-impl\comapi\comapi.vcproj", "{16BC85B5-FE23-43DC-8B37-9846B8907BE7}"
	ProjectSection(ProjectDependencies) = postProject
		{91A8AD5A-7DA4-4E09-BEC1-2A9139831A1F} = {91A8AD5A-7DA4-4E09-BEC1-2A9139831A1F}
		{207BF6A4-EAA1-4F59-8C37-B47FA33982A9} = {207BF6A4-EAA1-4F59-8C37-B47FA33982A9}
		{3507FFD1-F7FF-4B71-A58F-CBBB744555C0} = {3507FFD1-F7FF-4B71-A58F-CBBB744555C0}
	EndProjectSection
EndProject
Project("{8BC9CEB8-8B4A-11D0-8D11-00A0C91BC942}") = "eli2aaf", "Utilities\eli2aaf\eli2aaf.vcproj", "{A1B1B6A3-8E12-4386-B27D-C7D939A9B7ED}"
	ProjectSection(ProjectDependencies) = postProject
		{08296C77-388B-42C6-BF97-B06B9796985A} = {08296C77-388B-42C6-BF97-B06B9796985A}
		{41364CC6-7B6D-4818-A85B-1813D29C5D31} = {41364CC6-7B6D-4818-A85B-1813D29C5D31}
	EndProjectSection
EndProject
Project("{8BC9CEB8-8B4A-11D0-8D11-00A0C91BC942}") = "libjpeg", "ref-impl\libjpeg\libjpeg.vcproj", "{77631A5C-537A-4176-8A2F-DC58C1808214}"
EndProject
Project("{8BC9CEB8-8B4A-11D0-8D11-00A0C91BC942}") = "ResultToTextTest", "Test\com\ResultToTextTest\ResultToTextTest.vcproj", "{EE337AFA-135C-4F49-ABFF-FC2F8FB424A2}"
	ProjectSection(ProjectDependencies) = postProject
		{08296C77-388B-42C6-BF97-B06B9796985A} = {08296C77-388B-42C6-BF97-B06B9796985A}
	EndProjectSection
EndProject
Project("{8BC9CEB8-8B4A-11D0-8D11-00A0C91BC942}") = "expat", "ref-impl\expat\expat.vcproj", "{3507FFD1-F7FF-4B71-A58F-CBBB744555C0}"
EndProject
Project("{8BC9CEB8-8B4A-11D0-8D11-00A0C91BC942}") = "XMLStoredFormat", "Test\com\XMLStoredFormat\XMLStoredFormat.vcproj", "{3367DC7A-7520-42D2-9734-38265B43E525}"
	ProjectSection(ProjectDependencies) = postProject
		{08296C77-388B-42C6-BF97-B06B9796985A} = {08296C77-388B-42C6-BF97-B06B9796985A}
	EndProjectSection
EndProject
Project("{8BC9CEB8-8B4A-11D0-8D11-00A0C91BC942}") = "MetaModelVerification", "Test\com\MetaModelVerification\MetaModelVerification.vcproj", "{A6218883-57B0-4346-8E96-0F679D6DC2CA}"
	ProjectSection(ProjectDependencies) = postProject
		{08296C77-388B-42C6-BF97-B06B9796985A} = {08296C77-388B-42C6-BF97-B06B9796985A}
	EndProjectSection
EndProject
Project("{8BC9CEB8-8B4A-11D0-8D11-00A0C91BC942}") = "ExportVC3", "examples\com-api\ExportVC3\ExportVC3.vcproj", "{4F2575F8-D611-4DA2-ADA2-056D54E5E57F}"
	ProjectSection(ProjectDependencies) = postProject
		{08296C77-388B-42C6-BF97-B06B9796985A} = {08296C77-388B-42C6-BF97-B06B9796985A}
	EndProjectSection
EndProject
Project("{8BC9CEB8-8B4A-11D0-8D11-00A0C91BC942}") = "ImportVC3", "examples\com-api\ImportVC3\ImportVC3.vcproj", "{B06D9BF2-E979-40A8-BBA7-3F8C41774ABD}"
	ProjectSection(ProjectDependencies) = postProject
		{08296C77-388B-42C6-BF97-B06B9796985A} = {08296C77-388B-42C6-BF97-B06B9796985A}
	EndProjectSection
EndProject
Project("{8BC9CEB8-8B4A-11D0-8D11-00A0C91BC942}") = "ExportAS05Effects", "examples\com-api\ExportAS05Effects\ExportAS05Effects.vcproj", "{00180A3D-76DA-4941-8F47-0CC47A757902}"
EndProject
Project("{8BC9CEB8-8B4A-11D0-8D11-00A0C91BC942}") = "mxfdump", "DevUtils\MXFDump\mxfdump.vcproj", "{997DBA7B-B607-46FB-A379-222C07AB982D}"
EndProject
Project("{8BC9CEB8-8B4A-11D0-8D11-00A0C91BC942}") = "aafembed", "Utilities\aafembed\aafembed.vcproj", "{719D16ED-CAAD-46FE-B4D7-A78D75FF4B15}"
EndProject
Project("{8BC9CEB8-8B4A-11D0-8D11-00A0C91BC942}") = "aaffmtconv", "Utilities\aaffmtconv\aaffmtconv.vcproj", "{F065E737-3746-46B3-BAE6-F2279CA650C4}"
EndProject
Global
	GlobalSection(SolutionConfigurationPlatforms) = preSolution
		Debug|Win32 = Debug|Win32
		Release|Win32 = Release|Win32
	EndGlobalSection
	GlobalSection(ProjectConfigurationPlatforms) = postSolution
		{E85C65AC-7FC0-454E-AD56-2240F880F617}.Debug|Win32.ActiveCfg = Debug|Win32
		{E85C65AC-7FC0-454E-AD56-2240F880F617}.Debug|Win32.Build.0 = Debug|Win32
		{E85C65AC-7FC0-454E-AD56-2240F880F617}.Release|Win32.ActiveCfg = Release|Win32
		{E85C65AC-7FC0-454E-AD56-2240F880F617}.Release|Win32.Build.0 = Release|Win32
		{C2B04351-DE27-4DC9-8FD6-C879575AB2BC}.Debug|Win32.ActiveCfg = Debug|Win32
		{C2B04351-DE27-4DC9-8FD6-C879575AB2BC}.Debug|Win32.Build.0 = Debug|Win32
		{C2B04351-DE27-4DC9-8FD6-C879575AB2BC}.Release|Win32.ActiveCfg = Release|Win32
		{C2B04351-DE27-4DC9-8FD6-C879575AB2BC}.Release|Win32.Build.0 = Release|Win32
		{CE95CE1C-6843-4A5B-A7E8-B5ABA7905380}.Debug|Win32.ActiveCfg = Debug|Win32
		{CE95CE1C-6843-4A5B-A7E8-B5ABA7905380}.Debug|Win32.Build.0 = Debug|Win32
		{CE95CE1C-6843-4A5B-A7E8-B5ABA7905380}.Release|Win32.ActiveCfg = Release|Win32
		{CE95CE1C-6843-4A5B-A7E8-B5ABA7905380}.Release|Win32.Build.0 = Release|Win32
		{027CC7B6-EF01-46E3-8830-932DBCFEA9E3}.Debug|Win32.ActiveCfg = Debug|Win32
		{027CC7B6-EF01-46E3-8830-932DBCFEA9E3}.Debug|Win32.Build.0 = Debug|Win32
		{027CC7B6-EF01-46E3-8830-932DBCFEA9E3}.Release|Win32.ActiveCfg = Release|Win32
		{027CC7B6-EF01-46E3-8830-932DBCFEA9E3}.Release|Win32.Build.0 = Release|Win32
		{3D9893A5-C6F4-468D-8766-779CD5DE3B4C}.Debug|Win32.ActiveCfg = Debug|Win32
		{3D9893A5-C6F4-468D-8766-779CD5DE3B4C}.Debug|Win32.Build.0 = Debug|Win32
		{3D9893A5-C6F4-468D-8766-779CD5DE3B4C}.Release|Win32.ActiveCfg = Release|Win32
		{3D9893A5-C6F4-468D-8766-779CD5DE3B4C}.Release|Win32.Build.0 = Release|Win32
		{ACA89223-D224-41AD-B952-50EB8963A73B}.Debug|Win32.ActiveCfg = Debug|Win32
		{ACA89223-D224-41AD-B952-50EB8963A73B}.Debug|Win32.Build.0 = Debug|Win32
		{ACA89223-D224-41AD-B952-50EB8963A73B}.Release|Win32.ActiveCfg = Release|Win32
		{ACA89223-D224-41AD-B952-50EB8963A73B}.Release|Win32.Build.0 = Release|Win32
		{3DEAE0D4-226F-4980-B035-7F821D329590}.Debug|Win32.ActiveCfg = Debug|Win32
		{3DEAE0D4-226F-4980-B035-7F821D329590}.Debug|Win32.Build.0 = Debug|Win32
		{3DEAE0D4-226F-4980-B035-7F821D329590}.Release|Win32.ActiveCfg = Release|Win32
		{3DEAE0D4-226F-4980-B035-7F821D329590}.Release|Win32.Build.0 = Release|Win32
		{4FC5990F-065C-4628-BB12-5826DC3DA3CF}.Debug|Win32.ActiveCfg = Debug|Win32
		{4FC5990F-065C-4628-BB12-5826DC3DA3CF}.Debug|Win32.Build.0 = Debug|Win32
		{4FC5990F-065C-4628-BB12-5826DC3DA3CF}.Release|Win32.ActiveCfg = Release|Win32
		{4FC5990F-065C-4628-BB12-5826DC3DA3CF}.Release|Win32.Build.0 = Release|Win32
		{C156A0C3-6CC3-4573-9F76-DA9589566CC7}.Debug|Win32.ActiveCfg = Debug|Win32
		{C156A0C3-6CC3-4573-9F76-DA9589566CC7}.Debug|Win32.Build.0 = Debug|Win32
		{C156A0C3-6CC3-4573-9F76-DA9589566CC7}.Release|Win32.ActiveCfg = Release|Win32
		{C156A0C3-6CC3-4573-9F76-DA9589566CC7}.Release|Win32.Build.0 = Release|Win32
		{31AEB5AE-F4D6-448C-9D2D-8F252613BF38}.Debug|Win32.ActiveCfg = Debug|Win32
		{31AEB5AE-F4D6-448C-9D2D-8F252613BF38}.Debug|Win32.Build.0 = Debug|Win32
		{31AEB5AE-F4D6-448C-9D2D-8F252613BF38}.Release|Win32.ActiveCfg = Release|Win32
		{31AEB5AE-F4D6-448C-9D2D-8F252613BF38}.Release|Win32.Build.0 = Release|Win32
		{D060526E-51C4-45FF-8DD5-DC71508EF274}.Debug|Win32.ActiveCfg = Debug|Win32
		{D060526E-51C4-45FF-8DD5-DC71508EF274}.Debug|Win32.Build.0 = Debug|Win32
		{D060526E-51C4-45FF-8DD5-DC71508EF274}.Release|Win32.ActiveCfg = Release|Win32
		{D060526E-51C4-45FF-8DD5-DC71508EF274}.Release|Win32.Build.0 = Release|Win32
		{1B728387-BE7E-4536-959B-107C9C7C8BE0}.Debug|Win32.ActiveCfg = Debug|Win32
		{1B728387-BE7E-4536-959B-107C9C7C8BE0}.Debug|Win32.Build.0 = Debug|Win32
		{1B728387-BE7E-4536-959B-107C9C7C8BE0}.Release|Win32.ActiveCfg = Release|Win32
		{1B728387-BE7E-4536-959B-107C9C7C8BE0}.Release|Win32.Build.0 = Release|Win32
		{7A45AF9E-E20E-4F22-B45B-EB5E10E93612}.Debug|Win32.ActiveCfg = Debug|Win32
		{7A45AF9E-E20E-4F22-B45B-EB5E10E93612}.Debug|Win32.Build.0 = Debug|Win32
		{7A45AF9E-E20E-4F22-B45B-EB5E10E93612}.Release|Win32.ActiveCfg = Release|Win32
		{7A45AF9E-E20E-4F22-B45B-EB5E10E93612}.Release|Win32.Build.0 = Release|Win32
		{FE214977-76F6-4CF8-9365-8DDF4185CAC1}.Debug|Win32.ActiveCfg = Debug|Win32
		{FE214977-76F6-4CF8-9365-8DDF4185CAC1}.Debug|Win32.Build.0 = Debug|Win32
		{FE214977-76F6-4CF8-9365-8DDF4185CAC1}.Release|Win32.ActiveCfg = Release|Win32
		{FE214977-76F6-4CF8-9365-8DDF4185CAC1}.Release|Win32.Build.0 = Release|Win32
		{28EABD72-1CE1-49EE-8591-29D42CF8321D}.Debug|Win32.ActiveCfg = Debug|Win32
		{28EABD72-1CE1-49EE-8591-29D42CF8321D}.Debug|Win32.Build.0 = Debug|Win32
		{28EABD72-1CE1-49EE-8591-29D42CF8321D}.Release|Win32.ActiveCfg = Release|Win32
		{28EABD72-1CE1-49EE-8591-29D42CF8321D}.Release|Win32.Build.0 = Release|Win32
		{F86C18C8-10A8-487B-BEE4-722669DFDA91}.Debug|Win32.ActiveCfg = Debug|Win32
		{F86C18C8-10A8-487B-BEE4-722669DFDA91}.Debug|Win32.Build.0 = Debug|Win32
		{F86C18C8-10A8-487B-BEE4-722669DFDA91}.Release|Win32.ActiveCfg = Release|Win32
		{F86C18C8-10A8-487B-BEE4-722669DFDA91}.Release|Win32.Build.0 = Release|Win32
		{D96CA683-9E8A-44D1-8E80-D0B89B02508A}.Debug|Win32.ActiveCfg = Debug|Win32
		{D96CA683-9E8A-44D1-8E80-D0B89B02508A}.Debug|Win32.Build.0 = Debug|Win32
		{D96CA683-9E8A-44D1-8E80-D0B89B02508A}.Release|Win32.ActiveCfg = Release|Win32
		{D96CA683-9E8A-44D1-8E80-D0B89B02508A}.Release|Win32.Build.0 = Release|Win32
		{5D3C6921-3B34-4DA0-B32E-70BC99DF29EA}.Debug|Win32.ActiveCfg = Debug|Win32
		{5D3C6921-3B34-4DA0-B32E-70BC99DF29EA}.Debug|Win32.Build.0 = Debug|Win32
		{5D3C6921-3B34-4DA0-B32E-70BC99DF29EA}.Release|Win32.ActiveCfg = Release|Win32
		{5D3C6921-3B34-4DA0-B32E-70BC99DF29EA}.Release|Win32.Build.0 = Release|Win32
		{21FFBA4C-A88F-41C5-BD1A-6E57D920BFB3}.Debug|Win32.ActiveCfg = Debug|Win32
		{21FFBA4C-A88F-41C5-BD1A-6E57D920BFB3}.Debug|Win32.Build.0 = Debug|Win32
		{21FFBA4C-A88F-41C5-BD1A-6E57D920BFB3}.Release|Win32.ActiveCfg = Release|Win32
		{21FFBA4C-A88F-41C5-BD1A-6E57D920BFB3}.Release|Win32.Build.0 = Release|Win32
		{311E0D0B-5F0C-4F0C-9018-9F9CF2424EB3}.Debug|Win32.ActiveCfg = Debug|Win32
		{311E0D0B-5F0C-4F0C-9018-9F9CF2424EB3}.Debug|Win32.Build.0 = Debug|Win32
		{311E0D0B-5F0C-4F0C-9018-9F9CF2424EB3}.Release|Win32.ActiveCfg = Release|Win32
		{311E0D0B-5F0C-4F0C-9018-9F9CF2424EB3}.Release|Win32.Build.0 = Release|Win32
		{F2589808-BFB8-4782-9139-9D37F3A12BF3}.Debug|Win32.ActiveCfg = Debug|Win32
		{F2589808-BFB8-4782-9139-9D37F3A12BF3}.Debug|Win32.Build.0 = Debug|Win32
		{F2589808-BFB8-4782-9139-9D37F3A12BF3}.Release|Win32.ActiveCfg = Release|Win32
		{F2589808-BFB8-4782-9139-9D37F3A12BF3}.Release|Win32.Build.0 = Release|Win32
		{F129D652-882B-4BBE-AE6C-1547E36EE53B}.Debug|Win32.ActiveCfg = Debug|Win32
		{F129D652-882B-4BBE-AE6C-1547E36EE53B}.Debug|Win32.Build.0 = Debug|Win32
		{F129D652-882B-4BBE-AE6C-1547E36EE53B}.Release|Win32.ActiveCfg = Release|Win32
		{F129D652-882B-4BBE-AE6C-1547E36EE53B}.Release|Win32.Build.0 = Release|Win32
		{25FC018C-9497-49F1-AACD-45E7FEE64C50}.Debug|Win32.ActiveCfg = Debug|Win32
		{25FC018C-9497-49F1-AACD-45E7FEE64C50}.Debug|Win32.Build.0 = Debug|Win32
		{25FC018C-9497-49F1-AACD-45E7FEE64C50}.Release|Win32.ActiveCfg = Release|Win32
		{25FC018C-9497-49F1-AACD-45E7FEE64C50}.Release|Win32.Build.0 = Release|Win32
		{77152584-6056-41F5-9E7E-F4B9BD54BAA6}.Debug|Win32.ActiveCfg = Debug|Win32
		{77152584-6056-41F5-9E7E-F4B9BD54BAA6}.Debug|Win32.Build.0 = Debug|Win32
		{77152584-6056-41F5-9E7E-F4B9BD54BAA6}.Release|Win32.ActiveCfg = Release|Win32
		{77152584-6056-41F5-9E7E-F4B9BD54BAA6}.Release|Win32.Build.0 = Release|Win32
		{8D1D943B-3AF0-489D-8795-3A274A9E5AF2}.Debug|Win32.ActiveCfg = Debug|Win32
		{8D1D943B-3AF0-489D-8795-3A274A9E5AF2}.Debug|Win32.Build.0 = Debug|Win32
		{8D1D943B-3AF0-489D-8795-3A274A9E5AF2}.Release|Win32.ActiveCfg = Release|Win32
		{8D1D943B-3AF0-489D-8795-3A274A9E5AF2}.Release|Win32.Build.0 = Release|Win32
		{2D0D8C0F-C378-45D1-BE6F-7C58DB5B076A}.Debug|Win32.ActiveCfg = Debug|Win32
		{2D0D8C0F-C378-45D1-BE6F-7C58DB5B076A}.Debug|Win32.Build.0 = Debug|Win32
		{2D0D8C0F-C378-45D1-BE6F-7C58DB5B076A}.Release|Win32.ActiveCfg = Release|Win32
		{2D0D8C0F-C378-45D1-BE6F-7C58DB5B076A}.Release|Win32.Build.0 = Release|Win32
		{17337E7B-CED4-478E-90A7-8868EB1B4EF6}.Debug|Win32.ActiveCfg = Debug|Win32
		{17337E7B-CED4-478E-90A7-8868EB1B4EF6}.Debug|Win32.Build.0 = Debug|Win32
		{17337E7B-CED4-478E-90A7-8868EB1B4EF6}.Release|Win32.ActiveCfg = Release|Win32
		{17337E7B-CED4-478E-90A7-8868EB1B4EF6}.Release|Win32.Build.0 = Release|Win32
		{DADE6468-05E9-4D5F-ABAA-E3585A70B7C5}.Debug|Win32.ActiveCfg = Debug|Win32
		{DADE6468-05E9-4D5F-ABAA-E3585A70B7C5}.Debug|Win32.Build.0 = Debug|Win32
		{DADE6468-05E9-4D5F-ABAA-E3585A70B7C5}.Release|Win32.ActiveCfg = Release|Win32
		{DADE6468-05E9-4D5F-ABAA-E3585A70B7C5}.Release|Win32.Build.0 = Release|Win32
		{207BF6A4-EAA1-4F59-8C37-B47FA33982A9}.Debug|Win32.ActiveCfg = Debug|Win32
		{207BF6A4-EAA1-4F59-8C37-B47FA33982A9}.Debug|Win32.Build.0 = Debug|Win32
		{207BF6A4-EAA1-4F59-8C37-B47FA33982A9}.Release|Win32.ActiveCfg = Release|Win32
		{207BF6A4-EAA1-4F59-8C37-B47FA33982A9}.Release|Win32.Build.0 = Release|Win32
		{C04C6E3D-3E09-492D-8577-2BEF55810C5A}.Debug|Win32.ActiveCfg = Debug|Win32
		{C04C6E3D-3E09-492D-8577-2BEF55810C5A}.Debug|Win32.Build.0 = Debug|Win32
		{C04C6E3D-3E09-492D-8577-2BEF55810C5A}.Release|Win32.ActiveCfg = Release|Win32
		{C04C6E3D-3E09-492D-8577-2BEF55810C5A}.Release|Win32.Build.0 = Release|Win32
		{F2197337-ABA4-4613-9611-F9469E5EAFAE}.Debug|Win32.ActiveCfg = Debug|Win32
		{F2197337-ABA4-4613-9611-F9469E5EAFAE}.Debug|Win32.Build.0 = Debug|Win32
		{F2197337-ABA4-4613-9611-F9469E5EAFAE}.Release|Win32.ActiveCfg = Release|Win32
		{F2197337-ABA4-4613-9611-F9469E5EAFAE}.Release|Win32.Build.0 = Release|Win32
		{52717538-1202-456B-87F9-46221B1422A8}.Debug|Win32.ActiveCfg = Debug|Win32
		{52717538-1202-456B-87F9-46221B1422A8}.Debug|Win32.Build.0 = Debug|Win32
		{52717538-1202-456B-87F9-46221B1422A8}.Release|Win32.ActiveCfg = Release|Win32
		{52717538-1202-456B-87F9-46221B1422A8}.Release|Win32.Build.0 = Release|Win32
		{6C9E0B31-E16D-46A5-B590-55E314441A8F}.Debug|Win32.ActiveCfg = Debug|Win32
		{6C9E0B31-E16D-46A5-B590-55E314441A8F}.Debug|Win32.Build.0 = Debug|Win32
		{6C9E0B31-E16D-46A5-B590-55E314441A8F}.Release|Win32.ActiveCfg = Release|Win32
		{6C9E0B31-E16D-46A5-B590-55E314441A8F}.Release|Win32.Build.0 = Release|Win32
		{B58E49CE-6203-4C99-9C81-A0D8E942E3F7}.Debug|Win32.ActiveCfg = Debug|Win32
		{B58E49CE-6203-4C99-9C81-A0D8E942E3F7}.Debug|Win32.Build.0 = Debug|Win32
		{B58E49CE-6203-4C99-9C81-A0D8E942E3F7}.Release|Win32.ActiveCfg = Release|Win32
		{B58E49CE-6203-4C99-9C81-A0D8E942E3F7}.Release|Win32.Build.0 = Release|Win32
		{08296C77-388B-42C6-BF97-B06B9796985A}.Debug|Win32.ActiveCfg = Debug|Win32
		{08296C77-388B-42C6-BF97-B06B9796985A}.Debug|Win32.Build.0 = Debug|Win32
		{08296C77-388B-42C6-BF97-B06B9796985A}.Release|Win32.ActiveCfg = Release|Win32
		{08296C77-388B-42C6-BF97-B06B9796985A}.Release|Win32.Build.0 = Release|Win32
		{4E04FADE-804E-4DE4-AD31-370DE130092A}.Debug|Win32.ActiveCfg = Debug|Win32
		{4E04FADE-804E-4DE4-AD31-370DE130092A}.Debug|Win32.Build.0 = Debug|Win32
		{4E04FADE-804E-4DE4-AD31-370DE130092A}.Release|Win32.ActiveCfg = Release|Win32
		{4E04FADE-804E-4DE4-AD31-370DE130092A}.Release|Win32.Build.0 = Release|Win32
		{D7966045-2976-4F66-BB1A-727874396F84}.Debug|Win32.ActiveCfg = Debug|Win32
		{D7966045-2976-4F66-BB1A-727874396F84}.Debug|Win32.Build.0 = Debug|Win32
		{D7966045-2976-4F66-BB1A-727874396F84}.Release|Win32.ActiveCfg = Release|Win32
		{D7966045-2976-4F66-BB1A-727874396F84}.Release|Win32.Build.0 = Release|Win32
		{DFBC70C9-6649-4E5E-BBC6-352D4C25D567}.Debug|Win32.ActiveCfg = Debug|Win32
		{DFBC70C9-6649-4E5E-BBC6-352D4C25D567}.Debug|Win32.Build.0 = Debug|Win32
		{DFBC70C9-6649-4E5E-BBC6-352D4C25D567}.Release|Win32.ActiveCfg = Release|Win32
		{DFBC70C9-6649-4E5E-BBC6-352D4C25D567}.Release|Win32.Build.0 = Release|Win32
		{9D603D1F-09A9-433E-9655-CDA81BA77222}.Debug|Win32.ActiveCfg = Debug|Win32
		{9D603D1F-09A9-433E-9655-CDA81BA77222}.Debug|Win32.Build.0 = Debug|Win32
		{9D603D1F-09A9-433E-9655-CDA81BA77222}.Release|Win32.ActiveCfg = Release|Win32
		{9D603D1F-09A9-433E-9655-CDA81BA77222}.Release|Win32.Build.0 = Release|Win32
		{91A8AD5A-7DA4-4E09-BEC1-2A9139831A1F}.Debug|Win32.ActiveCfg = Debug|Win32
		{91A8AD5A-7DA4-4E09-BEC1-2A9139831A1F}.Debug|Win32.Build.0 = Debug|Win32
		{91A8AD5A-7DA4-4E09-BEC1-2A9139831A1F}.Release|Win32.ActiveCfg = Release|Win32
		{91A8AD5A-7DA4-4E09-BEC1-2A9139831A1F}.Release|Win32.Build.0 = Release|Win32
		{BBB2599F-612A-40ED-A8A4-6149847A77C7}.Debug|Win32.ActiveCfg = Debug|Win32
		{BBB2599F-612A-40ED-A8A4-6149847A77C7}.Debug|Win32.Build.0 = Debug|Win32
		{BBB2599F-612A-40ED-A8A4-6149847A77C7}.Release|Win32.ActiveCfg = Release|Win32
		{BBB2599F-612A-40ED-A8A4-6149847A77C7}.Release|Win32.Build.0 = Release|Win32
		{AC4FE243-C5AD-4CBA-9A08-DFD2927E49B4}.Debug|Win32.ActiveCfg = Debug|Win32
		{AC4FE243-C5AD-4CBA-9A08-DFD2927E49B4}.Debug|Win32.Build.0 = Debug|Win32
		{AC4FE243-C5AD-4CBA-9A08-DFD2927E49B4}.Release|Win32.ActiveCfg = Release|Win32
		{AC4FE243-C5AD-4CBA-9A08-DFD2927E49B4}.Release|Win32.Build.0 = Release|Win32
		{4B2EF437-5B81-4FB8-91A7-375F0DDDDE94}.Debug|Win32.ActiveCfg = Debug|Win32
		{4B2EF437-5B81-4FB8-91A7-375F0DDDDE94}.Debug|Win32.Build.0 = Debug|Win32
		{4B2EF437-5B81-4FB8-91A7-375F0DDDDE94}.Release|Win32.ActiveCfg = Release|Win32
		{4B2EF437-5B81-4FB8-91A7-375F0DDDDE94}.Release|Win32.Build.0 = Release|Win32
		{161A7BE3-BFAB-4448-A9BD-46041B60B8E2}.Debug|Win32.ActiveCfg = Debug|Win32
		{161A7BE3-BFAB-4448-A9BD-46041B60B8E2}.Debug|Win32.Build.0 = Debug|Win32
		{161A7BE3-BFAB-4448-A9BD-46041B60B8E2}.Release|Win32.ActiveCfg = Release|Win32
		{161A7BE3-BFAB-4448-A9BD-46041B60B8E2}.Release|Win32.Build.0 = Release|Win32
		{1F432607-DC4C-4991-88F4-FFB538859728}.Debug|Win32.ActiveCfg = Debug|Win32
		{1F432607-DC4C-4991-88F4-FFB538859728}.Debug|Win32.Build.0 = Debug|Win32
		{1F432607-DC4C-4991-88F4-FFB538859728}.Release|Win32.ActiveCfg = Release|Win32
		{1F432607-DC4C-4991-88F4-FFB538859728}.Release|Win32.Build.0 = Release|Win32
		{A939A0C1-13F8-461C-8AE2-8FA95B43145B}.Debug|Win32.ActiveCfg = Debug|Win32
		{A939A0C1-13F8-461C-8AE2-8FA95B43145B}.Debug|Win32.Build.0 = Debug|Win32
		{A939A0C1-13F8-461C-8AE2-8FA95B43145B}.Release|Win32.ActiveCfg = Release|Win32
		{A939A0C1-13F8-461C-8AE2-8FA95B43145B}.Release|Win32.Build.0 = Release|Win32
		{AEFFCA1F-1D3C-4A9B-B85B-EA567170D481}.Debug|Win32.ActiveCfg = Debug|Win32
		{AEFFCA1F-1D3C-4A9B-B85B-EA567170D481}.Debug|Win32.Build.0 = Debug|Win32
		{AEFFCA1F-1D3C-4A9B-B85B-EA567170D481}.Release|Win32.ActiveCfg = Release|Win32
		{AEFFCA1F-1D3C-4A9B-B85B-EA567170D481}.Release|Win32.Build.0 = Release|Win32
		{17B5D8B4-BADF-4E0E-98B9-579CC8589B08}.Debug|Win32.ActiveCfg = Debug|Win32
		{17B5D8B4-BADF-4E0E-98B9-579CC8589B08}.Debug|Win32.Build.0 = Debug|Win32
		{17B5D8B4-BADF-4E0E-98B9-579CC8589B08}.Release|Win32.ActiveCfg = Release|Win32
		{17B5D8B4-BADF-4E0E-98B9-579CC8589B08}.Release|Win32.Build.0 = Release|Win32
		{41364CC6-7B6D-4818-A85B-1813D29C5D31}.Debug|Win32.ActiveCfg = Debug|Win32
		{41364CC6-7B6D-4818-A85B-1813D29C5D31}.Debug|Win32.Build.0 = Debug|Win32
		{41364CC6-7B6D-4818-A85B-1813D29C5D31}.Release|Win32.ActiveCfg = Release|Win32
		{41364CC6-7B6D-4818-A85B-1813D29C5D31}.Release|Win32.Build.0 = Release|Win32
		{3304C37D-E096-464E-AA11-2CB0BA192C9C}.Debug|Win32.ActiveCfg = Debug|Win32
		{3304C37D-E096-464E-AA11-2CB0BA192C9C}.Debug|Win32.Build.0 = Debug|Win32
		{3304C37D-E096-464E-AA11-2CB0BA192C9C}.Release|Win32.ActiveCfg = Release|Win32
		{3304C37D-E096-464E-AA11-2CB0BA192C9C}.Release|Win32.Build.0 = Release|Win32
		{A1B4EF6F-1EF5-4958-8FF3-BBE24625ED0B}.Debug|Win32.ActiveCfg = Debug|Win32
		{A1B4EF6F-1EF5-4958-8FF3-BBE24625ED0B}.Debug|Win32.Build.0 = Debug|Win32
		{A1B4EF6F-1EF5-4958-8FF3-BBE24625ED0B}.Release|Win32.ActiveCfg = Release|Win32
		{A1B4EF6F-1EF5-4958-8FF3-BBE24625ED0B}.Release|Win32.Build.0 = Release|Win32
		{E1CBE60F-85F0-4C39-85B7-EAB93499A145}.Debug|Win32.ActiveCfg = Debug|Win32
		{E1CBE60F-85F0-4C39-85B7-EAB93499A145}.Debug|Win32.Build.0 = Debug|Win32
		{E1CBE60F-85F0-4C39-85B7-EAB93499A145}.Release|Win32.ActiveCfg = Release|Win32
		{E1CBE60F-85F0-4C39-85B7-EAB93499A145}.Release|Win32.Build.0 = Release|Win32
		{16BC85B5-FE23-43DC-8B37-9846B8907BE7}.Debug|Win32.ActiveCfg = Debug|Win32
		{16BC85B5-FE23-43DC-8B37-9846B8907BE7}.Debug|Win32.Build.0 = Debug|Win32
		{16BC85B5-FE23-43DC-8B37-9846B8907BE7}.Release|Win32.ActiveCfg = Release|Win32
		{16BC85B5-FE23-43DC-8B37-9846B8907BE7}.Release|Win32.Build.0 = Release|Win32
		{A1B1B6A3-8E12-4386-B27D-C7D939A9B7ED}.Debug|Win32.ActiveCfg = Debug|Win32
		{A1B1B6A3-8E12-4386-B27D-C7D939A9B7ED}.Debug|Win32.Build.0 = Debug|Win32
		{A1B1B6A3-8E12-4386-B27D-C7D939A9B7ED}.Release|Win32.ActiveCfg = Release|Win32
		{A1B1B6A3-8E12-4386-B27D-C7D939A9B7ED}.Release|Win32.Build.0 = Release|Win32
		{77631A5C-537A-4176-8A2F-DC58C1808214}.Debug|Win32.ActiveCfg = Debug|Win32
		{77631A5C-537A-4176-8A2F-DC58C1808214}.Debug|Win32.Build.0 = Debug|Win32
		{77631A5C-537A-4176-8A2F-DC58C1808214}.Release|Win32.ActiveCfg = Release|Win32
		{77631A5C-537A-4176-8A2F-DC58C1808214}.Release|Win32.Build.0 = Release|Win32
		{EE337AFA-135C-4F49-ABFF-FC2F8FB424A2}.Debug|Win32.ActiveCfg = Debug|Win32
		{EE337AFA-135C-4F49-ABFF-FC2F8FB424A2}.Debug|Win32.Build.0 = Debug|Win32
		{EE337AFA-135C-4F49-ABFF-FC2F8FB424A2}.Release|Win32.ActiveCfg = Release|Win32
		{EE337AFA-135C-4F49-ABFF-FC2F8FB424A2}.Release|Win32.Build.0 = Release|Win32
		{3507FFD1-F7FF-4B71-A58F-CBBB744555C0}.Debug|Win32.ActiveCfg = Debug|Win32
		{3507FFD1-F7FF-4B71-A58F-CBBB744555C0}.Debug|Win32.Build.0 = Debug|Win32
		{3507FFD1-F7FF-4B71-A58F-CBBB744555C0}.Release|Win32.ActiveCfg = Release|Win32
		{3507FFD1-F7FF-4B71-A58F-CBBB744555C0}.Release|Win32.Build.0 = Release|Win32
		{3367DC7A-7520-42D2-9734-38265B43E525}.Debug|Win32.ActiveCfg = Debug|Win32
		{3367DC7A-7520-42D2-9734-38265B43E525}.Debug|Win32.Build.0 = Debug|Win32
		{3367DC7A-7520-42D2-9734-38265B43E525}.Release|Win32.ActiveCfg = Release|Win32
		{3367DC7A-7520-42D2-9734-38265B43E525}.Release|Win32.Build.0 = Release|Win32
		{A6218883-57B0-4346-8E96-0F679D6DC2CA}.Debug|Win32.ActiveCfg = Debug|Win32
		{A6218883-57B0-4346-8E96-0F679D6DC2CA}.Debug|Win32.Build.0 = Debug|Win32
		{A6218883-57B0-4346-8E96-0F679D6DC2CA}.Release|Win32.ActiveCfg = Release|Win32
		{A6218883-57B0-4346-8E96-0F679D6DC2CA}.Release|Win32.Build.0 = Release|Win32
		{4F2575F8-D611-4DA2-ADA2-056D54E5E57F}.Debug|Win32.ActiveCfg = Debug|Win32
		{4F2575F8-D611-4DA2-ADA2-056D54E5E57F}.Debug|Win32.Build.0 = Debug|Win32
		{4F2575F8-D611-4DA2-ADA2-056D54E5E57F}.Release|Win32.ActiveCfg = Release|Win32
		{4F2575F8-D611-4DA2-ADA2-056D54E5E57F}.Release|Win32.Build.0 = Release|Win32
		{B06D9BF2-E979-40A8-BBA7-3F8C41774ABD}.Debug|Win32.ActiveCfg = Debug|Win32
		{B06D9BF2-E979-40A8-BBA7-3F8C41774ABD}.Debug|Win32.Build.0 = Debug|Win32
		{B06D9BF2-E979-40A8-BBA7-3F8C41774ABD}.Release|Win32.ActiveCfg = Release|Win32
		{B06D9BF2-E979-40A8-BBA7-3F8C41774ABD}.Release|Win32.Build.0 = Release|Win32
		{00180A3D-76DA-4941-8F47-0CC47A757902}.Debug|Win32.ActiveCfg = Debug|Win32
		{00180A3D-76DA-4941-8F47-0CC47A757902}.Debug|Win32.Build.0 = Debug|Win32
		{00180A3D-76DA-4941-8F47-0CC47A757902}.Release|Win32.ActiveCfg = Release|Win32
		{00180A3D-76DA-4941-8F47-0CC47A757902}.Release|Win32.Build.0 = Release|Win32
		{997DBA7B-B607-46FB-A379-222C07AB982D}.Debug|Win32.ActiveCfg = Debug|Win32
		{997DBA7B-B607-46FB-A379-222C07AB982D}.Debug|Win32.Build.0 = Debug|Win32
		{997DBA7B-B607-46FB-A379-222C07AB982D}.Release|Win32.ActiveCfg = Release|Win32
		{997DBA7B-B607-46FB-A379-222C07AB982D}.Release|Win32.Build.0 = Release|Win32
		{719D16ED-CAAD-46FE-B4D7-A78D75FF4B15}.Debug|Win32.ActiveCfg = Debug|Win32
		{719D16ED-CAAD-46FE-B4D7-A78D75FF4B15}.Debug|Win32.Build.0 = Debug|Win32
		{719D16ED-CAAD-46FE-B4D7-A78D75FF4B15}.Release|Win32.ActiveCfg = Release|Win32
		{719D16ED-CAAD-46FE-B4D7-A78D75FF4B15}.Release|Win32.Build.0 = Release|Win32
		{F065E737-3746-46B3-BAE6-F2279CA650C4}.Debug|Win32.ActiveCfg = Debug|Win32
		{F065E737-3746-46B3-BAE6-F2279CA650C4}.Debug|Win32.Build.0 = Debug|Win32
		{F065E737-3746-46B3-BAE6-F2279CA650C4}.Release|Win32.ActiveCfg = Release|Win32
		{F065E737-3746-46B3-BAE6-F2279CA650C4}.Release|Win32.Build.0 = Release|Win32
	EndGlobalSection
	GlobalSection(SolutionProperties) = preSolution
		HideSolutionNode = FALSE
	EndGlobalSection
EndGlobal
