Microsoft Visual Studio Solution File, Format Version 7.00
Project("{8BC9CEB8-8B4A-11D0-8D11-00A0C91BC942}") = "AAFBasicInterpolators", "ref-impl\AAFBasicInterpolators\AAFBasicInterpolators.vcproj", "{8AC085BE-7D3A-4F53-B6E7-48F0E414A203}"
EndProject
Project("{8BC9CEB8-8B4A-11D0-8D11-00A0C91BC942}") = "AAFConverterLib", "Utilities\AAFConverterLib\AAFConverterLib.vcproj", "{8F7B2EB0-0AB1-4869-99AD-9F486F5AB51E}"
EndProject
Project("{8BC9CEB8-8B4A-11D0-8D11-00A0C91BC942}") = "AAFIID", "ref-impl\AAFIID\AAFIID.vcproj", "{9EB769D7-0813-407E-B795-7FA7C60FAF02}"
EndProject
Project("{8BC9CEB8-8B4A-11D0-8D11-00A0C91BC942}") = "AAFLIB", "ref-impl\aaflib\AAFLIB.vcproj", "{F8E3939C-B4B2-4931-AE83-8A4F43EC5A65}"
EndProject
Project("{8BC9CEB8-8B4A-11D0-8D11-00A0C91BC942}") = "AAFShellExt", "..\examples2\AAFShellExt\AAFShellExt.vcproj", "{671553FC-687D-4BBD-A1F3-E6847427E809}"
EndProject
Project("{8BC9CEB8-8B4A-11D0-8D11-00A0C91BC942}") = "AAFStandardCodecs", "ref-impl\AAFStandardCodecs\AAFStandardCodecs.vcproj", "{F7E13E1E-539E-478F-A7DB-CCAB8BDBBEF8}"
EndProject
Project("{8BC9CEB8-8B4A-11D0-8D11-00A0C91BC942}") = "AafOmf", "Utilities\AafOmf\AafOmf.vcproj", "{FE4A331E-61A9-4712-8E11-97FED1E5632A}"
EndProject
Project("{8BC9CEB8-8B4A-11D0-8D11-00A0C91BC942}") = "ComAAFInfo", "examples\com-api\ComAAFInfo\ComAAFInfo.vcproj", "{0E296DE8-35D8-4ACB-B315-219BDAB97AED}"
EndProject
Project("{8BC9CEB8-8B4A-11D0-8D11-00A0C91BC942}") = "ComClientTestAAF", "examples\com-api\ComClientTestAAF\ComClientTestAAF.vcproj", "{B8DBFE92-1D47-497E-A276-D8FA1A873535}"
EndProject
Project("{8BC9CEB8-8B4A-11D0-8D11-00A0C91BC942}") = "ComCutsTestAAF", "examples\com-api\ComCutsTestAAF\ComCutsTestAAF.vcproj", "{168D26B5-3FA1-433B-97D2-859714C4AB2A}"
EndProject
Project("{8BC9CEB8-8B4A-11D0-8D11-00A0C91BC942}") = "ComEssenceDataTest", "examples\com-api\ComEssenceDataTest\ComEssenceDataTest.vcproj", "{6C4A4827-9E70-4709-8377-0BD9C020C3C7}"
EndProject
Project("{8BC9CEB8-8B4A-11D0-8D11-00A0C91BC942}") = "ComExtensionRead", "examples\com-api\ComExtension\ComExtensionRead.vcproj", "{3A7636BE-1E4A-4B8E-A08C-2DB829BA4A04}"
EndProject
Project("{8BC9CEB8-8B4A-11D0-8D11-00A0C91BC942}") = "ComExtensionWrite", "examples\com-api\ComExtension\ComExtensionWrite.vcproj", "{1D143062-E533-45FA-9272-276217E0B5A9}"
EndProject
Project("{8BC9CEB8-8B4A-11D0-8D11-00A0C91BC942}") = "ComFileKindTest", "Test\com\ComFileKindTest\ComFileKindTest.vcproj", "{C597604C-4742-4A81-95C8-1FD28D454228}"
EndProject
Project("{8BC9CEB8-8B4A-11D0-8D11-00A0C91BC942}") = "ComModTestAAF", "Test\com\ComModTestAAF\ComModTestAAF.vcproj", "{8F64CAED-8077-4B11-B4F1-7E9548C4161B}"
EndProject
Project("{8BC9CEB8-8B4A-11D0-8D11-00A0C91BC942}") = "ComPersonnelExtension", "examples\com-api\ComPersonnelExtension\ComPersonnelExtension.vcproj", "{94509F6A-5DBD-48D1-BDB3-55CB3035F419}"
EndProject
Project("{8BC9CEB8-8B4A-11D0-8D11-00A0C91BC942}") = "ComPersonnelPluginWrite", "examples\com-api\ComPersonnelExtension\ComPersonnelPluginWrite.vcproj", "{421464F1-CA2F-422F-9AE1-3C2F27855898}"
EndProject
Project("{8BC9CEB8-8B4A-11D0-8D11-00A0C91BC942}") = "ComPropDirectAccess", "examples\com-api\ComPropDirectAccess\ComPropDirectAccess.vcproj", "{5C6C366E-DF63-4EBC-8F55-F479F969806A}"
EndProject
Project("{8BC9CEB8-8B4A-11D0-8D11-00A0C91BC942}") = "ComPropDirectDump", "examples\com-api\ComPropDirectDump\ComPropDirectDump.vcproj", "{689AC430-E27E-49EA-9A78-24B2C3ECBF36}"
EndProject
Project("{8BC9CEB8-8B4A-11D0-8D11-00A0C91BC942}") = "CreateSequence", "Test\com\CreateSequence\CreateSequence.vcproj", "{D9E62ABC-2A09-4B2C-BBAB-984A50A16FF4}"
EndProject
Project("{8BC9CEB8-8B4A-11D0-8D11-00A0C91BC942}") = "Dump", "DevUtils\dump\dump.vcproj", "{69679AE0-7850-46B1-AD3D-28BEAE7E550B}"
EndProject
Project("{8BC9CEB8-8B4A-11D0-8D11-00A0C91BC942}") = "EssenceAccess", "Test\com\EssenceAccess\EssenceAccess.vcproj", "{62BC31F7-8652-4E62-98AA-96C0E3621320}"
EndProject
Project("{8BC9CEB8-8B4A-11D0-8D11-00A0C91BC942}") = "Everything", "Everything\Everything.vcproj", "{40EDBACB-B7B9-41BC-92C6-429F2436972F}"
EndProject
Project("{8BC9CEB8-8B4A-11D0-8D11-00A0C91BC942}") = "ExportAudioExample", "examples\com-api\ExportAudioExample\ExportAudioExample.vcproj", "{53CA3B98-1EAB-447A-B224-80080CBA043F}"
EndProject
Project("{8BC9CEB8-8B4A-11D0-8D11-00A0C91BC942}") = "ExportSimpleComposition", "examples\com-api\ExportSimpleComposition\ExportSimpleComposition.vcproj", "{A24ABA1B-DDD1-4EB8-82DC-A391388476C4}"
EndProject
Project("{8BC9CEB8-8B4A-11D0-8D11-00A0C91BC942}") = "Impl", "ref-impl\Impl\Impl.vcproj", "{86538815-DC82-468C-BAA0-173C37446A48}"
EndProject
Project("{8BC9CEB8-8B4A-11D0-8D11-00A0C91BC942}") = "ImportAudioExample", "examples\com-api\ImportAudioExample\ImportAudioExample.vcproj", "{5D14A164-DE97-4BA0-8E5D-B046C6D082D8}"
EndProject
Project("{8BC9CEB8-8B4A-11D0-8D11-00A0C91BC942}") = "InfoDumper", "examples\com-api\InfoDumper\InfoDumper.vcproj", "{D0330790-A298-42B4-B559-4635C7DFC91B}"
EndProject
Project("{8BC9CEB8-8B4A-11D0-8D11-00A0C91BC942}") = "MakeSDK", "MakeSDK.vcproj", "{57CB554E-F293-4F8B-8A24-4A966F4CC030}"
EndProject
Project("{8BC9CEB8-8B4A-11D0-8D11-00A0C91BC942}") = "MakeSDKExamples", "MakeSDKExamples.vcproj", "{006B7B95-E36E-44E4-9EA9-A0DCEAE21946}"
EndProject
Project("{8BC9CEB8-8B4A-11D0-8D11-00A0C91BC942}") = "MakeSDKExamples2", "MakeSDKExamples2.vcproj", "{C4B85329-41D8-4652-B951-7FC3C08C65BE}"
EndProject
Project("{8BC9CEB8-8B4A-11D0-8D11-00A0C91BC942}") = "MakeSDKUtilities", "MakeSDKUtilities.vcproj", "{307B3631-A733-40FA-A454-75091AB0841E}"
EndProject
Project("{8BC9CEB8-8B4A-11D0-8D11-00A0C91BC942}") = "MultiGenTest", "TEST\COM\MultiGenTest\MultiGenTest.vcproj", "{1F2A870B-0AC3-4E5F-9416-1FB84E37C1DD}"
EndProject
Project("{8BC9CEB8-8B4A-11D0-8D11-00A0C91BC942}") = "OM", "ref-impl\OM\Om.vcproj", "{C1CC98E9-738A-40D7-9D1D-38247E7F2CF4}"
EndProject
Project("{8BC9CEB8-8B4A-11D0-8D11-00A0C91BC942}") = "aaf2dot", "Utilities\aafviewer\aaf2dot\aaf2dot.vcproj", "{8AF2836C-951F-4B50-9C59-044D5094DD1A}"
EndProject
Project("{8BC9CEB8-8B4A-11D0-8D11-00A0C91BC942}") = "aafmeta2dot", "Utilities\aafviewer\aafmeta2dot\aafmeta2dot.vcproj", "{9250B01C-DF75-4CB0-8417-2C86906A9837}"
EndProject
Project("{8BC9CEB8-8B4A-11D0-8D11-00A0C91BC942}") = "axDump", "..\examples2\axDump\axDump.vcproj", "{9F8D7F32-4602-41FA-9A94-1A5B2703913B}"
EndProject
Project("{8BC9CEB8-8B4A-11D0-8D11-00A0C91BC942}") = "axExample", "..\examples2\axExample\axExample.vcproj", "{AA07FAB6-DEFA-456A-AEE3-235E9FA2047A}"
EndProject
Project("{8BC9CEB8-8B4A-11D0-8D11-00A0C91BC942}") = "axFileGen", "..\examples2\axFileGen\axFileGen.vcproj", "{33BAC338-FD74-4237-883E-A9B1D9A06218}"
EndProject
Project("{8BC9CEB8-8B4A-11D0-8D11-00A0C91BC942}") = "axHrMap", "..\examples2\axHrMap\axHrMap.vcproj", "{5AD50EA9-C4AC-42CC-AFF9-0866DC434BB3}"
EndProject
Project("{8BC9CEB8-8B4A-11D0-8D11-00A0C91BC942}") = "axLib", "..\examples2\axLib\axLib.vcproj", "{B997C339-5F3A-4FEA-9737-A2ED454AFF53}"
EndProject
Project("{8BC9CEB8-8B4A-11D0-8D11-00A0C91BC942}") = "axMasterMobEx", "..\examples2\axMasterMobEx\axMasterMobEx.vcproj", "{B1A3B1C4-FAC5-465F-B84A-FC863B6DDD34}"
EndProject
Project("{8BC9CEB8-8B4A-11D0-8D11-00A0C91BC942}") = "axPlugin", "..\examples2\axPlugin\axPlugin.vcproj", "{3B9DFA68-6AEB-4068-8265-CBC8E7C2D645}"
EndProject
Project("{8BC9CEB8-8B4A-11D0-8D11-00A0C91BC942}") = "axPluginInfo", "..\examples2\axPluginInfo\axPluginInfo.vcproj", "{202ACB51-15D6-40D6-A1DA-FF1D8269BD19}"
EndProject
Project("{8BC9CEB8-8B4A-11D0-8D11-00A0C91BC942}") = "comapi", "ref-impl\comapi\comapi.vcproj", "{5BB0FD67-7922-4F44-9155-AED817C86BD2}"
EndProject
Project("{8BC9CEB8-8B4A-11D0-8D11-00A0C91BC942}") = "eli2aaf", "Utilities\eli2aaf\eli2aaf.vcproj", "{6825851C-2525-40C9-A926-F732C730037C}"
EndProject
Project("{8BC9CEB8-8B4A-11D0-8D11-00A0C91BC942}") = "libjpeg", "ref-impl\libjpeg\libjpeg.vcproj", "{CC68FAAF-85FF-4EAD-BBA7-AEB4C4ECEE81}"
EndProject
Global
	GlobalSection(SolutionConfiguration) = preSolution
		ConfigName.0 = Debug
		ConfigName.1 = Release
	EndGlobalSection
	GlobalSection(ProjectDependencies) = postSolution
		{8AC085BE-7D3A-4F53-B6E7-48F0E414A203}.0 = {F8E3939C-B4B2-4931-AE83-8A4F43EC5A65}
		{8AC085BE-7D3A-4F53-B6E7-48F0E414A203}.1 = {9EB769D7-0813-407E-B795-7FA7C60FAF02}
		{8F7B2EB0-0AB1-4869-99AD-9F486F5AB51E}.0 = {57CB554E-F293-4F8B-8A24-4A966F4CC030}
		{671553FC-687D-4BBD-A1F3-E6847427E809}.0 = {B997C339-5F3A-4FEA-9737-A2ED454AFF53}
		{F7E13E1E-539E-478F-A7DB-CCAB8BDBBEF8}.0 = {CC68FAAF-85FF-4EAD-BBA7-AEB4C4ECEE81}
		{F7E13E1E-539E-478F-A7DB-CCAB8BDBBEF8}.1 = {F8E3939C-B4B2-4931-AE83-8A4F43EC5A65}
		{F7E13E1E-539E-478F-A7DB-CCAB8BDBBEF8}.2 = {9EB769D7-0813-407E-B795-7FA7C60FAF02}
		{FE4A331E-61A9-4712-8E11-97FED1E5632A}.0 = {8F7B2EB0-0AB1-4869-99AD-9F486F5AB51E}
		{FE4A331E-61A9-4712-8E11-97FED1E5632A}.1 = {57CB554E-F293-4F8B-8A24-4A966F4CC030}
		{0E296DE8-35D8-4ACB-B315-219BDAB97AED}.0 = {57CB554E-F293-4F8B-8A24-4A966F4CC030}
		{B8DBFE92-1D47-497E-A276-D8FA1A873535}.0 = {57CB554E-F293-4F8B-8A24-4A966F4CC030}
		{168D26B5-3FA1-433B-97D2-859714C4AB2A}.0 = {57CB554E-F293-4F8B-8A24-4A966F4CC030}
		{6C4A4827-9E70-4709-8377-0BD9C020C3C7}.0 = {57CB554E-F293-4F8B-8A24-4A966F4CC030}
		{3A7636BE-1E4A-4B8E-A08C-2DB829BA4A04}.0 = {57CB554E-F293-4F8B-8A24-4A966F4CC030}
		{1D143062-E533-45FA-9272-276217E0B5A9}.0 = {57CB554E-F293-4F8B-8A24-4A966F4CC030}
		{C597604C-4742-4A81-95C8-1FD28D454228}.0 = {57CB554E-F293-4F8B-8A24-4A966F4CC030}
		{8F64CAED-8077-4B11-B4F1-7E9548C4161B}.0 = {57CB554E-F293-4F8B-8A24-4A966F4CC030}
		{94509F6A-5DBD-48D1-BDB3-55CB3035F419}.0 = {57CB554E-F293-4F8B-8A24-4A966F4CC030}
		{5C6C366E-DF63-4EBC-8F55-F479F969806A}.0 = {57CB554E-F293-4F8B-8A24-4A966F4CC030}
		{689AC430-E27E-49EA-9A78-24B2C3ECBF36}.0 = {57CB554E-F293-4F8B-8A24-4A966F4CC030}
		{D9E62ABC-2A09-4B2C-BBAB-984A50A16FF4}.0 = {57CB554E-F293-4F8B-8A24-4A966F4CC030}
		{62BC31F7-8652-4E62-98AA-96C0E3621320}.0 = {57CB554E-F293-4F8B-8A24-4A966F4CC030}
		{40EDBACB-B7B9-41BC-92C6-429F2436972F}.0 = {C4B85329-41D8-4652-B951-7FC3C08C65BE}
		{40EDBACB-B7B9-41BC-92C6-429F2436972F}.1 = {C597604C-4742-4A81-95C8-1FD28D454228}
		{40EDBACB-B7B9-41BC-92C6-429F2436972F}.2 = {307B3631-A733-40FA-A454-75091AB0841E}
		{40EDBACB-B7B9-41BC-92C6-429F2436972F}.3 = {006B7B95-E36E-44E4-9EA9-A0DCEAE21946}
		{40EDBACB-B7B9-41BC-92C6-429F2436972F}.4 = {57CB554E-F293-4F8B-8A24-4A966F4CC030}
		{40EDBACB-B7B9-41BC-92C6-429F2436972F}.5 = {69679AE0-7850-46B1-AD3D-28BEAE7E550B}
		{53CA3B98-1EAB-447A-B224-80080CBA043F}.0 = {57CB554E-F293-4F8B-8A24-4A966F4CC030}
		{A24ABA1B-DDD1-4EB8-82DC-A391388476C4}.0 = {57CB554E-F293-4F8B-8A24-4A966F4CC030}
		{86538815-DC82-468C-BAA0-173C37446A48}.0 = {C1CC98E9-738A-40D7-9D1D-38247E7F2CF4}
		{5D14A164-DE97-4BA0-8E5D-B046C6D082D8}.0 = {57CB554E-F293-4F8B-8A24-4A966F4CC030}
		{57CB554E-F293-4F8B-8A24-4A966F4CC030}.0 = {F7E13E1E-539E-478F-A7DB-CCAB8BDBBEF8}
		{57CB554E-F293-4F8B-8A24-4A966F4CC030}.1 = {8AC085BE-7D3A-4F53-B6E7-48F0E414A203}
		{57CB554E-F293-4F8B-8A24-4A966F4CC030}.2 = {5BB0FD67-7922-4F44-9155-AED817C86BD2}
		{57CB554E-F293-4F8B-8A24-4A966F4CC030}.3 = {F8E3939C-B4B2-4931-AE83-8A4F43EC5A65}
		{57CB554E-F293-4F8B-8A24-4A966F4CC030}.4 = {9EB769D7-0813-407E-B795-7FA7C60FAF02}
		{006B7B95-E36E-44E4-9EA9-A0DCEAE21946}.0 = {1F2A870B-0AC3-4E5F-9416-1FB84E37C1DD}
		{006B7B95-E36E-44E4-9EA9-A0DCEAE21946}.1 = {D0330790-A298-42B4-B559-4635C7DFC91B}
		{006B7B95-E36E-44E4-9EA9-A0DCEAE21946}.2 = {5D14A164-DE97-4BA0-8E5D-B046C6D082D8}
		{006B7B95-E36E-44E4-9EA9-A0DCEAE21946}.3 = {A24ABA1B-DDD1-4EB8-82DC-A391388476C4}
		{006B7B95-E36E-44E4-9EA9-A0DCEAE21946}.4 = {53CA3B98-1EAB-447A-B224-80080CBA043F}
		{006B7B95-E36E-44E4-9EA9-A0DCEAE21946}.5 = {421464F1-CA2F-422F-9AE1-3C2F27855898}
		{006B7B95-E36E-44E4-9EA9-A0DCEAE21946}.6 = {94509F6A-5DBD-48D1-BDB3-55CB3035F419}
		{006B7B95-E36E-44E4-9EA9-A0DCEAE21946}.7 = {1D143062-E533-45FA-9272-276217E0B5A9}
		{006B7B95-E36E-44E4-9EA9-A0DCEAE21946}.8 = {3A7636BE-1E4A-4B8E-A08C-2DB829BA4A04}
		{006B7B95-E36E-44E4-9EA9-A0DCEAE21946}.9 = {5C6C366E-DF63-4EBC-8F55-F479F969806A}
		{006B7B95-E36E-44E4-9EA9-A0DCEAE21946}.10 = {62BC31F7-8652-4E62-98AA-96C0E3621320}
		{006B7B95-E36E-44E4-9EA9-A0DCEAE21946}.11 = {D9E62ABC-2A09-4B2C-BBAB-984A50A16FF4}
		{006B7B95-E36E-44E4-9EA9-A0DCEAE21946}.12 = {8F64CAED-8077-4B11-B4F1-7E9548C4161B}
		{006B7B95-E36E-44E4-9EA9-A0DCEAE21946}.13 = {689AC430-E27E-49EA-9A78-24B2C3ECBF36}
		{006B7B95-E36E-44E4-9EA9-A0DCEAE21946}.14 = {6C4A4827-9E70-4709-8377-0BD9C020C3C7}
		{006B7B95-E36E-44E4-9EA9-A0DCEAE21946}.15 = {168D26B5-3FA1-433B-97D2-859714C4AB2A}
		{006B7B95-E36E-44E4-9EA9-A0DCEAE21946}.16 = {B8DBFE92-1D47-497E-A276-D8FA1A873535}
		{006B7B95-E36E-44E4-9EA9-A0DCEAE21946}.17 = {0E296DE8-35D8-4ACB-B315-219BDAB97AED}
		{006B7B95-E36E-44E4-9EA9-A0DCEAE21946}.18 = {F7E13E1E-539E-478F-A7DB-CCAB8BDBBEF8}
		{006B7B95-E36E-44E4-9EA9-A0DCEAE21946}.19 = {8AC085BE-7D3A-4F53-B6E7-48F0E414A203}
		{006B7B95-E36E-44E4-9EA9-A0DCEAE21946}.20 = {57CB554E-F293-4F8B-8A24-4A966F4CC030}
		{C4B85329-41D8-4652-B951-7FC3C08C65BE}.0 = {9250B01C-DF75-4CB0-8417-2C86906A9837}
		{C4B85329-41D8-4652-B951-7FC3C08C65BE}.1 = {8AF2836C-951F-4B50-9C59-044D5094DD1A}
		{C4B85329-41D8-4652-B951-7FC3C08C65BE}.2 = {6825851C-2525-40C9-A926-F732C730037C}
		{C4B85329-41D8-4652-B951-7FC3C08C65BE}.3 = {202ACB51-15D6-40D6-A1DA-FF1D8269BD19}
		{C4B85329-41D8-4652-B951-7FC3C08C65BE}.4 = {B1A3B1C4-FAC5-465F-B84A-FC863B6DDD34}
		{C4B85329-41D8-4652-B951-7FC3C08C65BE}.5 = {B997C339-5F3A-4FEA-9737-A2ED454AFF53}
		{C4B85329-41D8-4652-B951-7FC3C08C65BE}.6 = {33BAC338-FD74-4237-883E-A9B1D9A06218}
		{C4B85329-41D8-4652-B951-7FC3C08C65BE}.7 = {AA07FAB6-DEFA-456A-AEE3-235E9FA2047A}
		{C4B85329-41D8-4652-B951-7FC3C08C65BE}.8 = {9F8D7F32-4602-41FA-9A94-1A5B2703913B}
		{307B3631-A733-40FA-A454-75091AB0841E}.0 = {FE4A331E-61A9-4712-8E11-97FED1E5632A}
		{307B3631-A733-40FA-A454-75091AB0841E}.1 = {57CB554E-F293-4F8B-8A24-4A966F4CC030}
		{1F2A870B-0AC3-4E5F-9416-1FB84E37C1DD}.0 = {57CB554E-F293-4F8B-8A24-4A966F4CC030}
		{8AF2836C-951F-4B50-9C59-044D5094DD1A}.0 = {B997C339-5F3A-4FEA-9737-A2ED454AFF53}
		{9250B01C-DF75-4CB0-8417-2C86906A9837}.0 = {B997C339-5F3A-4FEA-9737-A2ED454AFF53}
		{9F8D7F32-4602-41FA-9A94-1A5B2703913B}.0 = {B997C339-5F3A-4FEA-9737-A2ED454AFF53}
		{AA07FAB6-DEFA-456A-AEE3-235E9FA2047A}.0 = {B997C339-5F3A-4FEA-9737-A2ED454AFF53}
		{33BAC338-FD74-4237-883E-A9B1D9A06218}.0 = {B997C339-5F3A-4FEA-9737-A2ED454AFF53}
		{5AD50EA9-C4AC-42CC-AFF9-0866DC434BB3}.0 = {B997C339-5F3A-4FEA-9737-A2ED454AFF53}
		{B1A3B1C4-FAC5-465F-B84A-FC863B6DDD34}.0 = {B997C339-5F3A-4FEA-9737-A2ED454AFF53}
		{3B9DFA68-6AEB-4068-8265-CBC8E7C2D645}.0 = {B997C339-5F3A-4FEA-9737-A2ED454AFF53}
		{202ACB51-15D6-40D6-A1DA-FF1D8269BD19}.0 = {B997C339-5F3A-4FEA-9737-A2ED454AFF53}
		{5BB0FD67-7922-4F44-9155-AED817C86BD2}.0 = {86538815-DC82-468C-BAA0-173C37446A48}
		{6825851C-2525-40C9-A926-F732C730037C}.0 = {B997C339-5F3A-4FEA-9737-A2ED454AFF53}
	EndGlobalSection
	GlobalSection(ProjectConfiguration) = postSolution
		{8AC085BE-7D3A-4F53-B6E7-48F0E414A203}.Debug.ActiveCfg = Debug|Win32
		{8AC085BE-7D3A-4F53-B6E7-48F0E414A203}.Debug.Build.0 = Debug|Win32
		{8AC085BE-7D3A-4F53-B6E7-48F0E414A203}.Release.ActiveCfg = Release|Win32
		{8AC085BE-7D3A-4F53-B6E7-48F0E414A203}.Release.Build.0 = Release|Win32
		{8F7B2EB0-0AB1-4869-99AD-9F486F5AB51E}.Debug.ActiveCfg = Debug|Win32
		{8F7B2EB0-0AB1-4869-99AD-9F486F5AB51E}.Debug.Build.0 = Debug|Win32
		{8F7B2EB0-0AB1-4869-99AD-9F486F5AB51E}.Release.ActiveCfg = Release|Win32
		{8F7B2EB0-0AB1-4869-99AD-9F486F5AB51E}.Release.Build.0 = Release|Win32
		{9EB769D7-0813-407E-B795-7FA7C60FAF02}.Debug.ActiveCfg = Debug|Win32
		{9EB769D7-0813-407E-B795-7FA7C60FAF02}.Debug.Build.0 = Debug|Win32
		{9EB769D7-0813-407E-B795-7FA7C60FAF02}.Release.ActiveCfg = Release|Win32
		{9EB769D7-0813-407E-B795-7FA7C60FAF02}.Release.Build.0 = Release|Win32
		{F8E3939C-B4B2-4931-AE83-8A4F43EC5A65}.Debug.ActiveCfg = Debug|Win32
		{F8E3939C-B4B2-4931-AE83-8A4F43EC5A65}.Debug.Build.0 = Debug|Win32
		{F8E3939C-B4B2-4931-AE83-8A4F43EC5A65}.Release.ActiveCfg = Release|Win32
		{F8E3939C-B4B2-4931-AE83-8A4F43EC5A65}.Release.Build.0 = Release|Win32
		{671553FC-687D-4BBD-A1F3-E6847427E809}.Debug.ActiveCfg = Debug|Win32
		{671553FC-687D-4BBD-A1F3-E6847427E809}.Debug.Build.0 = Debug|Win32
		{671553FC-687D-4BBD-A1F3-E6847427E809}.Release.ActiveCfg = Release|Win32
		{671553FC-687D-4BBD-A1F3-E6847427E809}.Release.Build.0 = Release|Win32
		{F7E13E1E-539E-478F-A7DB-CCAB8BDBBEF8}.Debug.ActiveCfg = Debug|Win32
		{F7E13E1E-539E-478F-A7DB-CCAB8BDBBEF8}.Debug.Build.0 = Debug|Win32
		{F7E13E1E-539E-478F-A7DB-CCAB8BDBBEF8}.Release.ActiveCfg = Release|Win32
		{F7E13E1E-539E-478F-A7DB-CCAB8BDBBEF8}.Release.Build.0 = Release|Win32
		{FE4A331E-61A9-4712-8E11-97FED1E5632A}.Debug.ActiveCfg = Debug|Win32
		{FE4A331E-61A9-4712-8E11-97FED1E5632A}.Debug.Build.0 = Debug|Win32
		{FE4A331E-61A9-4712-8E11-97FED1E5632A}.Release.ActiveCfg = Release|Win32
		{FE4A331E-61A9-4712-8E11-97FED1E5632A}.Release.Build.0 = Release|Win32
		{0E296DE8-35D8-4ACB-B315-219BDAB97AED}.Debug.ActiveCfg = Debug|Win32
		{0E296DE8-35D8-4ACB-B315-219BDAB97AED}.Debug.Build.0 = Debug|Win32
		{0E296DE8-35D8-4ACB-B315-219BDAB97AED}.Release.ActiveCfg = Release|Win32
		{0E296DE8-35D8-4ACB-B315-219BDAB97AED}.Release.Build.0 = Release|Win32
		{B8DBFE92-1D47-497E-A276-D8FA1A873535}.Debug.ActiveCfg = Debug|Win32
		{B8DBFE92-1D47-497E-A276-D8FA1A873535}.Debug.Build.0 = Debug|Win32
		{B8DBFE92-1D47-497E-A276-D8FA1A873535}.Release.ActiveCfg = Release|Win32
		{B8DBFE92-1D47-497E-A276-D8FA1A873535}.Release.Build.0 = Release|Win32
		{168D26B5-3FA1-433B-97D2-859714C4AB2A}.Debug.ActiveCfg = Debug|Win32
		{168D26B5-3FA1-433B-97D2-859714C4AB2A}.Debug.Build.0 = Debug|Win32
		{168D26B5-3FA1-433B-97D2-859714C4AB2A}.Release.ActiveCfg = Release|Win32
		{168D26B5-3FA1-433B-97D2-859714C4AB2A}.Release.Build.0 = Release|Win32
		{6C4A4827-9E70-4709-8377-0BD9C020C3C7}.Debug.ActiveCfg = Debug|Win32
		{6C4A4827-9E70-4709-8377-0BD9C020C3C7}.Debug.Build.0 = Debug|Win32
		{6C4A4827-9E70-4709-8377-0BD9C020C3C7}.Release.ActiveCfg = Release|Win32
		{6C4A4827-9E70-4709-8377-0BD9C020C3C7}.Release.Build.0 = Release|Win32
		{3A7636BE-1E4A-4B8E-A08C-2DB829BA4A04}.Debug.ActiveCfg = Debug|Win32
		{3A7636BE-1E4A-4B8E-A08C-2DB829BA4A04}.Debug.Build.0 = Debug|Win32
		{3A7636BE-1E4A-4B8E-A08C-2DB829BA4A04}.Release.ActiveCfg = Release|Win32
		{3A7636BE-1E4A-4B8E-A08C-2DB829BA4A04}.Release.Build.0 = Release|Win32
		{1D143062-E533-45FA-9272-276217E0B5A9}.Debug.ActiveCfg = Debug|Win32
		{1D143062-E533-45FA-9272-276217E0B5A9}.Debug.Build.0 = Debug|Win32
		{1D143062-E533-45FA-9272-276217E0B5A9}.Release.ActiveCfg = Release|Win32
		{1D143062-E533-45FA-9272-276217E0B5A9}.Release.Build.0 = Release|Win32
		{C597604C-4742-4A81-95C8-1FD28D454228}.Debug.ActiveCfg = Debug|Win32
		{C597604C-4742-4A81-95C8-1FD28D454228}.Debug.Build.0 = Debug|Win32
		{C597604C-4742-4A81-95C8-1FD28D454228}.Release.ActiveCfg = Release|Win32
		{C597604C-4742-4A81-95C8-1FD28D454228}.Release.Build.0 = Release|Win32
		{8F64CAED-8077-4B11-B4F1-7E9548C4161B}.Debug.ActiveCfg = Debug|Win32
		{8F64CAED-8077-4B11-B4F1-7E9548C4161B}.Debug.Build.0 = Debug|Win32
		{8F64CAED-8077-4B11-B4F1-7E9548C4161B}.Release.ActiveCfg = Release|Win32
		{8F64CAED-8077-4B11-B4F1-7E9548C4161B}.Release.Build.0 = Release|Win32
		{94509F6A-5DBD-48D1-BDB3-55CB3035F419}.Debug.ActiveCfg = Debug|Win32
		{94509F6A-5DBD-48D1-BDB3-55CB3035F419}.Debug.Build.0 = Debug|Win32
		{94509F6A-5DBD-48D1-BDB3-55CB3035F419}.Release.ActiveCfg = Release|Win32
		{94509F6A-5DBD-48D1-BDB3-55CB3035F419}.Release.Build.0 = Release|Win32
		{421464F1-CA2F-422F-9AE1-3C2F27855898}.Debug.ActiveCfg = Debug|Win32
		{421464F1-CA2F-422F-9AE1-3C2F27855898}.Debug.Build.0 = Debug|Win32
		{421464F1-CA2F-422F-9AE1-3C2F27855898}.Release.ActiveCfg = Release|Win32
		{421464F1-CA2F-422F-9AE1-3C2F27855898}.Release.Build.0 = Release|Win32
		{5C6C366E-DF63-4EBC-8F55-F479F969806A}.Debug.ActiveCfg = Debug|Win32
		{5C6C366E-DF63-4EBC-8F55-F479F969806A}.Debug.Build.0 = Debug|Win32
		{5C6C366E-DF63-4EBC-8F55-F479F969806A}.Release.ActiveCfg = Release|Win32
		{5C6C366E-DF63-4EBC-8F55-F479F969806A}.Release.Build.0 = Release|Win32
		{689AC430-E27E-49EA-9A78-24B2C3ECBF36}.Debug.ActiveCfg = Debug|Win32
		{689AC430-E27E-49EA-9A78-24B2C3ECBF36}.Debug.Build.0 = Debug|Win32
		{689AC430-E27E-49EA-9A78-24B2C3ECBF36}.Release.ActiveCfg = Release|Win32
		{689AC430-E27E-49EA-9A78-24B2C3ECBF36}.Release.Build.0 = Release|Win32
		{D9E62ABC-2A09-4B2C-BBAB-984A50A16FF4}.Debug.ActiveCfg = Debug|Win32
		{D9E62ABC-2A09-4B2C-BBAB-984A50A16FF4}.Debug.Build.0 = Debug|Win32
		{D9E62ABC-2A09-4B2C-BBAB-984A50A16FF4}.Release.ActiveCfg = Release|Win32
		{D9E62ABC-2A09-4B2C-BBAB-984A50A16FF4}.Release.Build.0 = Release|Win32
		{69679AE0-7850-46B1-AD3D-28BEAE7E550B}.Debug.ActiveCfg = Debug|Win32
		{69679AE0-7850-46B1-AD3D-28BEAE7E550B}.Debug.Build.0 = Debug|Win32
		{69679AE0-7850-46B1-AD3D-28BEAE7E550B}.Release.ActiveCfg = Release|Win32
		{69679AE0-7850-46B1-AD3D-28BEAE7E550B}.Release.Build.0 = Release|Win32
		{62BC31F7-8652-4E62-98AA-96C0E3621320}.Debug.ActiveCfg = Debug|Win32
		{62BC31F7-8652-4E62-98AA-96C0E3621320}.Debug.Build.0 = Debug|Win32
		{62BC31F7-8652-4E62-98AA-96C0E3621320}.Release.ActiveCfg = Release|Win32
		{62BC31F7-8652-4E62-98AA-96C0E3621320}.Release.Build.0 = Release|Win32
		{40EDBACB-B7B9-41BC-92C6-429F2436972F}.Debug.ActiveCfg = Debug|Win32
		{40EDBACB-B7B9-41BC-92C6-429F2436972F}.Debug.Build.0 = Debug|Win32
		{40EDBACB-B7B9-41BC-92C6-429F2436972F}.Release.ActiveCfg = Release|Win32
		{40EDBACB-B7B9-41BC-92C6-429F2436972F}.Release.Build.0 = Release|Win32
		{53CA3B98-1EAB-447A-B224-80080CBA043F}.Debug.ActiveCfg = Debug|Win32
		{53CA3B98-1EAB-447A-B224-80080CBA043F}.Debug.Build.0 = Debug|Win32
		{53CA3B98-1EAB-447A-B224-80080CBA043F}.Release.ActiveCfg = Release|Win32
		{53CA3B98-1EAB-447A-B224-80080CBA043F}.Release.Build.0 = Release|Win32
		{A24ABA1B-DDD1-4EB8-82DC-A391388476C4}.Debug.ActiveCfg = Debug|Win32
		{A24ABA1B-DDD1-4EB8-82DC-A391388476C4}.Debug.Build.0 = Debug|Win32
		{A24ABA1B-DDD1-4EB8-82DC-A391388476C4}.Release.ActiveCfg = Release|Win32
		{A24ABA1B-DDD1-4EB8-82DC-A391388476C4}.Release.Build.0 = Release|Win32
		{86538815-DC82-468C-BAA0-173C37446A48}.Debug.ActiveCfg = Debug|Win32
		{86538815-DC82-468C-BAA0-173C37446A48}.Debug.Build.0 = Debug|Win32
		{86538815-DC82-468C-BAA0-173C37446A48}.Release.ActiveCfg = Release|Win32
		{86538815-DC82-468C-BAA0-173C37446A48}.Release.Build.0 = Release|Win32
		{5D14A164-DE97-4BA0-8E5D-B046C6D082D8}.Debug.ActiveCfg = Debug|Win32
		{5D14A164-DE97-4BA0-8E5D-B046C6D082D8}.Debug.Build.0 = Debug|Win32
		{5D14A164-DE97-4BA0-8E5D-B046C6D082D8}.Release.ActiveCfg = Release|Win32
		{5D14A164-DE97-4BA0-8E5D-B046C6D082D8}.Release.Build.0 = Release|Win32
		{D0330790-A298-42B4-B559-4635C7DFC91B}.Debug.ActiveCfg = Debug|Win32
		{D0330790-A298-42B4-B559-4635C7DFC91B}.Debug.Build.0 = Debug|Win32
		{D0330790-A298-42B4-B559-4635C7DFC91B}.Release.ActiveCfg = Release|Win32
		{D0330790-A298-42B4-B559-4635C7DFC91B}.Release.Build.0 = Release|Win32
		{57CB554E-F293-4F8B-8A24-4A966F4CC030}.Debug.ActiveCfg = Debug|Win32
		{57CB554E-F293-4F8B-8A24-4A966F4CC030}.Debug.Build.0 = Debug|Win32
		{57CB554E-F293-4F8B-8A24-4A966F4CC030}.Release.ActiveCfg = Release|Win32
		{57CB554E-F293-4F8B-8A24-4A966F4CC030}.Release.Build.0 = Release|Win32
		{006B7B95-E36E-44E4-9EA9-A0DCEAE21946}.Debug.ActiveCfg = Debug|Win32
		{006B7B95-E36E-44E4-9EA9-A0DCEAE21946}.Debug.Build.0 = Debug|Win32
		{006B7B95-E36E-44E4-9EA9-A0DCEAE21946}.Release.ActiveCfg = Release|Win32
		{006B7B95-E36E-44E4-9EA9-A0DCEAE21946}.Release.Build.0 = Release|Win32
		{C4B85329-41D8-4652-B951-7FC3C08C65BE}.Debug.ActiveCfg = Debug|Win32
		{C4B85329-41D8-4652-B951-7FC3C08C65BE}.Debug.Build.0 = Debug|Win32
		{C4B85329-41D8-4652-B951-7FC3C08C65BE}.Release.ActiveCfg = Release|Win32
		{C4B85329-41D8-4652-B951-7FC3C08C65BE}.Release.Build.0 = Release|Win32
		{307B3631-A733-40FA-A454-75091AB0841E}.Debug.ActiveCfg = Debug|Win32
		{307B3631-A733-40FA-A454-75091AB0841E}.Debug.Build.0 = Debug|Win32
		{307B3631-A733-40FA-A454-75091AB0841E}.Release.ActiveCfg = Release|Win32
		{307B3631-A733-40FA-A454-75091AB0841E}.Release.Build.0 = Release|Win32
		{1F2A870B-0AC3-4E5F-9416-1FB84E37C1DD}.Debug.ActiveCfg = Debug|Win32
		{1F2A870B-0AC3-4E5F-9416-1FB84E37C1DD}.Debug.Build.0 = Debug|Win32
		{1F2A870B-0AC3-4E5F-9416-1FB84E37C1DD}.Release.ActiveCfg = Release|Win32
		{1F2A870B-0AC3-4E5F-9416-1FB84E37C1DD}.Release.Build.0 = Release|Win32
		{C1CC98E9-738A-40D7-9D1D-38247E7F2CF4}.Debug.ActiveCfg = Debug|Win32
		{C1CC98E9-738A-40D7-9D1D-38247E7F2CF4}.Debug.Build.0 = Debug|Win32
		{C1CC98E9-738A-40D7-9D1D-38247E7F2CF4}.Release.ActiveCfg = Release|Win32
		{C1CC98E9-738A-40D7-9D1D-38247E7F2CF4}.Release.Build.0 = Release|Win32
		{8AF2836C-951F-4B50-9C59-044D5094DD1A}.Debug.ActiveCfg = Debug|Win32
		{8AF2836C-951F-4B50-9C59-044D5094DD1A}.Debug.Build.0 = Debug|Win32
		{8AF2836C-951F-4B50-9C59-044D5094DD1A}.Release.ActiveCfg = Release|Win32
		{8AF2836C-951F-4B50-9C59-044D5094DD1A}.Release.Build.0 = Release|Win32
		{9250B01C-DF75-4CB0-8417-2C86906A9837}.Debug.ActiveCfg = Debug|Win32
		{9250B01C-DF75-4CB0-8417-2C86906A9837}.Debug.Build.0 = Debug|Win32
		{9250B01C-DF75-4CB0-8417-2C86906A9837}.Release.ActiveCfg = Release|Win32
		{9250B01C-DF75-4CB0-8417-2C86906A9837}.Release.Build.0 = Release|Win32
		{9F8D7F32-4602-41FA-9A94-1A5B2703913B}.Debug.ActiveCfg = Debug|Win32
		{9F8D7F32-4602-41FA-9A94-1A5B2703913B}.Debug.Build.0 = Debug|Win32
		{9F8D7F32-4602-41FA-9A94-1A5B2703913B}.Release.ActiveCfg = Release|Win32
		{9F8D7F32-4602-41FA-9A94-1A5B2703913B}.Release.Build.0 = Release|Win32
		{AA07FAB6-DEFA-456A-AEE3-235E9FA2047A}.Debug.ActiveCfg = Debug|Win32
		{AA07FAB6-DEFA-456A-AEE3-235E9FA2047A}.Debug.Build.0 = Debug|Win32
		{AA07FAB6-DEFA-456A-AEE3-235E9FA2047A}.Release.ActiveCfg = Release|Win32
		{AA07FAB6-DEFA-456A-AEE3-235E9FA2047A}.Release.Build.0 = Release|Win32
		{33BAC338-FD74-4237-883E-A9B1D9A06218}.Debug.ActiveCfg = Debug|Win32
		{33BAC338-FD74-4237-883E-A9B1D9A06218}.Debug.Build.0 = Debug|Win32
		{33BAC338-FD74-4237-883E-A9B1D9A06218}.Release.ActiveCfg = Release|Win32
		{33BAC338-FD74-4237-883E-A9B1D9A06218}.Release.Build.0 = Release|Win32
		{5AD50EA9-C4AC-42CC-AFF9-0866DC434BB3}.Debug.ActiveCfg = Debug|Win32
		{5AD50EA9-C4AC-42CC-AFF9-0866DC434BB3}.Debug.Build.0 = Debug|Win32
		{5AD50EA9-C4AC-42CC-AFF9-0866DC434BB3}.Release.ActiveCfg = Release|Win32
		{5AD50EA9-C4AC-42CC-AFF9-0866DC434BB3}.Release.Build.0 = Release|Win32
		{B997C339-5F3A-4FEA-9737-A2ED454AFF53}.Debug.ActiveCfg = Debug|Win32
		{B997C339-5F3A-4FEA-9737-A2ED454AFF53}.Debug.Build.0 = Debug|Win32
		{B997C339-5F3A-4FEA-9737-A2ED454AFF53}.Release.ActiveCfg = Release|Win32
		{B997C339-5F3A-4FEA-9737-A2ED454AFF53}.Release.Build.0 = Release|Win32
		{B1A3B1C4-FAC5-465F-B84A-FC863B6DDD34}.Debug.ActiveCfg = Debug|Win32
		{B1A3B1C4-FAC5-465F-B84A-FC863B6DDD34}.Debug.Build.0 = Debug|Win32
		{B1A3B1C4-FAC5-465F-B84A-FC863B6DDD34}.Release.ActiveCfg = Release|Win32
		{B1A3B1C4-FAC5-465F-B84A-FC863B6DDD34}.Release.Build.0 = Release|Win32
		{3B9DFA68-6AEB-4068-8265-CBC8E7C2D645}.Debug.ActiveCfg = Debug|Win32
		{3B9DFA68-6AEB-4068-8265-CBC8E7C2D645}.Debug.Build.0 = Debug|Win32
		{3B9DFA68-6AEB-4068-8265-CBC8E7C2D645}.Release.ActiveCfg = Release|Win32
		{3B9DFA68-6AEB-4068-8265-CBC8E7C2D645}.Release.Build.0 = Release|Win32
		{202ACB51-15D6-40D6-A1DA-FF1D8269BD19}.Debug.ActiveCfg = Debug|Win32
		{202ACB51-15D6-40D6-A1DA-FF1D8269BD19}.Debug.Build.0 = Debug|Win32
		{202ACB51-15D6-40D6-A1DA-FF1D8269BD19}.Release.ActiveCfg = Release|Win32
		{202ACB51-15D6-40D6-A1DA-FF1D8269BD19}.Release.Build.0 = Release|Win32
		{5BB0FD67-7922-4F44-9155-AED817C86BD2}.Debug.ActiveCfg = Debug|Win32
		{5BB0FD67-7922-4F44-9155-AED817C86BD2}.Debug.Build.0 = Debug|Win32
		{5BB0FD67-7922-4F44-9155-AED817C86BD2}.Release.ActiveCfg = Release|Win32
		{5BB0FD67-7922-4F44-9155-AED817C86BD2}.Release.Build.0 = Release|Win32
		{6825851C-2525-40C9-A926-F732C730037C}.Debug.ActiveCfg = Debug|Win32
		{6825851C-2525-40C9-A926-F732C730037C}.Debug.Build.0 = Debug|Win32
		{6825851C-2525-40C9-A926-F732C730037C}.Release.ActiveCfg = Release|Win32
		{6825851C-2525-40C9-A926-F732C730037C}.Release.Build.0 = Release|Win32
		{CC68FAAF-85FF-4EAD-BBA7-AEB4C4ECEE81}.Debug.ActiveCfg = Debug|Win32
		{CC68FAAF-85FF-4EAD-BBA7-AEB4C4ECEE81}.Debug.Build.0 = Debug|Win32
		{CC68FAAF-85FF-4EAD-BBA7-AEB4C4ECEE81}.Release.ActiveCfg = Release|Win32
		{CC68FAAF-85FF-4EAD-BBA7-AEB4C4ECEE81}.Release.Build.0 = Release|Win32
	EndGlobalSection
	GlobalSection(ExtensibilityGlobals) = postSolution
	EndGlobalSection
	GlobalSection(ExtensibilityAddIns) = postSolution
	EndGlobalSection
EndGlobal
