Microsoft Visual Studio Solution File, Format Version 7.00
Project("{8BC9CEB8-8B4A-11D0-8D11-00A0C91BC942}") = "AAFBasicInterpolators", "ref-impl\AAFBasicInterpolators\AAFBasicInterpolators.vcproj", "{09102C18-D0D4-4C9F-B6D5-103C4F2FDD26}"
EndProject
Project("{8BC9CEB8-8B4A-11D0-8D11-00A0C91BC942}") = "AAFConverterLib", "Utilities\AAFConverterLib\AAFConverterLib.vcproj", "{5DD49375-8B4E-483E-B137-EDEFB6B8CBE6}"
EndProject
Project("{8BC9CEB8-8B4A-11D0-8D11-00A0C91BC942}") = "AAFIID", "ref-impl\AAFIID\AAFIID.vcproj", "{41FCF60F-5535-409A-960B-60EDF9911C9F}"
EndProject
Project("{8BC9CEB8-8B4A-11D0-8D11-00A0C91BC942}") = "AAFLIB", "ref-impl\aaflib\AAFLIB.vcproj", "{C77C91C2-07FD-411A-843E-FAF050D1ACBA}"
EndProject
Project("{8BC9CEB8-8B4A-11D0-8D11-00A0C91BC942}") = "AAFStandardCodecs", "ref-impl\AAFStandardCodecs\AAFStandardCodecs.vcproj", "{5798D4CE-1145-48F7-ACC7-2F0DBA3F8BB9}"
EndProject
Project("{8BC9CEB8-8B4A-11D0-8D11-00A0C91BC942}") = "AafOmf", "Utilities\AafOmf\AafOmf.vcproj", "{7FF7DFD3-3A02-4399-A24C-7239B55118A6}"
EndProject
Project("{8BC9CEB8-8B4A-11D0-8D11-00A0C91BC942}") = "ComAAFInfo", "examples\com-api\ComAAFInfo\ComAAFInfo.vcproj", "{C2B93C31-4650-4E5D-84B0-B890B845F2C3}"
EndProject
Project("{8BC9CEB8-8B4A-11D0-8D11-00A0C91BC942}") = "ComClientTestAAF", "examples\com-api\ComClientTestAAF\ComClientTestAAF.vcproj", "{73704028-1544-4FC4-96FF-617C317510C7}"
EndProject
Project("{8BC9CEB8-8B4A-11D0-8D11-00A0C91BC942}") = "ComCutsTestAAF", "examples\com-api\ComCutsTestAAF\ComCutsTestAAF.vcproj", "{66AD4FAB-88C8-4E69-9991-450B017806CE}"
EndProject
Project("{8BC9CEB8-8B4A-11D0-8D11-00A0C91BC942}") = "ComEssenceDataTest", "examples\com-api\ComEssenceDataTest\ComEssenceDataTest.vcproj", "{A57B181C-07CF-4D32-AC65-E4CCAF0BDA8B}"
EndProject
Project("{8BC9CEB8-8B4A-11D0-8D11-00A0C91BC942}") = "ComExtensionRead", "examples\com-api\ComExtension\ComExtensionRead.vcproj", "{3F3EFC4A-2C77-4988-B3C4-D5D2241342C5}"
EndProject
Project("{8BC9CEB8-8B4A-11D0-8D11-00A0C91BC942}") = "ComExtensionWrite", "examples\com-api\ComExtension\ComExtensionWrite.vcproj", "{4694ED3E-AED7-4FB5-869D-E29425C09B38}"
EndProject
Project("{8BC9CEB8-8B4A-11D0-8D11-00A0C91BC942}") = "ComFileKindTest", "Test\com\ComFileKindTest\ComFileKindTest.vcproj", "{7DDB0A69-BF2A-4E9B-9B9A-86B0C82178FB}"
EndProject
Project("{8BC9CEB8-8B4A-11D0-8D11-00A0C91BC942}") = "ComModTestAAF", "Test\com\ComModTestAAF\ComModTestAAF.vcproj", "{73F03DAE-0330-49F4-8861-92A0AB59DD77}"
EndProject
Project("{8BC9CEB8-8B4A-11D0-8D11-00A0C91BC942}") = "ComPersonnelExtension", "examples\com-api\ComPersonnelExtension\ComPersonnelExtension.vcproj", "{5A7FD935-5630-4905-BCBE-F8BD0ABB3109}"
EndProject
Project("{8BC9CEB8-8B4A-11D0-8D11-00A0C91BC942}") = "ComPersonnelPluginWrite", "examples\com-api\ComPersonnelExtension\ComPersonnelPluginWrite.vcproj", "{5DBD2F87-A3AE-4567-828B-C567C4B0479D}"
EndProject
Project("{8BC9CEB8-8B4A-11D0-8D11-00A0C91BC942}") = "ComPropDirectAccess", "examples\com-api\ComPropDirectAccess\ComPropDirectAccess.vcproj", "{65E33FFF-B559-40D1-A221-82C6ABA410AE}"
EndProject
Project("{8BC9CEB8-8B4A-11D0-8D11-00A0C91BC942}") = "ComPropDirectDump", "examples\com-api\ComPropDirectDump\ComPropDirectDump.vcproj", "{0BA97AB3-F97E-4AE0-8354-F1C17E235A60}"
EndProject
Project("{8BC9CEB8-8B4A-11D0-8D11-00A0C91BC942}") = "CreateSequence", "Test\com\CreateSequence\CreateSequence.vcproj", "{79DB03C5-2EA9-4647-9DFD-5AE78BD2C449}"
EndProject
Project("{8BC9CEB8-8B4A-11D0-8D11-00A0C91BC942}") = "Dump", "DevUtils\dump\dump.vcproj", "{5A8E119D-414A-488A-A682-C1511AB4DDF2}"
EndProject
Project("{8BC9CEB8-8B4A-11D0-8D11-00A0C91BC942}") = "EssenceAccess", "Test\com\EssenceAccess\EssenceAccess.vcproj", "{3EC6C3DE-0E6E-46A4-846D-097B8593B816}"
EndProject
Project("{8BC9CEB8-8B4A-11D0-8D11-00A0C91BC942}") = "Everything", "Everything\Everything.vcproj", "{0D9E4A54-DE49-42F9-9AC5-A6D74EFEC8D8}"
EndProject
Project("{8BC9CEB8-8B4A-11D0-8D11-00A0C91BC942}") = "ExportAudioExample", "examples\com-api\ExportAudioExample\ExportAudioExample.vcproj", "{95BCDC80-1A94-479B-B943-1040B2EAE550}"
EndProject
Project("{8BC9CEB8-8B4A-11D0-8D11-00A0C91BC942}") = "ExportSimpleComposition", "examples\com-api\ExportSimpleComposition\ExportSimpleComposition.vcproj", "{83F41E2D-7592-4849-B28A-7E1359C5D0DA}"
EndProject
Project("{8BC9CEB8-8B4A-11D0-8D11-00A0C91BC942}") = "Impl", "ref-impl\Impl\Impl.vcproj", "{7B6C6F01-7BC8-47CE-94D2-529237174CF5}"
EndProject
Project("{8BC9CEB8-8B4A-11D0-8D11-00A0C91BC942}") = "ImportAudioExample", "examples\com-api\ImportAudioExample\ImportAudioExample.vcproj", "{28AFF262-3332-4296-BF84-B561D48451F1}"
EndProject
Project("{8BC9CEB8-8B4A-11D0-8D11-00A0C91BC942}") = "InfoDumper", "examples\com-api\InfoDumper\InfoDumper.vcproj", "{0551D3E5-E978-46CD-A344-E757CBCDE5FE}"
EndProject
Project("{8BC9CEB8-8B4A-11D0-8D11-00A0C91BC942}") = "MakeSDK", "MakeSDK.vcproj", "{31C74689-DE2E-47C4-AD20-60B1FA2257D1}"
EndProject
Project("{8BC9CEB8-8B4A-11D0-8D11-00A0C91BC942}") = "MakeSDKExamples", "MakeSDKExamples.vcproj", "{F14C7947-5B59-4697-BF4D-456F3B1B35CA}"
EndProject
Project("{8BC9CEB8-8B4A-11D0-8D11-00A0C91BC942}") = "MakeSDKUtilities", "MakeSDKUtilities.vcproj", "{509C6903-371A-4BAF-97DE-2F3C6A3D249A}"
EndProject
Project("{8BC9CEB8-8B4A-11D0-8D11-00A0C91BC942}") = "MultiGenTest", "TEST\COM\MultiGenTest\MultiGenTest.vcproj", "{716D9C10-512A-4C7D-A6C1-E6B4F8464278}"
EndProject
Project("{8BC9CEB8-8B4A-11D0-8D11-00A0C91BC942}") = "OM", "ref-impl\OM\Om.vcproj", "{97B57DC5-7FF1-4FA7-9AAD-78BCA3DDEDD2}"
EndProject
Project("{8BC9CEB8-8B4A-11D0-8D11-00A0C91BC942}") = "comapi", "ref-impl\comapi\comapi.vcproj", "{72083408-00E0-4B30-B90E-8A18489230E4}"
EndProject
Project("{8BC9CEB8-8B4A-11D0-8D11-00A0C91BC942}") = "libjpeg", "ref-impl\libjpeg\libjpeg.vcproj", "{D054D57E-54A2-4E0B-A33F-0EFCE9B6FBA7}"
EndProject
Global
	GlobalSection(SolutionConfiguration) = preSolution
		ConfigName.0 = Debug
		ConfigName.1 = Release
	EndGlobalSection
	GlobalSection(ProjectDependencies) = postSolution
		{09102C18-D0D4-4C9F-B6D5-103C4F2FDD26}.0 = {C77C91C2-07FD-411A-843E-FAF050D1ACBA}
		{09102C18-D0D4-4C9F-B6D5-103C4F2FDD26}.1 = {41FCF60F-5535-409A-960B-60EDF9911C9F}
		{5DD49375-8B4E-483E-B137-EDEFB6B8CBE6}.0 = {31C74689-DE2E-47C4-AD20-60B1FA2257D1}
		{5798D4CE-1145-48F7-ACC7-2F0DBA3F8BB9}.0 = {D054D57E-54A2-4E0B-A33F-0EFCE9B6FBA7}
		{5798D4CE-1145-48F7-ACC7-2F0DBA3F8BB9}.1 = {C77C91C2-07FD-411A-843E-FAF050D1ACBA}
		{5798D4CE-1145-48F7-ACC7-2F0DBA3F8BB9}.2 = {41FCF60F-5535-409A-960B-60EDF9911C9F}
		{7FF7DFD3-3A02-4399-A24C-7239B55118A6}.0 = {5DD49375-8B4E-483E-B137-EDEFB6B8CBE6}
		{7FF7DFD3-3A02-4399-A24C-7239B55118A6}.1 = {31C74689-DE2E-47C4-AD20-60B1FA2257D1}
		{C2B93C31-4650-4E5D-84B0-B890B845F2C3}.0 = {31C74689-DE2E-47C4-AD20-60B1FA2257D1}
		{73704028-1544-4FC4-96FF-617C317510C7}.0 = {31C74689-DE2E-47C4-AD20-60B1FA2257D1}
		{66AD4FAB-88C8-4E69-9991-450B017806CE}.0 = {31C74689-DE2E-47C4-AD20-60B1FA2257D1}
		{A57B181C-07CF-4D32-AC65-E4CCAF0BDA8B}.0 = {31C74689-DE2E-47C4-AD20-60B1FA2257D1}
		{3F3EFC4A-2C77-4988-B3C4-D5D2241342C5}.0 = {31C74689-DE2E-47C4-AD20-60B1FA2257D1}
		{4694ED3E-AED7-4FB5-869D-E29425C09B38}.0 = {31C74689-DE2E-47C4-AD20-60B1FA2257D1}
		{7DDB0A69-BF2A-4E9B-9B9A-86B0C82178FB}.0 = {31C74689-DE2E-47C4-AD20-60B1FA2257D1}
		{73F03DAE-0330-49F4-8861-92A0AB59DD77}.0 = {31C74689-DE2E-47C4-AD20-60B1FA2257D1}
		{5A7FD935-5630-4905-BCBE-F8BD0ABB3109}.0 = {31C74689-DE2E-47C4-AD20-60B1FA2257D1}
		{65E33FFF-B559-40D1-A221-82C6ABA410AE}.0 = {31C74689-DE2E-47C4-AD20-60B1FA2257D1}
		{0BA97AB3-F97E-4AE0-8354-F1C17E235A60}.0 = {31C74689-DE2E-47C4-AD20-60B1FA2257D1}
		{79DB03C5-2EA9-4647-9DFD-5AE78BD2C449}.0 = {31C74689-DE2E-47C4-AD20-60B1FA2257D1}
		{3EC6C3DE-0E6E-46A4-846D-097B8593B816}.0 = {31C74689-DE2E-47C4-AD20-60B1FA2257D1}
		{0D9E4A54-DE49-42F9-9AC5-A6D74EFEC8D8}.0 = {7DDB0A69-BF2A-4E9B-9B9A-86B0C82178FB}
		{0D9E4A54-DE49-42F9-9AC5-A6D74EFEC8D8}.1 = {509C6903-371A-4BAF-97DE-2F3C6A3D249A}
		{0D9E4A54-DE49-42F9-9AC5-A6D74EFEC8D8}.2 = {F14C7947-5B59-4697-BF4D-456F3B1B35CA}
		{0D9E4A54-DE49-42F9-9AC5-A6D74EFEC8D8}.3 = {31C74689-DE2E-47C4-AD20-60B1FA2257D1}
		{0D9E4A54-DE49-42F9-9AC5-A6D74EFEC8D8}.4 = {5A8E119D-414A-488A-A682-C1511AB4DDF2}
		{95BCDC80-1A94-479B-B943-1040B2EAE550}.0 = {31C74689-DE2E-47C4-AD20-60B1FA2257D1}
		{83F41E2D-7592-4849-B28A-7E1359C5D0DA}.0 = {31C74689-DE2E-47C4-AD20-60B1FA2257D1}
		{7B6C6F01-7BC8-47CE-94D2-529237174CF5}.0 = {97B57DC5-7FF1-4FA7-9AAD-78BCA3DDEDD2}
		{28AFF262-3332-4296-BF84-B561D48451F1}.0 = {31C74689-DE2E-47C4-AD20-60B1FA2257D1}
		{31C74689-DE2E-47C4-AD20-60B1FA2257D1}.0 = {5798D4CE-1145-48F7-ACC7-2F0DBA3F8BB9}
		{31C74689-DE2E-47C4-AD20-60B1FA2257D1}.1 = {09102C18-D0D4-4C9F-B6D5-103C4F2FDD26}
		{31C74689-DE2E-47C4-AD20-60B1FA2257D1}.2 = {72083408-00E0-4B30-B90E-8A18489230E4}
		{31C74689-DE2E-47C4-AD20-60B1FA2257D1}.3 = {C77C91C2-07FD-411A-843E-FAF050D1ACBA}
		{31C74689-DE2E-47C4-AD20-60B1FA2257D1}.4 = {41FCF60F-5535-409A-960B-60EDF9911C9F}
		{F14C7947-5B59-4697-BF4D-456F3B1B35CA}.0 = {716D9C10-512A-4C7D-A6C1-E6B4F8464278}
		{F14C7947-5B59-4697-BF4D-456F3B1B35CA}.1 = {0551D3E5-E978-46CD-A344-E757CBCDE5FE}
		{F14C7947-5B59-4697-BF4D-456F3B1B35CA}.2 = {28AFF262-3332-4296-BF84-B561D48451F1}
		{F14C7947-5B59-4697-BF4D-456F3B1B35CA}.3 = {83F41E2D-7592-4849-B28A-7E1359C5D0DA}
		{F14C7947-5B59-4697-BF4D-456F3B1B35CA}.4 = {95BCDC80-1A94-479B-B943-1040B2EAE550}
		{F14C7947-5B59-4697-BF4D-456F3B1B35CA}.5 = {5DBD2F87-A3AE-4567-828B-C567C4B0479D}
		{F14C7947-5B59-4697-BF4D-456F3B1B35CA}.6 = {5A7FD935-5630-4905-BCBE-F8BD0ABB3109}
		{F14C7947-5B59-4697-BF4D-456F3B1B35CA}.7 = {4694ED3E-AED7-4FB5-869D-E29425C09B38}
		{F14C7947-5B59-4697-BF4D-456F3B1B35CA}.8 = {3F3EFC4A-2C77-4988-B3C4-D5D2241342C5}
		{F14C7947-5B59-4697-BF4D-456F3B1B35CA}.9 = {65E33FFF-B559-40D1-A221-82C6ABA410AE}
		{F14C7947-5B59-4697-BF4D-456F3B1B35CA}.10 = {3EC6C3DE-0E6E-46A4-846D-097B8593B816}
		{F14C7947-5B59-4697-BF4D-456F3B1B35CA}.11 = {79DB03C5-2EA9-4647-9DFD-5AE78BD2C449}
		{F14C7947-5B59-4697-BF4D-456F3B1B35CA}.12 = {73F03DAE-0330-49F4-8861-92A0AB59DD77}
		{F14C7947-5B59-4697-BF4D-456F3B1B35CA}.13 = {0BA97AB3-F97E-4AE0-8354-F1C17E235A60}
		{F14C7947-5B59-4697-BF4D-456F3B1B35CA}.14 = {A57B181C-07CF-4D32-AC65-E4CCAF0BDA8B}
		{F14C7947-5B59-4697-BF4D-456F3B1B35CA}.15 = {66AD4FAB-88C8-4E69-9991-450B017806CE}
		{F14C7947-5B59-4697-BF4D-456F3B1B35CA}.16 = {73704028-1544-4FC4-96FF-617C317510C7}
		{F14C7947-5B59-4697-BF4D-456F3B1B35CA}.17 = {C2B93C31-4650-4E5D-84B0-B890B845F2C3}
		{F14C7947-5B59-4697-BF4D-456F3B1B35CA}.18 = {5798D4CE-1145-48F7-ACC7-2F0DBA3F8BB9}
		{F14C7947-5B59-4697-BF4D-456F3B1B35CA}.19 = {09102C18-D0D4-4C9F-B6D5-103C4F2FDD26}
		{F14C7947-5B59-4697-BF4D-456F3B1B35CA}.20 = {31C74689-DE2E-47C4-AD20-60B1FA2257D1}
		{509C6903-371A-4BAF-97DE-2F3C6A3D249A}.0 = {7FF7DFD3-3A02-4399-A24C-7239B55118A6}
		{509C6903-371A-4BAF-97DE-2F3C6A3D249A}.1 = {31C74689-DE2E-47C4-AD20-60B1FA2257D1}
		{716D9C10-512A-4C7D-A6C1-E6B4F8464278}.0 = {31C74689-DE2E-47C4-AD20-60B1FA2257D1}
		{72083408-00E0-4B30-B90E-8A18489230E4}.0 = {7B6C6F01-7BC8-47CE-94D2-529237174CF5}
	EndGlobalSection
	GlobalSection(ProjectConfiguration) = postSolution
		{09102C18-D0D4-4C9F-B6D5-103C4F2FDD26}.Debug.ActiveCfg = Debug|Win32
		{09102C18-D0D4-4C9F-B6D5-103C4F2FDD26}.Debug.Build.0 = Debug|Win32
		{09102C18-D0D4-4C9F-B6D5-103C4F2FDD26}.Release.ActiveCfg = Release|Win32
		{09102C18-D0D4-4C9F-B6D5-103C4F2FDD26}.Release.Build.0 = Release|Win32
		{5DD49375-8B4E-483E-B137-EDEFB6B8CBE6}.Debug.ActiveCfg = Debug|Win32
		{5DD49375-8B4E-483E-B137-EDEFB6B8CBE6}.Debug.Build.0 = Debug|Win32
		{5DD49375-8B4E-483E-B137-EDEFB6B8CBE6}.Release.ActiveCfg = Release|Win32
		{5DD49375-8B4E-483E-B137-EDEFB6B8CBE6}.Release.Build.0 = Release|Win32
		{41FCF60F-5535-409A-960B-60EDF9911C9F}.Debug.ActiveCfg = Debug|Win32
		{41FCF60F-5535-409A-960B-60EDF9911C9F}.Debug.Build.0 = Debug|Win32
		{41FCF60F-5535-409A-960B-60EDF9911C9F}.Release.ActiveCfg = Release|Win32
		{41FCF60F-5535-409A-960B-60EDF9911C9F}.Release.Build.0 = Release|Win32
		{C77C91C2-07FD-411A-843E-FAF050D1ACBA}.Debug.ActiveCfg = Debug|Win32
		{C77C91C2-07FD-411A-843E-FAF050D1ACBA}.Debug.Build.0 = Debug|Win32
		{C77C91C2-07FD-411A-843E-FAF050D1ACBA}.Release.ActiveCfg = Release|Win32
		{C77C91C2-07FD-411A-843E-FAF050D1ACBA}.Release.Build.0 = Release|Win32
		{5798D4CE-1145-48F7-ACC7-2F0DBA3F8BB9}.Debug.ActiveCfg = Debug|Win32
		{5798D4CE-1145-48F7-ACC7-2F0DBA3F8BB9}.Debug.Build.0 = Debug|Win32
		{5798D4CE-1145-48F7-ACC7-2F0DBA3F8BB9}.Release.ActiveCfg = Release|Win32
		{5798D4CE-1145-48F7-ACC7-2F0DBA3F8BB9}.Release.Build.0 = Release|Win32
		{7FF7DFD3-3A02-4399-A24C-7239B55118A6}.Debug.ActiveCfg = Debug|Win32
		{7FF7DFD3-3A02-4399-A24C-7239B55118A6}.Debug.Build.0 = Debug|Win32
		{7FF7DFD3-3A02-4399-A24C-7239B55118A6}.Release.ActiveCfg = Release|Win32
		{7FF7DFD3-3A02-4399-A24C-7239B55118A6}.Release.Build.0 = Release|Win32
		{C2B93C31-4650-4E5D-84B0-B890B845F2C3}.Debug.ActiveCfg = Debug|Win32
		{C2B93C31-4650-4E5D-84B0-B890B845F2C3}.Debug.Build.0 = Debug|Win32
		{C2B93C31-4650-4E5D-84B0-B890B845F2C3}.Release.ActiveCfg = Release|Win32
		{C2B93C31-4650-4E5D-84B0-B890B845F2C3}.Release.Build.0 = Release|Win32
		{73704028-1544-4FC4-96FF-617C317510C7}.Debug.ActiveCfg = Debug|Win32
		{73704028-1544-4FC4-96FF-617C317510C7}.Debug.Build.0 = Debug|Win32
		{73704028-1544-4FC4-96FF-617C317510C7}.Release.ActiveCfg = Release|Win32
		{73704028-1544-4FC4-96FF-617C317510C7}.Release.Build.0 = Release|Win32
		{66AD4FAB-88C8-4E69-9991-450B017806CE}.Debug.ActiveCfg = Debug|Win32
		{66AD4FAB-88C8-4E69-9991-450B017806CE}.Debug.Build.0 = Debug|Win32
		{66AD4FAB-88C8-4E69-9991-450B017806CE}.Release.ActiveCfg = Release|Win32
		{66AD4FAB-88C8-4E69-9991-450B017806CE}.Release.Build.0 = Release|Win32
		{A57B181C-07CF-4D32-AC65-E4CCAF0BDA8B}.Debug.ActiveCfg = Debug|Win32
		{A57B181C-07CF-4D32-AC65-E4CCAF0BDA8B}.Debug.Build.0 = Debug|Win32
		{A57B181C-07CF-4D32-AC65-E4CCAF0BDA8B}.Release.ActiveCfg = Release|Win32
		{A57B181C-07CF-4D32-AC65-E4CCAF0BDA8B}.Release.Build.0 = Release|Win32
		{3F3EFC4A-2C77-4988-B3C4-D5D2241342C5}.Debug.ActiveCfg = Debug|Win32
		{3F3EFC4A-2C77-4988-B3C4-D5D2241342C5}.Debug.Build.0 = Debug|Win32
		{3F3EFC4A-2C77-4988-B3C4-D5D2241342C5}.Release.ActiveCfg = Release|Win32
		{3F3EFC4A-2C77-4988-B3C4-D5D2241342C5}.Release.Build.0 = Release|Win32
		{4694ED3E-AED7-4FB5-869D-E29425C09B38}.Debug.ActiveCfg = Debug|Win32
		{4694ED3E-AED7-4FB5-869D-E29425C09B38}.Debug.Build.0 = Debug|Win32
		{4694ED3E-AED7-4FB5-869D-E29425C09B38}.Release.ActiveCfg = Release|Win32
		{4694ED3E-AED7-4FB5-869D-E29425C09B38}.Release.Build.0 = Release|Win32
		{7DDB0A69-BF2A-4E9B-9B9A-86B0C82178FB}.Debug.ActiveCfg = Debug|Win32
		{7DDB0A69-BF2A-4E9B-9B9A-86B0C82178FB}.Debug.Build.0 = Debug|Win32
		{7DDB0A69-BF2A-4E9B-9B9A-86B0C82178FB}.Release.ActiveCfg = Release|Win32
		{7DDB0A69-BF2A-4E9B-9B9A-86B0C82178FB}.Release.Build.0 = Release|Win32
		{73F03DAE-0330-49F4-8861-92A0AB59DD77}.Debug.ActiveCfg = Debug|Win32
		{73F03DAE-0330-49F4-8861-92A0AB59DD77}.Debug.Build.0 = Debug|Win32
		{73F03DAE-0330-49F4-8861-92A0AB59DD77}.Release.ActiveCfg = Release|Win32
		{73F03DAE-0330-49F4-8861-92A0AB59DD77}.Release.Build.0 = Release|Win32
		{5A7FD935-5630-4905-BCBE-F8BD0ABB3109}.Debug.ActiveCfg = Debug|Win32
		{5A7FD935-5630-4905-BCBE-F8BD0ABB3109}.Debug.Build.0 = Debug|Win32
		{5A7FD935-5630-4905-BCBE-F8BD0ABB3109}.Release.ActiveCfg = Release|Win32
		{5A7FD935-5630-4905-BCBE-F8BD0ABB3109}.Release.Build.0 = Release|Win32
		{5DBD2F87-A3AE-4567-828B-C567C4B0479D}.Debug.ActiveCfg = Debug|Win32
		{5DBD2F87-A3AE-4567-828B-C567C4B0479D}.Debug.Build.0 = Debug|Win32
		{5DBD2F87-A3AE-4567-828B-C567C4B0479D}.Release.ActiveCfg = Release|Win32
		{5DBD2F87-A3AE-4567-828B-C567C4B0479D}.Release.Build.0 = Release|Win32
		{65E33FFF-B559-40D1-A221-82C6ABA410AE}.Debug.ActiveCfg = Debug|Win32
		{65E33FFF-B559-40D1-A221-82C6ABA410AE}.Debug.Build.0 = Debug|Win32
		{65E33FFF-B559-40D1-A221-82C6ABA410AE}.Release.ActiveCfg = Release|Win32
		{65E33FFF-B559-40D1-A221-82C6ABA410AE}.Release.Build.0 = Release|Win32
		{0BA97AB3-F97E-4AE0-8354-F1C17E235A60}.Debug.ActiveCfg = Debug|Win32
		{0BA97AB3-F97E-4AE0-8354-F1C17E235A60}.Debug.Build.0 = Debug|Win32
		{0BA97AB3-F97E-4AE0-8354-F1C17E235A60}.Release.ActiveCfg = Release|Win32
		{0BA97AB3-F97E-4AE0-8354-F1C17E235A60}.Release.Build.0 = Release|Win32
		{79DB03C5-2EA9-4647-9DFD-5AE78BD2C449}.Debug.ActiveCfg = Debug|Win32
		{79DB03C5-2EA9-4647-9DFD-5AE78BD2C449}.Debug.Build.0 = Debug|Win32
		{79DB03C5-2EA9-4647-9DFD-5AE78BD2C449}.Release.ActiveCfg = Release|Win32
		{79DB03C5-2EA9-4647-9DFD-5AE78BD2C449}.Release.Build.0 = Release|Win32
		{5A8E119D-414A-488A-A682-C1511AB4DDF2}.Debug.ActiveCfg = Debug|Win32
		{5A8E119D-414A-488A-A682-C1511AB4DDF2}.Debug.Build.0 = Debug|Win32
		{5A8E119D-414A-488A-A682-C1511AB4DDF2}.Release.ActiveCfg = Release|Win32
		{5A8E119D-414A-488A-A682-C1511AB4DDF2}.Release.Build.0 = Release|Win32
		{3EC6C3DE-0E6E-46A4-846D-097B8593B816}.Debug.ActiveCfg = Debug|Win32
		{3EC6C3DE-0E6E-46A4-846D-097B8593B816}.Debug.Build.0 = Debug|Win32
		{3EC6C3DE-0E6E-46A4-846D-097B8593B816}.Release.ActiveCfg = Release|Win32
		{3EC6C3DE-0E6E-46A4-846D-097B8593B816}.Release.Build.0 = Release|Win32
		{0D9E4A54-DE49-42F9-9AC5-A6D74EFEC8D8}.Debug.ActiveCfg = Debug|Win32
		{0D9E4A54-DE49-42F9-9AC5-A6D74EFEC8D8}.Debug.Build.0 = Debug|Win32
		{0D9E4A54-DE49-42F9-9AC5-A6D74EFEC8D8}.Release.ActiveCfg = Release|Win32
		{0D9E4A54-DE49-42F9-9AC5-A6D74EFEC8D8}.Release.Build.0 = Release|Win32
		{95BCDC80-1A94-479B-B943-1040B2EAE550}.Debug.ActiveCfg = Debug|Win32
		{95BCDC80-1A94-479B-B943-1040B2EAE550}.Debug.Build.0 = Debug|Win32
		{95BCDC80-1A94-479B-B943-1040B2EAE550}.Release.ActiveCfg = Release|Win32
		{95BCDC80-1A94-479B-B943-1040B2EAE550}.Release.Build.0 = Release|Win32
		{83F41E2D-7592-4849-B28A-7E1359C5D0DA}.Debug.ActiveCfg = Debug|Win32
		{83F41E2D-7592-4849-B28A-7E1359C5D0DA}.Debug.Build.0 = Debug|Win32
		{83F41E2D-7592-4849-B28A-7E1359C5D0DA}.Release.ActiveCfg = Release|Win32
		{83F41E2D-7592-4849-B28A-7E1359C5D0DA}.Release.Build.0 = Release|Win32
		{7B6C6F01-7BC8-47CE-94D2-529237174CF5}.Debug.ActiveCfg = Debug|Win32
		{7B6C6F01-7BC8-47CE-94D2-529237174CF5}.Debug.Build.0 = Debug|Win32
		{7B6C6F01-7BC8-47CE-94D2-529237174CF5}.Release.ActiveCfg = Release|Win32
		{7B6C6F01-7BC8-47CE-94D2-529237174CF5}.Release.Build.0 = Release|Win32
		{28AFF262-3332-4296-BF84-B561D48451F1}.Debug.ActiveCfg = Debug|Win32
		{28AFF262-3332-4296-BF84-B561D48451F1}.Debug.Build.0 = Debug|Win32
		{28AFF262-3332-4296-BF84-B561D48451F1}.Release.ActiveCfg = Release|Win32
		{28AFF262-3332-4296-BF84-B561D48451F1}.Release.Build.0 = Release|Win32
		{0551D3E5-E978-46CD-A344-E757CBCDE5FE}.Debug.ActiveCfg = Debug|Win32
		{0551D3E5-E978-46CD-A344-E757CBCDE5FE}.Debug.Build.0 = Debug|Win32
		{0551D3E5-E978-46CD-A344-E757CBCDE5FE}.Release.ActiveCfg = Release|Win32
		{0551D3E5-E978-46CD-A344-E757CBCDE5FE}.Release.Build.0 = Release|Win32
		{31C74689-DE2E-47C4-AD20-60B1FA2257D1}.Debug.ActiveCfg = Debug|Win32
		{31C74689-DE2E-47C4-AD20-60B1FA2257D1}.Debug.Build.0 = Debug|Win32
		{31C74689-DE2E-47C4-AD20-60B1FA2257D1}.Release.ActiveCfg = Release|Win32
		{31C74689-DE2E-47C4-AD20-60B1FA2257D1}.Release.Build.0 = Release|Win32
		{F14C7947-5B59-4697-BF4D-456F3B1B35CA}.Debug.ActiveCfg = Debug|Win32
		{F14C7947-5B59-4697-BF4D-456F3B1B35CA}.Debug.Build.0 = Debug|Win32
		{F14C7947-5B59-4697-BF4D-456F3B1B35CA}.Release.ActiveCfg = Release|Win32
		{F14C7947-5B59-4697-BF4D-456F3B1B35CA}.Release.Build.0 = Release|Win32
		{509C6903-371A-4BAF-97DE-2F3C6A3D249A}.Debug.ActiveCfg = Debug|Win32
		{509C6903-371A-4BAF-97DE-2F3C6A3D249A}.Debug.Build.0 = Debug|Win32
		{509C6903-371A-4BAF-97DE-2F3C6A3D249A}.Release.ActiveCfg = Release|Win32
		{509C6903-371A-4BAF-97DE-2F3C6A3D249A}.Release.Build.0 = Release|Win32
		{716D9C10-512A-4C7D-A6C1-E6B4F8464278}.Debug.ActiveCfg = Debug|Win32
		{716D9C10-512A-4C7D-A6C1-E6B4F8464278}.Debug.Build.0 = Debug|Win32
		{716D9C10-512A-4C7D-A6C1-E6B4F8464278}.Release.ActiveCfg = Release|Win32
		{716D9C10-512A-4C7D-A6C1-E6B4F8464278}.Release.Build.0 = Release|Win32
		{97B57DC5-7FF1-4FA7-9AAD-78BCA3DDEDD2}.Debug.ActiveCfg = Debug|Win32
		{97B57DC5-7FF1-4FA7-9AAD-78BCA3DDEDD2}.Debug.Build.0 = Debug|Win32
		{97B57DC5-7FF1-4FA7-9AAD-78BCA3DDEDD2}.Release.ActiveCfg = Release|Win32
		{97B57DC5-7FF1-4FA7-9AAD-78BCA3DDEDD2}.Release.Build.0 = Release|Win32
		{72083408-00E0-4B30-B90E-8A18489230E4}.Debug.ActiveCfg = Debug|Win32
		{72083408-00E0-4B30-B90E-8A18489230E4}.Debug.Build.0 = Debug|Win32
		{72083408-00E0-4B30-B90E-8A18489230E4}.Release.ActiveCfg = Release|Win32
		{72083408-00E0-4B30-B90E-8A18489230E4}.Release.Build.0 = Release|Win32
		{D054D57E-54A2-4E0B-A33F-0EFCE9B6FBA7}.Debug.ActiveCfg = Debug|Win32
		{D054D57E-54A2-4E0B-A33F-0EFCE9B6FBA7}.Debug.Build.0 = Debug|Win32
		{D054D57E-54A2-4E0B-A33F-0EFCE9B6FBA7}.Release.ActiveCfg = Release|Win32
		{D054D57E-54A2-4E0B-A33F-0EFCE9B6FBA7}.Release.Build.0 = Release|Win32
	EndGlobalSection
	GlobalSection(ExtensibilityGlobals) = postSolution
	EndGlobalSection
	GlobalSection(ExtensibilityAddIns) = postSolution
	EndGlobalSection
EndGlobal
