Microsoft Visual Studio Solution File, Format Version 7.00
Project("{8BC9CEB8-8B4A-11D0-8D11-00A0C91BC942}") = "AAFBasicInterpolators", "ref-impl\AAFBasicInterpolators\AAFBasicInterpolators.vcproj", "{DAA5638E-B26B-4BB9-96AE-11C144CF123E}"
EndProject
Project("{8BC9CEB8-8B4A-11D0-8D11-00A0C91BC942}") = "AAFConverterLib", "Utilities\AAFConverterLib\AAFConverterLib.vcproj", "{1BEE151C-375D-4239-9F22-2CFBE531E681}"
EndProject
Project("{8BC9CEB8-8B4A-11D0-8D11-00A0C91BC942}") = "AAFIID", "ref-impl\AAFIID\AAFIID.vcproj", "{86F5F5F2-8CBF-45B5-B44E-769FA5174153}"
EndProject
Project("{8BC9CEB8-8B4A-11D0-8D11-00A0C91BC942}") = "AAFLIB", "ref-impl\aaflib\AAFLIB.vcproj", "{A2D0C4F4-1BED-48F2-8092-C0694D653713}"
EndProject
Project("{8BC9CEB8-8B4A-11D0-8D11-00A0C91BC942}") = "AAFShellExt", "..\examples2\AAFShellExt\AAFShellExt.vcproj", "{EA568F34-3FD3-4DA8-8123-5455515AC46E}"
EndProject
Project("{8BC9CEB8-8B4A-11D0-8D11-00A0C91BC942}") = "AAFStandardCodecs", "ref-impl\AAFStandardCodecs\AAFStandardCodecs.vcproj", "{3222E38E-31E5-4911-BAAE-1C85D472BDDE}"
EndProject
Project("{8BC9CEB8-8B4A-11D0-8D11-00A0C91BC942}") = "AafOmf", "Utilities\AafOmf\AafOmf.vcproj", "{F83746AC-2A82-4C98-8977-CAD6B4ADD9D1}"
EndProject
Project("{8BC9CEB8-8B4A-11D0-8D11-00A0C91BC942}") = "ComAAFInfo", "examples\com-api\ComAAFInfo\ComAAFInfo.vcproj", "{C2289C3B-6F1F-42E9-8CB1-C40E8A3ABC02}"
EndProject
Project("{8BC9CEB8-8B4A-11D0-8D11-00A0C91BC942}") = "ComClientTestAAF", "examples\com-api\ComClientTestAAF\ComClientTestAAF.vcproj", "{891CB278-756B-4D92-8281-092CB680E757}"
EndProject
Project("{8BC9CEB8-8B4A-11D0-8D11-00A0C91BC942}") = "ComCutsTestAAF", "examples\com-api\ComCutsTestAAF\ComCutsTestAAF.vcproj", "{1D890292-ED08-49C9-B017-EB0F8E2E6CBF}"
EndProject
Project("{8BC9CEB8-8B4A-11D0-8D11-00A0C91BC942}") = "ComEssenceDataTest", "examples\com-api\ComEssenceDataTest\ComEssenceDataTest.vcproj", "{C69735CA-8E32-47C4-9B41-B423C093ED14}"
EndProject
Project("{8BC9CEB8-8B4A-11D0-8D11-00A0C91BC942}") = "ComExtensionRead", "examples\com-api\ComExtension\ComExtensionRead.vcproj", "{46DAC709-31D6-417F-ACA4-3B4A3986AB37}"
EndProject
Project("{8BC9CEB8-8B4A-11D0-8D11-00A0C91BC942}") = "ComExtensionWrite", "examples\com-api\ComExtension\ComExtensionWrite.vcproj", "{399B317E-A39C-4A69-9FCB-38658A68B1C9}"
EndProject
Project("{8BC9CEB8-8B4A-11D0-8D11-00A0C91BC942}") = "ComFileKindTest", "Test\com\ComFileKindTest\ComFileKindTest.vcproj", "{EE5147AA-616F-4140-9E84-4E3481898578}"
EndProject
Project("{8BC9CEB8-8B4A-11D0-8D11-00A0C91BC942}") = "ComModTestAAF", "Test\com\ComModTestAAF\ComModTestAAF.vcproj", "{1A52CF12-B4A3-47B4-A198-A2B771B60C7D}"
EndProject
Project("{8BC9CEB8-8B4A-11D0-8D11-00A0C91BC942}") = "ComPersonnelExtension", "examples\com-api\ComPersonnelExtension\ComPersonnelExtension.vcproj", "{482842B1-E32A-4174-9796-3BB2343246E8}"
EndProject
Project("{8BC9CEB8-8B4A-11D0-8D11-00A0C91BC942}") = "ComPersonnelPluginWrite", "examples\com-api\ComPersonnelExtension\ComPersonnelPluginWrite.vcproj", "{BBAAD776-9D13-4715-A9BA-2FFC23F8331E}"
EndProject
Project("{8BC9CEB8-8B4A-11D0-8D11-00A0C91BC942}") = "ComPropDirectAccess", "examples\com-api\ComPropDirectAccess\ComPropDirectAccess.vcproj", "{80C6E7F6-8952-415C-B0A0-7AC50D0C2FE7}"
EndProject
Project("{8BC9CEB8-8B4A-11D0-8D11-00A0C91BC942}") = "ComPropDirectDump", "examples\com-api\ComPropDirectDump\ComPropDirectDump.vcproj", "{410F0F80-99A9-49EF-9238-97D8FB9AB114}"
EndProject
Project("{8BC9CEB8-8B4A-11D0-8D11-00A0C91BC942}") = "CreateSequence", "Test\com\CreateSequence\CreateSequence.vcproj", "{44CD2FE0-75F7-4051-B169-B51A2DEA7833}"
EndProject
Project("{8BC9CEB8-8B4A-11D0-8D11-00A0C91BC942}") = "Dump", "DevUtils\dump\dump.vcproj", "{C354EB16-E2ED-415A-B637-F9687B6B9E4A}"
EndProject
Project("{8BC9CEB8-8B4A-11D0-8D11-00A0C91BC942}") = "EssenceAccess", "Test\com\EssenceAccess\EssenceAccess.vcproj", "{98AAFF4D-53DB-4060-AA60-3AC490F85D72}"
EndProject
Project("{8BC9CEB8-8B4A-11D0-8D11-00A0C91BC942}") = "Everything", "Everything\Everything.vcproj", "{306EB160-58D7-4124-B7BF-3AE187C0077A}"
EndProject
Project("{8BC9CEB8-8B4A-11D0-8D11-00A0C91BC942}") = "ExportAudioExample", "examples\com-api\ExportAudioExample\ExportAudioExample.vcproj", "{CD7B8402-82D5-4F80-8265-CDDA9BE70819}"
EndProject
Project("{8BC9CEB8-8B4A-11D0-8D11-00A0C91BC942}") = "ExportSimpleComposition", "examples\com-api\ExportSimpleComposition\ExportSimpleComposition.vcproj", "{62A1572C-1DA3-41D5-A9BE-3A31D29D7863}"
EndProject
Project("{8BC9CEB8-8B4A-11D0-8D11-00A0C91BC942}") = "Impl", "ref-impl\Impl\Impl.vcproj", "{DBC6E1E8-BE88-40E9-8649-E37AEF24CF92}"
EndProject
Project("{8BC9CEB8-8B4A-11D0-8D11-00A0C91BC942}") = "ImportAudioExample", "examples\com-api\ImportAudioExample\ImportAudioExample.vcproj", "{5C59660D-B558-4F6C-B238-D935AFC8A504}"
EndProject
Project("{8BC9CEB8-8B4A-11D0-8D11-00A0C91BC942}") = "InfoDumper", "examples\com-api\InfoDumper\InfoDumper.vcproj", "{0B087ACA-DCA2-4D09-860F-E45585F23F57}"
EndProject
Project("{8BC9CEB8-8B4A-11D0-8D11-00A0C91BC942}") = "MakeSDK", "MakeSDK.vcproj", "{C4F97F40-9192-4C6A-8FBD-C38423875121}"
EndProject
Project("{8BC9CEB8-8B4A-11D0-8D11-00A0C91BC942}") = "MakeSDKExamples", "MakeSDKExamples.vcproj", "{655DB17A-7F1C-42E7-B72A-D87C4FE1EA3D}"
EndProject
Project("{8BC9CEB8-8B4A-11D0-8D11-00A0C91BC942}") = "MakeSDKExamples2", "MakeSDKExamples2.vcproj", "{145B79A3-851C-44D5-A467-02705CC0F390}"
EndProject
Project("{8BC9CEB8-8B4A-11D0-8D11-00A0C91BC942}") = "MakeSDKUtilities", "MakeSDKUtilities.vcproj", "{2E6DB83F-B802-463D-BB99-37618811AB69}"
EndProject
Project("{8BC9CEB8-8B4A-11D0-8D11-00A0C91BC942}") = "MultiGenTest", "TEST\COM\MultiGenTest\MultiGenTest.vcproj", "{2707D460-BB70-4845-B299-F40BFC0746D9}"
EndProject
Project("{8BC9CEB8-8B4A-11D0-8D11-00A0C91BC942}") = "OM", "ref-impl\OM\Om.vcproj", "{CB644CA9-B172-4620-86E7-B115BE180E83}"
EndProject
Project("{8BC9CEB8-8B4A-11D0-8D11-00A0C91BC942}") = "aaf2dot", "Utilities\aafviewer\aaf2dot\aaf2dot.vcproj", "{07F6C688-8B2A-4BC3-90B4-656F98BF1514}"
EndProject
Project("{8BC9CEB8-8B4A-11D0-8D11-00A0C91BC942}") = "aafmeta2dot", "Utilities\aafviewer\aafmeta2dot\aafmeta2dot.vcproj", "{B85694A5-4793-4FE4-A075-245A0F89FCD4}"
EndProject
Project("{8BC9CEB8-8B4A-11D0-8D11-00A0C91BC942}") = "axDump", "..\examples2\axDump\axDump.vcproj", "{E49782F6-305D-49E0-B2EA-E8FAC4DF6A05}"
EndProject
Project("{8BC9CEB8-8B4A-11D0-8D11-00A0C91BC942}") = "axExample", "..\examples2\axExample\axExample.vcproj", "{82CD3B0A-97A2-4FC3-8D85-6CE345A40CA3}"
EndProject
Project("{8BC9CEB8-8B4A-11D0-8D11-00A0C91BC942}") = "axFileGen", "..\examples2\axFileGen\axFileGen.vcproj", "{5DFA221C-F27C-434B-9150-94ACAA2D4A51}"
EndProject
Project("{8BC9CEB8-8B4A-11D0-8D11-00A0C91BC942}") = "axHrMap", "..\examples2\axHrMap\axHrMap.vcproj", "{7409D0A5-E3DB-4EAD-B840-AD50AF14C31C}"
EndProject
Project("{8BC9CEB8-8B4A-11D0-8D11-00A0C91BC942}") = "axLib", "..\examples2\axLib\axLib.vcproj", "{060F42DD-F061-40F5-B04D-12689D4E7866}"
EndProject
Project("{8BC9CEB8-8B4A-11D0-8D11-00A0C91BC942}") = "axMasterMobEx", "..\examples2\axMasterMobEx\axMasterMobEx.vcproj", "{B3BB5B74-E9A1-415B-99CF-10856087BCDF}"
EndProject
Project("{8BC9CEB8-8B4A-11D0-8D11-00A0C91BC942}") = "axPlugin", "..\examples2\axPlugin\axPlugin.vcproj", "{29B6A003-C0FB-4364-9797-E18301D5AD34}"
EndProject
Project("{8BC9CEB8-8B4A-11D0-8D11-00A0C91BC942}") = "axPluginInfo", "..\examples2\axPluginInfo\axPluginInfo.vcproj", "{FF06F110-2E26-4CFB-BEE6-6387A54D71E8}"
EndProject
Project("{8BC9CEB8-8B4A-11D0-8D11-00A0C91BC942}") = "comapi", "ref-impl\comapi\comapi.vcproj", "{711EAC0E-C71A-4607-8F75-241BCE800CAF}"
EndProject
Project("{8BC9CEB8-8B4A-11D0-8D11-00A0C91BC942}") = "eli2aaf", "Utilities\eli2aaf\eli2aaf.vcproj", "{1A05B409-848A-48E0-858C-35D3B1368EAD}"
EndProject
Project("{8BC9CEB8-8B4A-11D0-8D11-00A0C91BC942}") = "libjpeg", "ref-impl\libjpeg\libjpeg.vcproj", "{9B863176-56FF-4112-9A79-D22BB7006174}"
EndProject
Global
	GlobalSection(SolutionConfiguration) = preSolution
		ConfigName.0 = Debug
		ConfigName.1 = Release
	EndGlobalSection
	GlobalSection(ProjectDependencies) = postSolution
		{DAA5638E-B26B-4BB9-96AE-11C144CF123E}.0 = {A2D0C4F4-1BED-48F2-8092-C0694D653713}
		{DAA5638E-B26B-4BB9-96AE-11C144CF123E}.1 = {86F5F5F2-8CBF-45B5-B44E-769FA5174153}
		{1BEE151C-375D-4239-9F22-2CFBE531E681}.0 = {C4F97F40-9192-4C6A-8FBD-C38423875121}
		{EA568F34-3FD3-4DA8-8123-5455515AC46E}.0 = {060F42DD-F061-40F5-B04D-12689D4E7866}
		{3222E38E-31E5-4911-BAAE-1C85D472BDDE}.0 = {9B863176-56FF-4112-9A79-D22BB7006174}
		{3222E38E-31E5-4911-BAAE-1C85D472BDDE}.1 = {A2D0C4F4-1BED-48F2-8092-C0694D653713}
		{3222E38E-31E5-4911-BAAE-1C85D472BDDE}.2 = {86F5F5F2-8CBF-45B5-B44E-769FA5174153}
		{F83746AC-2A82-4C98-8977-CAD6B4ADD9D1}.0 = {1BEE151C-375D-4239-9F22-2CFBE531E681}
		{F83746AC-2A82-4C98-8977-CAD6B4ADD9D1}.1 = {C4F97F40-9192-4C6A-8FBD-C38423875121}
		{C2289C3B-6F1F-42E9-8CB1-C40E8A3ABC02}.0 = {C4F97F40-9192-4C6A-8FBD-C38423875121}
		{891CB278-756B-4D92-8281-092CB680E757}.0 = {C4F97F40-9192-4C6A-8FBD-C38423875121}
		{1D890292-ED08-49C9-B017-EB0F8E2E6CBF}.0 = {C4F97F40-9192-4C6A-8FBD-C38423875121}
		{C69735CA-8E32-47C4-9B41-B423C093ED14}.0 = {C4F97F40-9192-4C6A-8FBD-C38423875121}
		{46DAC709-31D6-417F-ACA4-3B4A3986AB37}.0 = {C4F97F40-9192-4C6A-8FBD-C38423875121}
		{399B317E-A39C-4A69-9FCB-38658A68B1C9}.0 = {C4F97F40-9192-4C6A-8FBD-C38423875121}
		{EE5147AA-616F-4140-9E84-4E3481898578}.0 = {C4F97F40-9192-4C6A-8FBD-C38423875121}
		{1A52CF12-B4A3-47B4-A198-A2B771B60C7D}.0 = {C4F97F40-9192-4C6A-8FBD-C38423875121}
		{482842B1-E32A-4174-9796-3BB2343246E8}.0 = {C4F97F40-9192-4C6A-8FBD-C38423875121}
		{80C6E7F6-8952-415C-B0A0-7AC50D0C2FE7}.0 = {C4F97F40-9192-4C6A-8FBD-C38423875121}
		{410F0F80-99A9-49EF-9238-97D8FB9AB114}.0 = {C4F97F40-9192-4C6A-8FBD-C38423875121}
		{44CD2FE0-75F7-4051-B169-B51A2DEA7833}.0 = {C4F97F40-9192-4C6A-8FBD-C38423875121}
		{98AAFF4D-53DB-4060-AA60-3AC490F85D72}.0 = {C4F97F40-9192-4C6A-8FBD-C38423875121}
		{306EB160-58D7-4124-B7BF-3AE187C0077A}.0 = {145B79A3-851C-44D5-A467-02705CC0F390}
		{306EB160-58D7-4124-B7BF-3AE187C0077A}.1 = {EE5147AA-616F-4140-9E84-4E3481898578}
		{306EB160-58D7-4124-B7BF-3AE187C0077A}.2 = {2E6DB83F-B802-463D-BB99-37618811AB69}
		{306EB160-58D7-4124-B7BF-3AE187C0077A}.3 = {655DB17A-7F1C-42E7-B72A-D87C4FE1EA3D}
		{306EB160-58D7-4124-B7BF-3AE187C0077A}.4 = {C4F97F40-9192-4C6A-8FBD-C38423875121}
		{306EB160-58D7-4124-B7BF-3AE187C0077A}.5 = {C354EB16-E2ED-415A-B637-F9687B6B9E4A}
		{CD7B8402-82D5-4F80-8265-CDDA9BE70819}.0 = {C4F97F40-9192-4C6A-8FBD-C38423875121}
		{62A1572C-1DA3-41D5-A9BE-3A31D29D7863}.0 = {C4F97F40-9192-4C6A-8FBD-C38423875121}
		{DBC6E1E8-BE88-40E9-8649-E37AEF24CF92}.0 = {CB644CA9-B172-4620-86E7-B115BE180E83}
		{5C59660D-B558-4F6C-B238-D935AFC8A504}.0 = {C4F97F40-9192-4C6A-8FBD-C38423875121}
		{C4F97F40-9192-4C6A-8FBD-C38423875121}.0 = {3222E38E-31E5-4911-BAAE-1C85D472BDDE}
		{C4F97F40-9192-4C6A-8FBD-C38423875121}.1 = {DAA5638E-B26B-4BB9-96AE-11C144CF123E}
		{C4F97F40-9192-4C6A-8FBD-C38423875121}.2 = {711EAC0E-C71A-4607-8F75-241BCE800CAF}
		{C4F97F40-9192-4C6A-8FBD-C38423875121}.3 = {A2D0C4F4-1BED-48F2-8092-C0694D653713}
		{C4F97F40-9192-4C6A-8FBD-C38423875121}.4 = {86F5F5F2-8CBF-45B5-B44E-769FA5174153}
		{655DB17A-7F1C-42E7-B72A-D87C4FE1EA3D}.0 = {2707D460-BB70-4845-B299-F40BFC0746D9}
		{655DB17A-7F1C-42E7-B72A-D87C4FE1EA3D}.1 = {0B087ACA-DCA2-4D09-860F-E45585F23F57}
		{655DB17A-7F1C-42E7-B72A-D87C4FE1EA3D}.2 = {5C59660D-B558-4F6C-B238-D935AFC8A504}
		{655DB17A-7F1C-42E7-B72A-D87C4FE1EA3D}.3 = {62A1572C-1DA3-41D5-A9BE-3A31D29D7863}
		{655DB17A-7F1C-42E7-B72A-D87C4FE1EA3D}.4 = {CD7B8402-82D5-4F80-8265-CDDA9BE70819}
		{655DB17A-7F1C-42E7-B72A-D87C4FE1EA3D}.5 = {BBAAD776-9D13-4715-A9BA-2FFC23F8331E}
		{655DB17A-7F1C-42E7-B72A-D87C4FE1EA3D}.6 = {482842B1-E32A-4174-9796-3BB2343246E8}
		{655DB17A-7F1C-42E7-B72A-D87C4FE1EA3D}.7 = {399B317E-A39C-4A69-9FCB-38658A68B1C9}
		{655DB17A-7F1C-42E7-B72A-D87C4FE1EA3D}.8 = {46DAC709-31D6-417F-ACA4-3B4A3986AB37}
		{655DB17A-7F1C-42E7-B72A-D87C4FE1EA3D}.9 = {80C6E7F6-8952-415C-B0A0-7AC50D0C2FE7}
		{655DB17A-7F1C-42E7-B72A-D87C4FE1EA3D}.10 = {98AAFF4D-53DB-4060-AA60-3AC490F85D72}
		{655DB17A-7F1C-42E7-B72A-D87C4FE1EA3D}.11 = {44CD2FE0-75F7-4051-B169-B51A2DEA7833}
		{655DB17A-7F1C-42E7-B72A-D87C4FE1EA3D}.12 = {1A52CF12-B4A3-47B4-A198-A2B771B60C7D}
		{655DB17A-7F1C-42E7-B72A-D87C4FE1EA3D}.13 = {410F0F80-99A9-49EF-9238-97D8FB9AB114}
		{655DB17A-7F1C-42E7-B72A-D87C4FE1EA3D}.14 = {C69735CA-8E32-47C4-9B41-B423C093ED14}
		{655DB17A-7F1C-42E7-B72A-D87C4FE1EA3D}.15 = {1D890292-ED08-49C9-B017-EB0F8E2E6CBF}
		{655DB17A-7F1C-42E7-B72A-D87C4FE1EA3D}.16 = {891CB278-756B-4D92-8281-092CB680E757}
		{655DB17A-7F1C-42E7-B72A-D87C4FE1EA3D}.17 = {C2289C3B-6F1F-42E9-8CB1-C40E8A3ABC02}
		{655DB17A-7F1C-42E7-B72A-D87C4FE1EA3D}.18 = {3222E38E-31E5-4911-BAAE-1C85D472BDDE}
		{655DB17A-7F1C-42E7-B72A-D87C4FE1EA3D}.19 = {DAA5638E-B26B-4BB9-96AE-11C144CF123E}
		{655DB17A-7F1C-42E7-B72A-D87C4FE1EA3D}.20 = {C4F97F40-9192-4C6A-8FBD-C38423875121}
		{145B79A3-851C-44D5-A467-02705CC0F390}.0 = {B85694A5-4793-4FE4-A075-245A0F89FCD4}
		{145B79A3-851C-44D5-A467-02705CC0F390}.1 = {07F6C688-8B2A-4BC3-90B4-656F98BF1514}
		{145B79A3-851C-44D5-A467-02705CC0F390}.2 = {1A05B409-848A-48E0-858C-35D3B1368EAD}
		{145B79A3-851C-44D5-A467-02705CC0F390}.3 = {FF06F110-2E26-4CFB-BEE6-6387A54D71E8}
		{145B79A3-851C-44D5-A467-02705CC0F390}.4 = {B3BB5B74-E9A1-415B-99CF-10856087BCDF}
		{145B79A3-851C-44D5-A467-02705CC0F390}.5 = {060F42DD-F061-40F5-B04D-12689D4E7866}
		{145B79A3-851C-44D5-A467-02705CC0F390}.6 = {5DFA221C-F27C-434B-9150-94ACAA2D4A51}
		{145B79A3-851C-44D5-A467-02705CC0F390}.7 = {82CD3B0A-97A2-4FC3-8D85-6CE345A40CA3}
		{145B79A3-851C-44D5-A467-02705CC0F390}.8 = {E49782F6-305D-49E0-B2EA-E8FAC4DF6A05}
		{2E6DB83F-B802-463D-BB99-37618811AB69}.0 = {F83746AC-2A82-4C98-8977-CAD6B4ADD9D1}
		{2E6DB83F-B802-463D-BB99-37618811AB69}.1 = {C4F97F40-9192-4C6A-8FBD-C38423875121}
		{2707D460-BB70-4845-B299-F40BFC0746D9}.0 = {C4F97F40-9192-4C6A-8FBD-C38423875121}
		{07F6C688-8B2A-4BC3-90B4-656F98BF1514}.0 = {060F42DD-F061-40F5-B04D-12689D4E7866}
		{B85694A5-4793-4FE4-A075-245A0F89FCD4}.0 = {060F42DD-F061-40F5-B04D-12689D4E7866}
		{E49782F6-305D-49E0-B2EA-E8FAC4DF6A05}.0 = {060F42DD-F061-40F5-B04D-12689D4E7866}
		{82CD3B0A-97A2-4FC3-8D85-6CE345A40CA3}.0 = {060F42DD-F061-40F5-B04D-12689D4E7866}
		{5DFA221C-F27C-434B-9150-94ACAA2D4A51}.0 = {060F42DD-F061-40F5-B04D-12689D4E7866}
		{7409D0A5-E3DB-4EAD-B840-AD50AF14C31C}.0 = {060F42DD-F061-40F5-B04D-12689D4E7866}
		{B3BB5B74-E9A1-415B-99CF-10856087BCDF}.0 = {060F42DD-F061-40F5-B04D-12689D4E7866}
		{29B6A003-C0FB-4364-9797-E18301D5AD34}.0 = {060F42DD-F061-40F5-B04D-12689D4E7866}
		{FF06F110-2E26-4CFB-BEE6-6387A54D71E8}.0 = {060F42DD-F061-40F5-B04D-12689D4E7866}
		{711EAC0E-C71A-4607-8F75-241BCE800CAF}.0 = {DBC6E1E8-BE88-40E9-8649-E37AEF24CF92}
		{1A05B409-848A-48E0-858C-35D3B1368EAD}.0 = {060F42DD-F061-40F5-B04D-12689D4E7866}
	EndGlobalSection
	GlobalSection(ProjectConfiguration) = postSolution
		{DAA5638E-B26B-4BB9-96AE-11C144CF123E}.Debug.ActiveCfg = Debug|Win32
		{DAA5638E-B26B-4BB9-96AE-11C144CF123E}.Debug.Build.0 = Debug|Win32
		{DAA5638E-B26B-4BB9-96AE-11C144CF123E}.Release.ActiveCfg = Release|Win32
		{DAA5638E-B26B-4BB9-96AE-11C144CF123E}.Release.Build.0 = Release|Win32
		{1BEE151C-375D-4239-9F22-2CFBE531E681}.Debug.ActiveCfg = Debug|Win32
		{1BEE151C-375D-4239-9F22-2CFBE531E681}.Debug.Build.0 = Debug|Win32
		{1BEE151C-375D-4239-9F22-2CFBE531E681}.Release.ActiveCfg = Release|Win32
		{1BEE151C-375D-4239-9F22-2CFBE531E681}.Release.Build.0 = Release|Win32
		{86F5F5F2-8CBF-45B5-B44E-769FA5174153}.Debug.ActiveCfg = Debug|Win32
		{86F5F5F2-8CBF-45B5-B44E-769FA5174153}.Debug.Build.0 = Debug|Win32
		{86F5F5F2-8CBF-45B5-B44E-769FA5174153}.Release.ActiveCfg = Release|Win32
		{86F5F5F2-8CBF-45B5-B44E-769FA5174153}.Release.Build.0 = Release|Win32
		{A2D0C4F4-1BED-48F2-8092-C0694D653713}.Debug.ActiveCfg = Debug|Win32
		{A2D0C4F4-1BED-48F2-8092-C0694D653713}.Debug.Build.0 = Debug|Win32
		{A2D0C4F4-1BED-48F2-8092-C0694D653713}.Release.ActiveCfg = Release|Win32
		{A2D0C4F4-1BED-48F2-8092-C0694D653713}.Release.Build.0 = Release|Win32
		{EA568F34-3FD3-4DA8-8123-5455515AC46E}.Debug.ActiveCfg = Debug|Win32
		{EA568F34-3FD3-4DA8-8123-5455515AC46E}.Debug.Build.0 = Debug|Win32
		{EA568F34-3FD3-4DA8-8123-5455515AC46E}.Release.ActiveCfg = Release|Win32
		{EA568F34-3FD3-4DA8-8123-5455515AC46E}.Release.Build.0 = Release|Win32
		{3222E38E-31E5-4911-BAAE-1C85D472BDDE}.Debug.ActiveCfg = Debug|Win32
		{3222E38E-31E5-4911-BAAE-1C85D472BDDE}.Debug.Build.0 = Debug|Win32
		{3222E38E-31E5-4911-BAAE-1C85D472BDDE}.Release.ActiveCfg = Release|Win32
		{3222E38E-31E5-4911-BAAE-1C85D472BDDE}.Release.Build.0 = Release|Win32
		{F83746AC-2A82-4C98-8977-CAD6B4ADD9D1}.Debug.ActiveCfg = Debug|Win32
		{F83746AC-2A82-4C98-8977-CAD6B4ADD9D1}.Debug.Build.0 = Debug|Win32
		{F83746AC-2A82-4C98-8977-CAD6B4ADD9D1}.Release.ActiveCfg = Release|Win32
		{F83746AC-2A82-4C98-8977-CAD6B4ADD9D1}.Release.Build.0 = Release|Win32
		{C2289C3B-6F1F-42E9-8CB1-C40E8A3ABC02}.Debug.ActiveCfg = Debug|Win32
		{C2289C3B-6F1F-42E9-8CB1-C40E8A3ABC02}.Debug.Build.0 = Debug|Win32
		{C2289C3B-6F1F-42E9-8CB1-C40E8A3ABC02}.Release.ActiveCfg = Release|Win32
		{C2289C3B-6F1F-42E9-8CB1-C40E8A3ABC02}.Release.Build.0 = Release|Win32
		{891CB278-756B-4D92-8281-092CB680E757}.Debug.ActiveCfg = Debug|Win32
		{891CB278-756B-4D92-8281-092CB680E757}.Debug.Build.0 = Debug|Win32
		{891CB278-756B-4D92-8281-092CB680E757}.Release.ActiveCfg = Release|Win32
		{891CB278-756B-4D92-8281-092CB680E757}.Release.Build.0 = Release|Win32
		{1D890292-ED08-49C9-B017-EB0F8E2E6CBF}.Debug.ActiveCfg = Debug|Win32
		{1D890292-ED08-49C9-B017-EB0F8E2E6CBF}.Debug.Build.0 = Debug|Win32
		{1D890292-ED08-49C9-B017-EB0F8E2E6CBF}.Release.ActiveCfg = Release|Win32
		{1D890292-ED08-49C9-B017-EB0F8E2E6CBF}.Release.Build.0 = Release|Win32
		{C69735CA-8E32-47C4-9B41-B423C093ED14}.Debug.ActiveCfg = Debug|Win32
		{C69735CA-8E32-47C4-9B41-B423C093ED14}.Debug.Build.0 = Debug|Win32
		{C69735CA-8E32-47C4-9B41-B423C093ED14}.Release.ActiveCfg = Release|Win32
		{C69735CA-8E32-47C4-9B41-B423C093ED14}.Release.Build.0 = Release|Win32
		{46DAC709-31D6-417F-ACA4-3B4A3986AB37}.Debug.ActiveCfg = Debug|Win32
		{46DAC709-31D6-417F-ACA4-3B4A3986AB37}.Debug.Build.0 = Debug|Win32
		{46DAC709-31D6-417F-ACA4-3B4A3986AB37}.Release.ActiveCfg = Release|Win32
		{46DAC709-31D6-417F-ACA4-3B4A3986AB37}.Release.Build.0 = Release|Win32
		{399B317E-A39C-4A69-9FCB-38658A68B1C9}.Debug.ActiveCfg = Debug|Win32
		{399B317E-A39C-4A69-9FCB-38658A68B1C9}.Debug.Build.0 = Debug|Win32
		{399B317E-A39C-4A69-9FCB-38658A68B1C9}.Release.ActiveCfg = Release|Win32
		{399B317E-A39C-4A69-9FCB-38658A68B1C9}.Release.Build.0 = Release|Win32
		{EE5147AA-616F-4140-9E84-4E3481898578}.Debug.ActiveCfg = Debug|Win32
		{EE5147AA-616F-4140-9E84-4E3481898578}.Debug.Build.0 = Debug|Win32
		{EE5147AA-616F-4140-9E84-4E3481898578}.Release.ActiveCfg = Release|Win32
		{EE5147AA-616F-4140-9E84-4E3481898578}.Release.Build.0 = Release|Win32
		{1A52CF12-B4A3-47B4-A198-A2B771B60C7D}.Debug.ActiveCfg = Debug|Win32
		{1A52CF12-B4A3-47B4-A198-A2B771B60C7D}.Debug.Build.0 = Debug|Win32
		{1A52CF12-B4A3-47B4-A198-A2B771B60C7D}.Release.ActiveCfg = Release|Win32
		{1A52CF12-B4A3-47B4-A198-A2B771B60C7D}.Release.Build.0 = Release|Win32
		{482842B1-E32A-4174-9796-3BB2343246E8}.Debug.ActiveCfg = Debug|Win32
		{482842B1-E32A-4174-9796-3BB2343246E8}.Debug.Build.0 = Debug|Win32
		{482842B1-E32A-4174-9796-3BB2343246E8}.Release.ActiveCfg = Release|Win32
		{482842B1-E32A-4174-9796-3BB2343246E8}.Release.Build.0 = Release|Win32
		{BBAAD776-9D13-4715-A9BA-2FFC23F8331E}.Debug.ActiveCfg = Debug|Win32
		{BBAAD776-9D13-4715-A9BA-2FFC23F8331E}.Debug.Build.0 = Debug|Win32
		{BBAAD776-9D13-4715-A9BA-2FFC23F8331E}.Release.ActiveCfg = Release|Win32
		{BBAAD776-9D13-4715-A9BA-2FFC23F8331E}.Release.Build.0 = Release|Win32
		{80C6E7F6-8952-415C-B0A0-7AC50D0C2FE7}.Debug.ActiveCfg = Debug|Win32
		{80C6E7F6-8952-415C-B0A0-7AC50D0C2FE7}.Debug.Build.0 = Debug|Win32
		{80C6E7F6-8952-415C-B0A0-7AC50D0C2FE7}.Release.ActiveCfg = Release|Win32
		{80C6E7F6-8952-415C-B0A0-7AC50D0C2FE7}.Release.Build.0 = Release|Win32
		{410F0F80-99A9-49EF-9238-97D8FB9AB114}.Debug.ActiveCfg = Debug|Win32
		{410F0F80-99A9-49EF-9238-97D8FB9AB114}.Debug.Build.0 = Debug|Win32
		{410F0F80-99A9-49EF-9238-97D8FB9AB114}.Release.ActiveCfg = Release|Win32
		{410F0F80-99A9-49EF-9238-97D8FB9AB114}.Release.Build.0 = Release|Win32
		{44CD2FE0-75F7-4051-B169-B51A2DEA7833}.Debug.ActiveCfg = Debug|Win32
		{44CD2FE0-75F7-4051-B169-B51A2DEA7833}.Debug.Build.0 = Debug|Win32
		{44CD2FE0-75F7-4051-B169-B51A2DEA7833}.Release.ActiveCfg = Release|Win32
		{44CD2FE0-75F7-4051-B169-B51A2DEA7833}.Release.Build.0 = Release|Win32
		{C354EB16-E2ED-415A-B637-F9687B6B9E4A}.Debug.ActiveCfg = Debug|Win32
		{C354EB16-E2ED-415A-B637-F9687B6B9E4A}.Debug.Build.0 = Debug|Win32
		{C354EB16-E2ED-415A-B637-F9687B6B9E4A}.Release.ActiveCfg = Release|Win32
		{C354EB16-E2ED-415A-B637-F9687B6B9E4A}.Release.Build.0 = Release|Win32
		{98AAFF4D-53DB-4060-AA60-3AC490F85D72}.Debug.ActiveCfg = Debug|Win32
		{98AAFF4D-53DB-4060-AA60-3AC490F85D72}.Debug.Build.0 = Debug|Win32
		{98AAFF4D-53DB-4060-AA60-3AC490F85D72}.Release.ActiveCfg = Release|Win32
		{98AAFF4D-53DB-4060-AA60-3AC490F85D72}.Release.Build.0 = Release|Win32
		{306EB160-58D7-4124-B7BF-3AE187C0077A}.Debug.ActiveCfg = Debug|Win32
		{306EB160-58D7-4124-B7BF-3AE187C0077A}.Debug.Build.0 = Debug|Win32
		{306EB160-58D7-4124-B7BF-3AE187C0077A}.Release.ActiveCfg = Release|Win32
		{306EB160-58D7-4124-B7BF-3AE187C0077A}.Release.Build.0 = Release|Win32
		{CD7B8402-82D5-4F80-8265-CDDA9BE70819}.Debug.ActiveCfg = Debug|Win32
		{CD7B8402-82D5-4F80-8265-CDDA9BE70819}.Debug.Build.0 = Debug|Win32
		{CD7B8402-82D5-4F80-8265-CDDA9BE70819}.Release.ActiveCfg = Release|Win32
		{CD7B8402-82D5-4F80-8265-CDDA9BE70819}.Release.Build.0 = Release|Win32
		{62A1572C-1DA3-41D5-A9BE-3A31D29D7863}.Debug.ActiveCfg = Debug|Win32
		{62A1572C-1DA3-41D5-A9BE-3A31D29D7863}.Debug.Build.0 = Debug|Win32
		{62A1572C-1DA3-41D5-A9BE-3A31D29D7863}.Release.ActiveCfg = Release|Win32
		{62A1572C-1DA3-41D5-A9BE-3A31D29D7863}.Release.Build.0 = Release|Win32
		{DBC6E1E8-BE88-40E9-8649-E37AEF24CF92}.Debug.ActiveCfg = Debug|Win32
		{DBC6E1E8-BE88-40E9-8649-E37AEF24CF92}.Debug.Build.0 = Debug|Win32
		{DBC6E1E8-BE88-40E9-8649-E37AEF24CF92}.Release.ActiveCfg = Release|Win32
		{DBC6E1E8-BE88-40E9-8649-E37AEF24CF92}.Release.Build.0 = Release|Win32
		{5C59660D-B558-4F6C-B238-D935AFC8A504}.Debug.ActiveCfg = Debug|Win32
		{5C59660D-B558-4F6C-B238-D935AFC8A504}.Debug.Build.0 = Debug|Win32
		{5C59660D-B558-4F6C-B238-D935AFC8A504}.Release.ActiveCfg = Release|Win32
		{5C59660D-B558-4F6C-B238-D935AFC8A504}.Release.Build.0 = Release|Win32
		{0B087ACA-DCA2-4D09-860F-E45585F23F57}.Debug.ActiveCfg = Debug|Win32
		{0B087ACA-DCA2-4D09-860F-E45585F23F57}.Debug.Build.0 = Debug|Win32
		{0B087ACA-DCA2-4D09-860F-E45585F23F57}.Release.ActiveCfg = Release|Win32
		{0B087ACA-DCA2-4D09-860F-E45585F23F57}.Release.Build.0 = Release|Win32
		{C4F97F40-9192-4C6A-8FBD-C38423875121}.Debug.ActiveCfg = Debug|Win32
		{C4F97F40-9192-4C6A-8FBD-C38423875121}.Debug.Build.0 = Debug|Win32
		{C4F97F40-9192-4C6A-8FBD-C38423875121}.Release.ActiveCfg = Release|Win32
		{C4F97F40-9192-4C6A-8FBD-C38423875121}.Release.Build.0 = Release|Win32
		{655DB17A-7F1C-42E7-B72A-D87C4FE1EA3D}.Debug.ActiveCfg = Debug|Win32
		{655DB17A-7F1C-42E7-B72A-D87C4FE1EA3D}.Debug.Build.0 = Debug|Win32
		{655DB17A-7F1C-42E7-B72A-D87C4FE1EA3D}.Release.ActiveCfg = Release|Win32
		{655DB17A-7F1C-42E7-B72A-D87C4FE1EA3D}.Release.Build.0 = Release|Win32
		{145B79A3-851C-44D5-A467-02705CC0F390}.Debug.ActiveCfg = Debug|Win32
		{145B79A3-851C-44D5-A467-02705CC0F390}.Debug.Build.0 = Debug|Win32
		{145B79A3-851C-44D5-A467-02705CC0F390}.Release.ActiveCfg = Release|Win32
		{145B79A3-851C-44D5-A467-02705CC0F390}.Release.Build.0 = Release|Win32
		{2E6DB83F-B802-463D-BB99-37618811AB69}.Debug.ActiveCfg = Debug|Win32
		{2E6DB83F-B802-463D-BB99-37618811AB69}.Debug.Build.0 = Debug|Win32
		{2E6DB83F-B802-463D-BB99-37618811AB69}.Release.ActiveCfg = Release|Win32
		{2E6DB83F-B802-463D-BB99-37618811AB69}.Release.Build.0 = Release|Win32
		{2707D460-BB70-4845-B299-F40BFC0746D9}.Debug.ActiveCfg = Debug|Win32
		{2707D460-BB70-4845-B299-F40BFC0746D9}.Debug.Build.0 = Debug|Win32
		{2707D460-BB70-4845-B299-F40BFC0746D9}.Release.ActiveCfg = Release|Win32
		{2707D460-BB70-4845-B299-F40BFC0746D9}.Release.Build.0 = Release|Win32
		{CB644CA9-B172-4620-86E7-B115BE180E83}.Debug.ActiveCfg = Debug|Win32
		{CB644CA9-B172-4620-86E7-B115BE180E83}.Debug.Build.0 = Debug|Win32
		{CB644CA9-B172-4620-86E7-B115BE180E83}.Release.ActiveCfg = Release|Win32
		{CB644CA9-B172-4620-86E7-B115BE180E83}.Release.Build.0 = Release|Win32
		{07F6C688-8B2A-4BC3-90B4-656F98BF1514}.Debug.ActiveCfg = Debug|Win32
		{07F6C688-8B2A-4BC3-90B4-656F98BF1514}.Debug.Build.0 = Debug|Win32
		{07F6C688-8B2A-4BC3-90B4-656F98BF1514}.Release.ActiveCfg = Release|Win32
		{07F6C688-8B2A-4BC3-90B4-656F98BF1514}.Release.Build.0 = Release|Win32
		{B85694A5-4793-4FE4-A075-245A0F89FCD4}.Debug.ActiveCfg = Debug|Win32
		{B85694A5-4793-4FE4-A075-245A0F89FCD4}.Debug.Build.0 = Debug|Win32
		{B85694A5-4793-4FE4-A075-245A0F89FCD4}.Release.ActiveCfg = Release|Win32
		{B85694A5-4793-4FE4-A075-245A0F89FCD4}.Release.Build.0 = Release|Win32
		{E49782F6-305D-49E0-B2EA-E8FAC4DF6A05}.Debug.ActiveCfg = Debug|Win32
		{E49782F6-305D-49E0-B2EA-E8FAC4DF6A05}.Debug.Build.0 = Debug|Win32
		{E49782F6-305D-49E0-B2EA-E8FAC4DF6A05}.Release.ActiveCfg = Release|Win32
		{E49782F6-305D-49E0-B2EA-E8FAC4DF6A05}.Release.Build.0 = Release|Win32
		{82CD3B0A-97A2-4FC3-8D85-6CE345A40CA3}.Debug.ActiveCfg = Debug|Win32
		{82CD3B0A-97A2-4FC3-8D85-6CE345A40CA3}.Debug.Build.0 = Debug|Win32
		{82CD3B0A-97A2-4FC3-8D85-6CE345A40CA3}.Release.ActiveCfg = Release|Win32
		{82CD3B0A-97A2-4FC3-8D85-6CE345A40CA3}.Release.Build.0 = Release|Win32
		{5DFA221C-F27C-434B-9150-94ACAA2D4A51}.Debug.ActiveCfg = Debug|Win32
		{5DFA221C-F27C-434B-9150-94ACAA2D4A51}.Debug.Build.0 = Debug|Win32
		{5DFA221C-F27C-434B-9150-94ACAA2D4A51}.Release.ActiveCfg = Release|Win32
		{5DFA221C-F27C-434B-9150-94ACAA2D4A51}.Release.Build.0 = Release|Win32
		{7409D0A5-E3DB-4EAD-B840-AD50AF14C31C}.Debug.ActiveCfg = Debug|Win32
		{7409D0A5-E3DB-4EAD-B840-AD50AF14C31C}.Debug.Build.0 = Debug|Win32
		{7409D0A5-E3DB-4EAD-B840-AD50AF14C31C}.Release.ActiveCfg = Release|Win32
		{7409D0A5-E3DB-4EAD-B840-AD50AF14C31C}.Release.Build.0 = Release|Win32
		{060F42DD-F061-40F5-B04D-12689D4E7866}.Debug.ActiveCfg = Debug|Win32
		{060F42DD-F061-40F5-B04D-12689D4E7866}.Debug.Build.0 = Debug|Win32
		{060F42DD-F061-40F5-B04D-12689D4E7866}.Release.ActiveCfg = Release|Win32
		{060F42DD-F061-40F5-B04D-12689D4E7866}.Release.Build.0 = Release|Win32
		{B3BB5B74-E9A1-415B-99CF-10856087BCDF}.Debug.ActiveCfg = Debug|Win32
		{B3BB5B74-E9A1-415B-99CF-10856087BCDF}.Debug.Build.0 = Debug|Win32
		{B3BB5B74-E9A1-415B-99CF-10856087BCDF}.Release.ActiveCfg = Release|Win32
		{B3BB5B74-E9A1-415B-99CF-10856087BCDF}.Release.Build.0 = Release|Win32
		{29B6A003-C0FB-4364-9797-E18301D5AD34}.Debug.ActiveCfg = Debug|Win32
		{29B6A003-C0FB-4364-9797-E18301D5AD34}.Debug.Build.0 = Debug|Win32
		{29B6A003-C0FB-4364-9797-E18301D5AD34}.Release.ActiveCfg = Release|Win32
		{29B6A003-C0FB-4364-9797-E18301D5AD34}.Release.Build.0 = Release|Win32
		{FF06F110-2E26-4CFB-BEE6-6387A54D71E8}.Debug.ActiveCfg = Debug|Win32
		{FF06F110-2E26-4CFB-BEE6-6387A54D71E8}.Debug.Build.0 = Debug|Win32
		{FF06F110-2E26-4CFB-BEE6-6387A54D71E8}.Release.ActiveCfg = Release|Win32
		{FF06F110-2E26-4CFB-BEE6-6387A54D71E8}.Release.Build.0 = Release|Win32
		{711EAC0E-C71A-4607-8F75-241BCE800CAF}.Debug.ActiveCfg = Debug|Win32
		{711EAC0E-C71A-4607-8F75-241BCE800CAF}.Debug.Build.0 = Debug|Win32
		{711EAC0E-C71A-4607-8F75-241BCE800CAF}.Release.ActiveCfg = Release|Win32
		{711EAC0E-C71A-4607-8F75-241BCE800CAF}.Release.Build.0 = Release|Win32
		{1A05B409-848A-48E0-858C-35D3B1368EAD}.Debug.ActiveCfg = Debug|Win32
		{1A05B409-848A-48E0-858C-35D3B1368EAD}.Debug.Build.0 = Debug|Win32
		{1A05B409-848A-48E0-858C-35D3B1368EAD}.Release.ActiveCfg = Release|Win32
		{1A05B409-848A-48E0-858C-35D3B1368EAD}.Release.Build.0 = Release|Win32
		{9B863176-56FF-4112-9A79-D22BB7006174}.Debug.ActiveCfg = Debug|Win32
		{9B863176-56FF-4112-9A79-D22BB7006174}.Debug.Build.0 = Debug|Win32
		{9B863176-56FF-4112-9A79-D22BB7006174}.Release.ActiveCfg = Release|Win32
		{9B863176-56FF-4112-9A79-D22BB7006174}.Release.Build.0 = Release|Win32
	EndGlobalSection
	GlobalSection(ExtensibilityGlobals) = postSolution
	EndGlobalSection
	GlobalSection(ExtensibilityAddIns) = postSolution
	EndGlobalSection
EndGlobal
