Microsoft Visual Studio Solution File, Format Version 10.00
# Visual Studio 2008
Project("{8BC9CEB8-8B4A-11D0-8D11-00A0C91BC942}") = "AAFAnalyzerBase", "AAFAnalyzerBase\AAFAnalyzerBase.vcproj", "{9DD45964-642A-4D06-8263-674A87C5917C}"
EndProject
Project("{8BC9CEB8-8B4A-11D0-8D11-00A0C91BC942}") = "TestPhaseLib", "TestPhaseLib\TestPhaseLib.vcproj", "{8BB4CB71-479F-41C6-9117-27EB2D4AFC15}"
EndProject
Project("{8BC9CEB8-8B4A-11D0-8D11-00A0C91BC942}") = "BaseTestImpl", "BaseTestImpl\BaseTestImpl.vcproj", "{9477CAB1-75B0-4110-A7D6-0D1BD3EA81E0}"
EndProject
Project("{8BC9CEB8-8B4A-11D0-8D11-00A0C91BC942}") = "EditProtocolTestImpl", "EditProtocolTestImpl\EditProtocolTestImpl.vcproj", "{DEEB28F0-92D4-494F-A2CD-06E48B93C67F}"
EndProject
Project("{8BC9CEB8-8B4A-11D0-8D11-00A0C91BC942}") = "AAFAnalyzerMain", "AAFAnalyzerMain\AAFAnalyzerMain.vcproj", "{BF106A3E-C282-476C-8014-D7575C66E8CD}"
	ProjectSection(ProjectDependencies) = postProject
		{1588F931-90D7-4B3D-810D-9B068268E628} = {1588F931-90D7-4B3D-810D-9B068268E628}
		{9DD45964-642A-4D06-8263-674A87C5917C} = {9DD45964-642A-4D06-8263-674A87C5917C}
		{8BB4CB71-479F-41C6-9117-27EB2D4AFC15} = {8BB4CB71-479F-41C6-9117-27EB2D4AFC15}
		{93E1E1A6-07D1-4EDD-9E0D-3E96C30523DD} = {93E1E1A6-07D1-4EDD-9E0D-3E96C30523DD}
		{9477CAB1-75B0-4110-A7D6-0D1BD3EA81E0} = {9477CAB1-75B0-4110-A7D6-0D1BD3EA81E0}
		{A422F5E0-5C85-458A-BDCD-8975C1CF5367} = {A422F5E0-5C85-458A-BDCD-8975C1CF5367}
		{DEEB28F0-92D4-494F-A2CD-06E48B93C67F} = {DEEB28F0-92D4-494F-A2CD-06E48B93C67F}
	EndProjectSection
EndProject
Project("{8BC9CEB8-8B4A-11D0-8D11-00A0C91BC942}") = "AnalyzerBase", "AnalyzerBase\AnalyzerBase.vcproj", "{A422F5E0-5C85-458A-BDCD-8975C1CF5367}"
EndProject
Project("{8BC9CEB8-8B4A-11D0-8D11-00A0C91BC942}") = "RequirementLib", "RequirementLib\RequirementLib.vcproj", "{1588F931-90D7-4B3D-810D-9B068268E628}"
EndProject
Project("{8BC9CEB8-8B4A-11D0-8D11-00A0C91BC942}") = "EPAnalyzerBase", "EPAnalyzerBase\EPAnalyzerBase.vcproj", "{93E1E1A6-07D1-4EDD-9E0D-3E96C30523DD}"
EndProject
Project("{8BC9CEB8-8B4A-11D0-8D11-00A0C91BC942}") = "RegressionTestFiles", "RegressionTestFiles\RegressionTestFiles.vcproj", "{F7FA487F-32BC-4DD2-B22C-70760C857090}"
EndProject
Project("{8BC9CEB8-8B4A-11D0-8D11-00A0C91BC942}") = "RegressionTestStructure", "RegressionTestStructure\RegressionTestStructure.vcproj", "{280BFDCC-DE41-4169-B2BB-1FBFBCA2281F}"
	ProjectSection(ProjectDependencies) = postProject
		{1588F931-90D7-4B3D-810D-9B068268E628} = {1588F931-90D7-4B3D-810D-9B068268E628}
		{9DD45964-642A-4D06-8263-674A87C5917C} = {9DD45964-642A-4D06-8263-674A87C5917C}
		{8BB4CB71-479F-41C6-9117-27EB2D4AFC15} = {8BB4CB71-479F-41C6-9117-27EB2D4AFC15}
		{9477CAB1-75B0-4110-A7D6-0D1BD3EA81E0} = {9477CAB1-75B0-4110-A7D6-0D1BD3EA81E0}
		{A422F5E0-5C85-458A-BDCD-8975C1CF5367} = {A422F5E0-5C85-458A-BDCD-8975C1CF5367}
	EndProjectSection
EndProject
Global
	GlobalSection(SolutionConfigurationPlatforms) = preSolution
		Debug|Win32 = Debug|Win32
		Release|Win32 = Release|Win32
	EndGlobalSection
	GlobalSection(ProjectConfigurationPlatforms) = postSolution
		{9DD45964-642A-4D06-8263-674A87C5917C}.Debug|Win32.ActiveCfg = Debug|Win32
		{9DD45964-642A-4D06-8263-674A87C5917C}.Debug|Win32.Build.0 = Debug|Win32
		{9DD45964-642A-4D06-8263-674A87C5917C}.Release|Win32.ActiveCfg = Release|Win32
		{9DD45964-642A-4D06-8263-674A87C5917C}.Release|Win32.Build.0 = Release|Win32
		{8BB4CB71-479F-41C6-9117-27EB2D4AFC15}.Debug|Win32.ActiveCfg = Debug|Win32
		{8BB4CB71-479F-41C6-9117-27EB2D4AFC15}.Debug|Win32.Build.0 = Debug|Win32
		{8BB4CB71-479F-41C6-9117-27EB2D4AFC15}.Release|Win32.ActiveCfg = Release|Win32
		{8BB4CB71-479F-41C6-9117-27EB2D4AFC15}.Release|Win32.Build.0 = Release|Win32
		{9477CAB1-75B0-4110-A7D6-0D1BD3EA81E0}.Debug|Win32.ActiveCfg = Debug|Win32
		{9477CAB1-75B0-4110-A7D6-0D1BD3EA81E0}.Debug|Win32.Build.0 = Debug|Win32
		{9477CAB1-75B0-4110-A7D6-0D1BD3EA81E0}.Release|Win32.ActiveCfg = Release|Win32
		{9477CAB1-75B0-4110-A7D6-0D1BD3EA81E0}.Release|Win32.Build.0 = Release|Win32
		{DEEB28F0-92D4-494F-A2CD-06E48B93C67F}.Debug|Win32.ActiveCfg = Debug|Win32
		{DEEB28F0-92D4-494F-A2CD-06E48B93C67F}.Debug|Win32.Build.0 = Debug|Win32
		{DEEB28F0-92D4-494F-A2CD-06E48B93C67F}.Release|Win32.ActiveCfg = Release|Win32
		{DEEB28F0-92D4-494F-A2CD-06E48B93C67F}.Release|Win32.Build.0 = Release|Win32
		{BF106A3E-C282-476C-8014-D7575C66E8CD}.Debug|Win32.ActiveCfg = Debug|Win32
		{BF106A3E-C282-476C-8014-D7575C66E8CD}.Debug|Win32.Build.0 = Debug|Win32
		{BF106A3E-C282-476C-8014-D7575C66E8CD}.Release|Win32.ActiveCfg = Release|Win32
		{BF106A3E-C282-476C-8014-D7575C66E8CD}.Release|Win32.Build.0 = Release|Win32
		{A422F5E0-5C85-458A-BDCD-8975C1CF5367}.Debug|Win32.ActiveCfg = Debug|Win32
		{A422F5E0-5C85-458A-BDCD-8975C1CF5367}.Debug|Win32.Build.0 = Debug|Win32
		{A422F5E0-5C85-458A-BDCD-8975C1CF5367}.Release|Win32.ActiveCfg = Release|Win32
		{A422F5E0-5C85-458A-BDCD-8975C1CF5367}.Release|Win32.Build.0 = Release|Win32
		{1588F931-90D7-4B3D-810D-9B068268E628}.Debug|Win32.ActiveCfg = Debug|Win32
		{1588F931-90D7-4B3D-810D-9B068268E628}.Debug|Win32.Build.0 = Debug|Win32
		{1588F931-90D7-4B3D-810D-9B068268E628}.Release|Win32.ActiveCfg = Release|Win32
		{1588F931-90D7-4B3D-810D-9B068268E628}.Release|Win32.Build.0 = Release|Win32
		{93E1E1A6-07D1-4EDD-9E0D-3E96C30523DD}.Debug|Win32.ActiveCfg = Debug|Win32
		{93E1E1A6-07D1-4EDD-9E0D-3E96C30523DD}.Debug|Win32.Build.0 = Debug|Win32
		{93E1E1A6-07D1-4EDD-9E0D-3E96C30523DD}.Release|Win32.ActiveCfg = Release|Win32
		{93E1E1A6-07D1-4EDD-9E0D-3E96C30523DD}.Release|Win32.Build.0 = Release|Win32
		{F7FA487F-32BC-4DD2-B22C-70760C857090}.Debug|Win32.ActiveCfg = Debug|Win32
		{F7FA487F-32BC-4DD2-B22C-70760C857090}.Debug|Win32.Build.0 = Debug|Win32
		{F7FA487F-32BC-4DD2-B22C-70760C857090}.Release|Win32.ActiveCfg = Release|Win32
		{F7FA487F-32BC-4DD2-B22C-70760C857090}.Release|Win32.Build.0 = Release|Win32
		{280BFDCC-DE41-4169-B2BB-1FBFBCA2281F}.Debug|Win32.ActiveCfg = Debug|Win32
		{280BFDCC-DE41-4169-B2BB-1FBFBCA2281F}.Debug|Win32.Build.0 = Debug|Win32
		{280BFDCC-DE41-4169-B2BB-1FBFBCA2281F}.Release|Win32.ActiveCfg = Release|Win32
		{280BFDCC-DE41-4169-B2BB-1FBFBCA2281F}.Release|Win32.Build.0 = Release|Win32
	EndGlobalSection
	GlobalSection(SolutionProperties) = preSolution
		HideSolutionNode = FALSE
	EndGlobalSection
EndGlobal
